{
  "version": 4,
  "terraform_version": "1.6.5",
  "serial": 1696,
  "lineage": "f9aa58d2-86b5-7c68-f014-d19a3987ec7b",
  "outputs": {
    "endpoint": {
      "value": "aws-first-cloud-journey-69.s3-website-us-east-1.amazonaws.com",
      "type": "string"
    }
  },
  "resources": [
    {
      "module": "module.static_website",
      "mode": "data",
      "type": "aws_iam_policy_document",
      "name": "allow_public_access",
      "provider": "provider[\"registry.terraform.io/hashicorp/aws\"]",
      "instances": [
        {
          "schema_version": 0,
          "attributes": {
            "id": "902767051",
            "json": "{\n  \"Version\": \"2012-10-17\",\n  \"Statement\": [\n    {\n      \"Sid\": \"\",\n      \"Effect\": \"Allow\",\n      \"Action\": \"s3:GetObject\",\n      \"Resource\": \"arn:aws:s3:::aws-first-cloud-journey-69/*\",\n      \"Principal\": \"*\"\n    }\n  ]\n}",
            "override_json": null,
            "override_policy_documents": null,
            "policy_id": null,
            "source_json": null,
            "source_policy_documents": null,
            "statement": [
              {
                "actions": [
                  "s3:GetObject"
                ],
                "condition": [],
                "effect": "Allow",
                "not_actions": [],
                "not_principals": [],
                "not_resources": [],
                "principals": [
                  {
                    "identifiers": [
                      "*"
                    ],
                    "type": "*"
                  }
                ],
                "resources": [
                  "arn:aws:s3:::aws-first-cloud-journey-69/*"
                ],
                "sid": ""
              }
            ],
            "version": "2012-10-17"
          },
          "sensitive_attributes": []
        }
      ]
    },
    {
      "module": "module.static_website",
      "mode": "managed",
      "type": "aws_s3_bucket",
      "name": "this",
      "provider": "provider[\"registry.terraform.io/hashicorp/aws\"]",
      "instances": [
        {
          "schema_version": 0,
          "attributes": {
            "acceleration_status": "",
            "acl": null,
            "arn": "arn:aws:s3:::aws-first-cloud-journey-69",
            "bucket": "aws-first-cloud-journey-69",
            "bucket_domain_name": "aws-first-cloud-journey-69.s3.amazonaws.com",
            "bucket_prefix": "",
            "bucket_regional_domain_name": "aws-first-cloud-journey-69.s3.amazonaws.com",
            "cors_rule": [],
            "force_destroy": false,
            "grant": [
              {
                "id": "57808775700d345d93365e412584f9fef6f8fcd85d1b776b6dd65d1c506d6f20",
                "permissions": [
                  "FULL_CONTROL"
                ],
                "type": "CanonicalUser",
                "uri": ""
              }
            ],
            "hosted_zone_id": "Z3AQBSTGFYJSTF",
            "id": "aws-first-cloud-journey-69",
            "lifecycle_rule": [],
            "logging": [],
            "object_lock_configuration": [],
            "object_lock_enabled": false,
            "policy": "",
            "region": "us-east-1",
            "replication_configuration": [],
            "request_payer": "BucketOwner",
            "server_side_encryption_configuration": [
              {
                "rule": [
                  {
                    "apply_server_side_encryption_by_default": [
                      {
                        "kms_master_key_id": "",
                        "sse_algorithm": "AES256"
                      }
                    ],
                    "bucket_key_enabled": false
                  }
                ]
              }
            ],
            "tags": null,
            "tags_all": {},
            "timeouts": null,
            "versioning": [
              {
                "enabled": false,
                "mfa_delete": false
              }
            ],
            "website": [],
            "website_domain": null,
            "website_endpoint": null
          },
          "sensitive_attributes": [],
          "private": "eyJlMmJmYjczMC1lY2FhLTExZTYtOGY4OC0zNDM2M2JjN2M0YzAiOnsiY3JlYXRlIjoxMjAwMDAwMDAwMDAwLCJkZWxldGUiOjM2MDAwMDAwMDAwMDAsInJlYWQiOjEyMDAwMDAwMDAwMDAsInVwZGF0ZSI6MTIwMDAwMDAwMDAwMH19"
        }
      ]
    },
    {
      "module": "module.static_website",
      "mode": "managed",
      "type": "aws_s3_bucket_policy",
      "name": "allow_public_access",
      "provider": "provider[\"registry.terraform.io/hashicorp/aws\"]",
      "instances": [
        {
          "schema_version": 0,
          "attributes": {
            "bucket": "aws-first-cloud-journey-69",
            "id": "aws-first-cloud-journey-69",
            "policy": "{\"Statement\":[{\"Action\":\"s3:GetObject\",\"Effect\":\"Allow\",\"Principal\":\"*\",\"Resource\":\"arn:aws:s3:::aws-first-cloud-journey-69/*\",\"Sid\":\"\"}],\"Version\":\"2012-10-17\"}"
          },
          "sensitive_attributes": [],
          "private": "bnVsbA==",
          "dependencies": [
            "module.static_website.aws_s3_bucket.this",
            "module.static_website.data.aws_iam_policy_document.allow_public_access"
          ]
        }
      ]
    },
    {
      "module": "module.static_website",
      "mode": "managed",
      "type": "aws_s3_bucket_public_access_block",
      "name": "this",
      "provider": "provider[\"registry.terraform.io/hashicorp/aws\"]",
      "instances": [
        {
          "schema_version": 0,
          "attributes": {
            "block_public_acls": false,
            "block_public_policy": false,
            "bucket": "aws-first-cloud-journey-69",
            "id": "aws-first-cloud-journey-69",
            "ignore_public_acls": false,
            "restrict_public_buckets": false
          },
          "sensitive_attributes": [],
          "private": "bnVsbA==",
          "dependencies": [
            "module.static_website.aws_s3_bucket.this"
          ]
        }
      ]
    },
    {
      "module": "module.static_website",
      "mode": "managed",
      "type": "aws_s3_bucket_website_configuration",
      "name": "this",
      "provider": "provider[\"registry.terraform.io/hashicorp/aws\"]",
      "instances": [
        {
          "schema_version": 0,
          "attributes": {
            "bucket": "aws-first-cloud-journey-69",
            "error_document": [],
            "expected_bucket_owner": "",
            "id": "aws-first-cloud-journey-69",
            "index_document": [
              {
                "suffix": "index.html"
              }
            ],
            "redirect_all_requests_to": [],
            "routing_rule": [],
            "routing_rules": "",
            "website_domain": "s3-website-us-east-1.amazonaws.com",
            "website_endpoint": "aws-first-cloud-journey-69.s3-website-us-east-1.amazonaws.com"
          },
          "sensitive_attributes": [],
          "private": "bnVsbA==",
          "dependencies": [
            "module.static_website.aws_s3_bucket.this"
          ]
        }
      ]
    },
    {
      "module": "module.static_website",
      "mode": "managed",
      "type": "aws_s3_object",
      "name": "this",
      "provider": "provider[\"registry.terraform.io/hashicorp/aws\"]",
      "instances": [
        {
          "index_key": ".DS_Store",
          "schema_version": 0,
          "attributes": {
            "acl": "private",
            "bucket": "aws-first-cloud-journey-69",
            "bucket_key_enabled": false,
            "cache_control": "",
            "content": null,
            "content_base64": null,
            "content_disposition": "",
            "content_encoding": "",
            "content_language": "",
            "content_type": "application/octet-stream",
            "etag": "f763d45706197d4dddd6c4206faca659",
            "force_destroy": false,
            "id": ".DS_Store",
            "key": ".DS_Store",
            "kms_key_id": null,
            "metadata": null,
            "object_lock_legal_hold_status": "",
            "object_lock_mode": "",
            "object_lock_retain_until_date": "",
            "server_side_encryption": "AES256",
            "source": "../../modules/storage/../../static-website/.DS_Store",
            "source_hash": null,
            "storage_class": "STANDARD",
            "tags": null,
            "tags_all": {},
            "version_id": "",
            "website_redirect": ""
          },
          "sensitive_attributes": [],
          "private": "bnVsbA==",
          "dependencies": [
            "module.static_website.aws_s3_bucket.this"
          ]
        },
        {
          "index_key": "README.md",
          "schema_version": 0,
          "attributes": {
            "acl": "private",
            "bucket": "aws-first-cloud-journey-69",
            "bucket_key_enabled": false,
            "cache_control": "",
            "content": null,
            "content_base64": null,
            "content_disposition": "",
            "content_encoding": "",
            "content_language": "",
            "content_type": "application/octet-stream",
            "etag": "13a5b114e6f653236059812b1056f833",
            "force_destroy": false,
            "id": "README.md",
            "key": "README.md",
            "kms_key_id": null,
            "metadata": null,
            "object_lock_legal_hold_status": "",
            "object_lock_mode": "",
            "object_lock_retain_until_date": "",
            "server_side_encryption": "AES256",
            "source": "../../modules/storage/../../static-website/README.md",
            "source_hash": null,
            "storage_class": "STANDARD",
            "tags": null,
            "tags_all": {},
            "version_id": "",
            "website_redirect": ""
          },
          "sensitive_attributes": [],
          "private": "bnVsbA==",
          "dependencies": [
            "module.static_website.aws_s3_bucket.this"
          ]
        },
        {
          "index_key": "about.html",
          "schema_version": 0,
          "attributes": {
            "acl": "private",
            "bucket": "aws-first-cloud-journey-69",
            "bucket_key_enabled": false,
            "cache_control": "",
            "content": null,
            "content_base64": null,
            "content_disposition": "",
            "content_encoding": "",
            "content_language": "",
            "content_type": "text/html; charset=utf-8",
            "etag": "b197285cf29630cd5da3da07f898ea13",
            "force_destroy": false,
            "id": "about.html",
            "key": "about.html",
            "kms_key_id": null,
            "metadata": null,
            "object_lock_legal_hold_status": "",
            "object_lock_mode": "",
            "object_lock_retain_until_date": "",
            "server_side_encryption": "AES256",
            "source": "../../modules/storage/../../static-website/about.html",
            "source_hash": null,
            "storage_class": "STANDARD",
            "tags": null,
            "tags_all": {},
            "version_id": "",
            "website_redirect": ""
          },
          "sensitive_attributes": [],
          "private": "bnVsbA==",
          "dependencies": [
            "module.static_website.aws_s3_bucket.this"
          ]
        },
        {
          "index_key": "blog.html",
          "schema_version": 0,
          "attributes": {
            "acl": "private",
            "bucket": "aws-first-cloud-journey-69",
            "bucket_key_enabled": false,
            "cache_control": "",
            "content": null,
            "content_base64": null,
            "content_disposition": "",
            "content_encoding": "",
            "content_language": "",
            "content_type": "text/html; charset=utf-8",
            "etag": "e3d21dd4052c3ee91075a404ac3342a7",
            "force_destroy": false,
            "id": "blog.html",
            "key": "blog.html",
            "kms_key_id": null,
            "metadata": null,
            "object_lock_legal_hold_status": "",
            "object_lock_mode": "",
            "object_lock_retain_until_date": "",
            "server_side_encryption": "AES256",
            "source": "../../modules/storage/../../static-website/blog.html",
            "source_hash": null,
            "storage_class": "STANDARD",
            "tags": null,
            "tags_all": {},
            "version_id": "",
            "website_redirect": ""
          },
          "sensitive_attributes": [],
          "private": "bnVsbA==",
          "dependencies": [
            "module.static_website.aws_s3_bucket.this"
          ]
        },
        {
          "index_key": "contact.html",
          "schema_version": 0,
          "attributes": {
            "acl": "private",
            "bucket": "aws-first-cloud-journey-69",
            "bucket_key_enabled": false,
            "cache_control": "",
            "content": null,
            "content_base64": null,
            "content_disposition": "",
            "content_encoding": "",
            "content_language": "",
            "content_type": "text/html; charset=utf-8",
            "etag": "0d968a5318583ff2ace0cd47840ccdb8",
            "force_destroy": false,
            "id": "contact.html",
            "key": "contact.html",
            "kms_key_id": null,
            "metadata": null,
            "object_lock_legal_hold_status": "",
            "object_lock_mode": "",
            "object_lock_retain_until_date": "",
            "server_side_encryption": "AES256",
            "source": "../../modules/storage/../../static-website/contact.html",
            "source_hash": null,
            "storage_class": "STANDARD",
            "tags": null,
            "tags_all": {},
            "version_id": "",
            "website_redirect": ""
          },
          "sensitive_attributes": [],
          "private": "bnVsbA==",
          "dependencies": [
            "module.static_website.aws_s3_bucket.this"
          ]
        },
        {
          "index_key": "css/.DS_Store",
          "schema_version": 0,
          "attributes": {
            "acl": "private",
            "bucket": "aws-first-cloud-journey-69",
            "bucket_key_enabled": false,
            "cache_control": "",
            "content": null,
            "content_base64": null,
            "content_disposition": "",
            "content_encoding": "",
            "content_language": "",
            "content_type": "application/octet-stream",
            "etag": "dc24eb5f1caaf7ecbaee6f80bde936ce",
            "force_destroy": false,
            "id": "css/.DS_Store",
            "key": "css/.DS_Store",
            "kms_key_id": null,
            "metadata": null,
            "object_lock_legal_hold_status": "",
            "object_lock_mode": "",
            "object_lock_retain_until_date": "",
            "server_side_encryption": "AES256",
            "source": "../../modules/storage/../../static-website/css/.DS_Store",
            "source_hash": null,
            "storage_class": "STANDARD",
            "tags": null,
            "tags_all": {},
            "version_id": "",
            "website_redirect": ""
          },
          "sensitive_attributes": [],
          "private": "bnVsbA==",
          "dependencies": [
            "module.static_website.aws_s3_bucket.this"
          ]
        },
        {
          "index_key": "css/animate.css",
          "schema_version": 0,
          "attributes": {
            "acl": "private",
            "bucket": "aws-first-cloud-journey-69",
            "bucket_key_enabled": false,
            "cache_control": "",
            "content": null,
            "content_base64": null,
            "content_disposition": "",
            "content_encoding": "",
            "content_language": "",
            "content_type": "text/css; charset=utf-8",
            "etag": "ebbc4d25317eedf9945f14953e53744f",
            "force_destroy": false,
            "id": "css/animate.css",
            "key": "css/animate.css",
            "kms_key_id": null,
            "metadata": null,
            "object_lock_legal_hold_status": "",
            "object_lock_mode": "",
            "object_lock_retain_until_date": "",
            "server_side_encryption": "AES256",
            "source": "../../modules/storage/../../static-website/css/animate.css",
            "source_hash": null,
            "storage_class": "STANDARD",
            "tags": null,
            "tags_all": {},
            "version_id": "",
            "website_redirect": ""
          },
          "sensitive_attributes": [],
          "private": "bnVsbA==",
          "dependencies": [
            "module.static_website.aws_s3_bucket.this"
          ]
        },
        {
          "index_key": "css/bootstrap-datepicker.css",
          "schema_version": 0,
          "attributes": {
            "acl": "private",
            "bucket": "aws-first-cloud-journey-69",
            "bucket_key_enabled": false,
            "cache_control": "",
            "content": null,
            "content_base64": null,
            "content_disposition": "",
            "content_encoding": "",
            "content_language": "",
            "content_type": "text/css; charset=utf-8",
            "etag": "bef288b1c068bd1f49b3bfaeab37fc93",
            "force_destroy": false,
            "id": "css/bootstrap-datepicker.css",
            "key": "css/bootstrap-datepicker.css",
            "kms_key_id": null,
            "metadata": null,
            "object_lock_legal_hold_status": "",
            "object_lock_mode": "",
            "object_lock_retain_until_date": "",
            "server_side_encryption": "AES256",
            "source": "../../modules/storage/../../static-website/css/bootstrap-datepicker.css",
            "source_hash": null,
            "storage_class": "STANDARD",
            "tags": null,
            "tags_all": {},
            "version_id": "",
            "website_redirect": ""
          },
          "sensitive_attributes": [],
          "private": "bnVsbA==",
          "dependencies": [
            "module.static_website.aws_s3_bucket.this"
          ]
        },
        {
          "index_key": "css/bootstrap.css",
          "schema_version": 0,
          "attributes": {
            "acl": "private",
            "bucket": "aws-first-cloud-journey-69",
            "bucket_key_enabled": false,
            "cache_control": "",
            "content": null,
            "content_base64": null,
            "content_disposition": "",
            "content_encoding": "",
            "content_language": "",
            "content_type": "text/css; charset=utf-8",
            "etag": "4f675f9f48bc0651982b342fd6ff0c5b",
            "force_destroy": false,
            "id": "css/bootstrap.css",
            "key": "css/bootstrap.css",
            "kms_key_id": null,
            "metadata": null,
            "object_lock_legal_hold_status": "",
            "object_lock_mode": "",
            "object_lock_retain_until_date": "",
            "server_side_encryption": "AES256",
            "source": "../../modules/storage/../../static-website/css/bootstrap.css",
            "source_hash": null,
            "storage_class": "STANDARD",
            "tags": null,
            "tags_all": {},
            "version_id": "",
            "website_redirect": ""
          },
          "sensitive_attributes": [],
          "private": "bnVsbA==",
          "dependencies": [
            "module.static_website.aws_s3_bucket.this"
          ]
        },
        {
          "index_key": "css/bootstrap.css.map",
          "schema_version": 0,
          "attributes": {
            "acl": "private",
            "bucket": "aws-first-cloud-journey-69",
            "bucket_key_enabled": false,
            "cache_control": "",
            "content": null,
            "content_base64": null,
            "content_disposition": "",
            "content_encoding": "",
            "content_language": "",
            "content_type": "application/octet-stream",
            "etag": "2dd9a99121f38ac810e317d1aafe427e",
            "force_destroy": false,
            "id": "css/bootstrap.css.map",
            "key": "css/bootstrap.css.map",
            "kms_key_id": null,
            "metadata": null,
            "object_lock_legal_hold_status": "",
            "object_lock_mode": "",
            "object_lock_retain_until_date": "",
            "server_side_encryption": "AES256",
            "source": "../../modules/storage/../../static-website/css/bootstrap.css.map",
            "source_hash": null,
            "storage_class": "STANDARD",
            "tags": null,
            "tags_all": {},
            "version_id": "",
            "website_redirect": ""
          },
          "sensitive_attributes": [],
          "private": "bnVsbA==",
          "dependencies": [
            "module.static_website.aws_s3_bucket.this"
          ]
        },
        {
          "index_key": "css/flexslider.css",
          "schema_version": 0,
          "attributes": {
            "acl": "private",
            "bucket": "aws-first-cloud-journey-69",
            "bucket_key_enabled": false,
            "cache_control": "",
            "content": null,
            "content_base64": null,
            "content_disposition": "",
            "content_encoding": "",
            "content_language": "",
            "content_type": "text/css; charset=utf-8",
            "etag": "8dbe05a4a59d1999c0612edc20b1048e",
            "force_destroy": false,
            "id": "css/flexslider.css",
            "key": "css/flexslider.css",
            "kms_key_id": null,
            "metadata": null,
            "object_lock_legal_hold_status": "",
            "object_lock_mode": "",
            "object_lock_retain_until_date": "",
            "server_side_encryption": "AES256",
            "source": "../../modules/storage/../../static-website/css/flexslider.css",
            "source_hash": null,
            "storage_class": "STANDARD",
            "tags": null,
            "tags_all": {},
            "version_id": "",
            "website_redirect": ""
          },
          "sensitive_attributes": [],
          "private": "bnVsbA==",
          "dependencies": [
            "module.static_website.aws_s3_bucket.this"
          ]
        },
        {
          "index_key": "css/icomoon.css",
          "schema_version": 0,
          "attributes": {
            "acl": "private",
            "bucket": "aws-first-cloud-journey-69",
            "bucket_key_enabled": false,
            "cache_control": "",
            "content": null,
            "content_base64": null,
            "content_disposition": "",
            "content_encoding": "",
            "content_language": "",
            "content_type": "text/css; charset=utf-8",
            "etag": "3e89e3401ed59030373d52de172b0d58",
            "force_destroy": false,
            "id": "css/icomoon.css",
            "key": "css/icomoon.css",
            "kms_key_id": null,
            "metadata": null,
            "object_lock_legal_hold_status": "",
            "object_lock_mode": "",
            "object_lock_retain_until_date": "",
            "server_side_encryption": "AES256",
            "source": "../../modules/storage/../../static-website/css/icomoon.css",
            "source_hash": null,
            "storage_class": "STANDARD",
            "tags": null,
            "tags_all": {},
            "version_id": "",
            "website_redirect": ""
          },
          "sensitive_attributes": [],
          "private": "bnVsbA==",
          "dependencies": [
            "module.static_website.aws_s3_bucket.this"
          ]
        },
        {
          "index_key": "css/magnific-popup.css",
          "schema_version": 0,
          "attributes": {
            "acl": "private",
            "bucket": "aws-first-cloud-journey-69",
            "bucket_key_enabled": false,
            "cache_control": "",
            "content": null,
            "content_base64": null,
            "content_disposition": "",
            "content_encoding": "",
            "content_language": "",
            "content_type": "text/css; charset=utf-8",
            "etag": "bfc851a5bf981194410ca3c673da8321",
            "force_destroy": false,
            "id": "css/magnific-popup.css",
            "key": "css/magnific-popup.css",
            "kms_key_id": null,
            "metadata": null,
            "object_lock_legal_hold_status": "",
            "object_lock_mode": "",
            "object_lock_retain_until_date": "",
            "server_side_encryption": "AES256",
            "source": "../../modules/storage/../../static-website/css/magnific-popup.css",
            "source_hash": null,
            "storage_class": "STANDARD",
            "tags": null,
            "tags_all": {},
            "version_id": "",
            "website_redirect": ""
          },
          "sensitive_attributes": [],
          "private": "bnVsbA==",
          "dependencies": [
            "module.static_website.aws_s3_bucket.this"
          ]
        },
        {
          "index_key": "css/owl.carousel.min.css",
          "schema_version": 0,
          "attributes": {
            "acl": "private",
            "bucket": "aws-first-cloud-journey-69",
            "bucket_key_enabled": false,
            "cache_control": "",
            "content": null,
            "content_base64": null,
            "content_disposition": "",
            "content_encoding": "",
            "content_language": "",
            "content_type": "text/css; charset=utf-8",
            "etag": "4d9c37258b236aa87290e13d8efd98c1",
            "force_destroy": false,
            "id": "css/owl.carousel.min.css",
            "key": "css/owl.carousel.min.css",
            "kms_key_id": null,
            "metadata": null,
            "object_lock_legal_hold_status": "",
            "object_lock_mode": "",
            "object_lock_retain_until_date": "",
            "server_side_encryption": "AES256",
            "source": "../../modules/storage/../../static-website/css/owl.carousel.min.css",
            "source_hash": null,
            "storage_class": "STANDARD",
            "tags": null,
            "tags_all": {},
            "version_id": "",
            "website_redirect": ""
          },
          "sensitive_attributes": [],
          "private": "bnVsbA==",
          "dependencies": [
            "module.static_website.aws_s3_bucket.this"
          ]
        },
        {
          "index_key": "css/owl.theme.default.min.css",
          "schema_version": 0,
          "attributes": {
            "acl": "private",
            "bucket": "aws-first-cloud-journey-69",
            "bucket_key_enabled": false,
            "cache_control": "",
            "content": null,
            "content_base64": null,
            "content_disposition": "",
            "content_encoding": "",
            "content_language": "",
            "content_type": "text/css; charset=utf-8",
            "etag": "cb887a4a64ec4945ce5197c7210d031c",
            "force_destroy": false,
            "id": "css/owl.theme.default.min.css",
            "key": "css/owl.theme.default.min.css",
            "kms_key_id": null,
            "metadata": null,
            "object_lock_legal_hold_status": "",
            "object_lock_mode": "",
            "object_lock_retain_until_date": "",
            "server_side_encryption": "AES256",
            "source": "../../modules/storage/../../static-website/css/owl.theme.default.min.css",
            "source_hash": null,
            "storage_class": "STANDARD",
            "tags": null,
            "tags_all": {},
            "version_id": "",
            "website_redirect": ""
          },
          "sensitive_attributes": [],
          "private": "bnVsbA==",
          "dependencies": [
            "module.static_website.aws_s3_bucket.this"
          ]
        },
        {
          "index_key": "css/style.css",
          "schema_version": 0,
          "attributes": {
            "acl": "private",
            "bucket": "aws-first-cloud-journey-69",
            "bucket_key_enabled": false,
            "cache_control": "",
            "content": null,
            "content_base64": null,
            "content_disposition": "",
            "content_encoding": "",
            "content_language": "",
            "content_type": "text/css; charset=utf-8",
            "etag": "951deb7a88629acddafbd2af6c4db2ac",
            "force_destroy": false,
            "id": "css/style.css",
            "key": "css/style.css",
            "kms_key_id": null,
            "metadata": null,
            "object_lock_legal_hold_status": "",
            "object_lock_mode": "",
            "object_lock_retain_until_date": "",
            "server_side_encryption": "AES256",
            "source": "../../modules/storage/../../static-website/css/style.css",
            "source_hash": null,
            "storage_class": "STANDARD",
            "tags": null,
            "tags_all": {},
            "version_id": "",
            "website_redirect": ""
          },
          "sensitive_attributes": [],
          "private": "bnVsbA==",
          "dependencies": [
            "module.static_website.aws_s3_bucket.this"
          ]
        },
        {
          "index_key": "css/style.css.map",
          "schema_version": 0,
          "attributes": {
            "acl": "private",
            "bucket": "aws-first-cloud-journey-69",
            "bucket_key_enabled": false,
            "cache_control": "",
            "content": null,
            "content_base64": null,
            "content_disposition": "",
            "content_encoding": "",
            "content_language": "",
            "content_type": "application/octet-stream",
            "etag": "f6cf79912857019b9b1eea78925886a7",
            "force_destroy": false,
            "id": "css/style.css.map",
            "key": "css/style.css.map",
            "kms_key_id": null,
            "metadata": null,
            "object_lock_legal_hold_status": "",
            "object_lock_mode": "",
            "object_lock_retain_until_date": "",
            "server_side_encryption": "AES256",
            "source": "../../modules/storage/../../static-website/css/style.css.map",
            "source_hash": null,
            "storage_class": "STANDARD",
            "tags": null,
            "tags_all": {},
            "version_id": "",
            "website_redirect": ""
          },
          "sensitive_attributes": [],
          "private": "bnVsbA==",
          "dependencies": [
            "module.static_website.aws_s3_bucket.this"
          ]
        },
        {
          "index_key": "fonts/.DS_Store",
          "schema_version": 0,
          "attributes": {
            "acl": "private",
            "bucket": "aws-first-cloud-journey-69",
            "bucket_key_enabled": false,
            "cache_control": "",
            "content": null,
            "content_base64": null,
            "content_disposition": "",
            "content_encoding": "",
            "content_language": "",
            "content_type": "application/octet-stream",
            "etag": "704bf8eae363e18ba4c3c79a0743b70d",
            "force_destroy": false,
            "id": "fonts/.DS_Store",
            "key": "fonts/.DS_Store",
            "kms_key_id": null,
            "metadata": null,
            "object_lock_legal_hold_status": "",
            "object_lock_mode": "",
            "object_lock_retain_until_date": "",
            "server_side_encryption": "AES256",
            "source": "../../modules/storage/../../static-website/fonts/.DS_Store",
            "source_hash": null,
            "storage_class": "STANDARD",
            "tags": null,
            "tags_all": {},
            "version_id": "",
            "website_redirect": ""
          },
          "sensitive_attributes": [],
          "private": "bnVsbA==",
          "dependencies": [
            "module.static_website.aws_s3_bucket.this"
          ]
        },
        {
          "index_key": "fonts/bootstrap/.DS_Store",
          "schema_version": 0,
          "attributes": {
            "acl": "private",
            "bucket": "aws-first-cloud-journey-69",
            "bucket_key_enabled": false,
            "cache_control": "",
            "content": null,
            "content_base64": null,
            "content_disposition": "",
            "content_encoding": "",
            "content_language": "",
            "content_type": "application/octet-stream",
            "etag": "61a03f53ed7a596db65316b6d5533cab",
            "force_destroy": false,
            "id": "fonts/bootstrap/.DS_Store",
            "key": "fonts/bootstrap/.DS_Store",
            "kms_key_id": null,
            "metadata": null,
            "object_lock_legal_hold_status": "",
            "object_lock_mode": "",
            "object_lock_retain_until_date": "",
            "server_side_encryption": "AES256",
            "source": "../../modules/storage/../../static-website/fonts/bootstrap/.DS_Store",
            "source_hash": null,
            "storage_class": "STANDARD",
            "tags": null,
            "tags_all": {},
            "version_id": "",
            "website_redirect": ""
          },
          "sensitive_attributes": [],
          "private": "bnVsbA==",
          "dependencies": [
            "module.static_website.aws_s3_bucket.this"
          ]
        },
        {
          "index_key": "fonts/bootstrap/glyphicons-halflings-regular.eot",
          "schema_version": 0,
          "attributes": {
            "acl": "private",
            "bucket": "aws-first-cloud-journey-69",
            "bucket_key_enabled": false,
            "cache_control": "",
            "content": null,
            "content_base64": null,
            "content_disposition": "",
            "content_encoding": "",
            "content_language": "",
            "content_type": "application/vnd.ms-fontobject",
            "etag": "f4769f9bdb7466be65088239c12046d1",
            "force_destroy": false,
            "id": "fonts/bootstrap/glyphicons-halflings-regular.eot",
            "key": "fonts/bootstrap/glyphicons-halflings-regular.eot",
            "kms_key_id": null,
            "metadata": null,
            "object_lock_legal_hold_status": "",
            "object_lock_mode": "",
            "object_lock_retain_until_date": "",
            "server_side_encryption": "AES256",
            "source": "../../modules/storage/../../static-website/fonts/bootstrap/glyphicons-halflings-regular.eot",
            "source_hash": null,
            "storage_class": "STANDARD",
            "tags": null,
            "tags_all": {},
            "version_id": "",
            "website_redirect": ""
          },
          "sensitive_attributes": [],
          "private": "bnVsbA==",
          "dependencies": [
            "module.static_website.aws_s3_bucket.this"
          ]
        },
        {
          "index_key": "fonts/bootstrap/glyphicons-halflings-regular.svg",
          "schema_version": 0,
          "attributes": {
            "acl": "private",
            "bucket": "aws-first-cloud-journey-69",
            "bucket_key_enabled": false,
            "cache_control": "",
            "content": null,
            "content_base64": null,
            "content_disposition": "",
            "content_encoding": "",
            "content_language": "",
            "content_type": "image/svg+xml",
            "etag": "89889688147bd7575d6327160d64e760",
            "force_destroy": false,
            "id": "fonts/bootstrap/glyphicons-halflings-regular.svg",
            "key": "fonts/bootstrap/glyphicons-halflings-regular.svg",
            "kms_key_id": null,
            "metadata": null,
            "object_lock_legal_hold_status": "",
            "object_lock_mode": "",
            "object_lock_retain_until_date": "",
            "server_side_encryption": "AES256",
            "source": "../../modules/storage/../../static-website/fonts/bootstrap/glyphicons-halflings-regular.svg",
            "source_hash": null,
            "storage_class": "STANDARD",
            "tags": null,
            "tags_all": {},
            "version_id": "",
            "website_redirect": ""
          },
          "sensitive_attributes": [],
          "private": "bnVsbA==",
          "dependencies": [
            "module.static_website.aws_s3_bucket.this"
          ]
        },
        {
          "index_key": "fonts/bootstrap/glyphicons-halflings-regular.ttf",
          "schema_version": 0,
          "attributes": {
            "acl": "private",
            "bucket": "aws-first-cloud-journey-69",
            "bucket_key_enabled": false,
            "cache_control": "",
            "content": null,
            "content_base64": null,
            "content_disposition": "",
            "content_encoding": "",
            "content_language": "",
            "content_type": "font/ttf",
            "etag": "e18bbf611f2a2e43afc071aa2f4e1512",
            "force_destroy": false,
            "id": "fonts/bootstrap/glyphicons-halflings-regular.ttf",
            "key": "fonts/bootstrap/glyphicons-halflings-regular.ttf",
            "kms_key_id": null,
            "metadata": null,
            "object_lock_legal_hold_status": "",
            "object_lock_mode": "",
            "object_lock_retain_until_date": "",
            "server_side_encryption": "AES256",
            "source": "../../modules/storage/../../static-website/fonts/bootstrap/glyphicons-halflings-regular.ttf",
            "source_hash": null,
            "storage_class": "STANDARD",
            "tags": null,
            "tags_all": {},
            "version_id": "",
            "website_redirect": ""
          },
          "sensitive_attributes": [],
          "private": "bnVsbA==",
          "dependencies": [
            "module.static_website.aws_s3_bucket.this"
          ]
        },
        {
          "index_key": "fonts/bootstrap/glyphicons-halflings-regular.woff",
          "schema_version": 0,
          "attributes": {
            "acl": "private",
            "bucket": "aws-first-cloud-journey-69",
            "bucket_key_enabled": false,
            "cache_control": "",
            "content": null,
            "content_base64": null,
            "content_disposition": "",
            "content_encoding": "",
            "content_language": "",
            "content_type": "font/woff",
            "etag": "fa2772327f55d8198301fdb8bcfc8158",
            "force_destroy": false,
            "id": "fonts/bootstrap/glyphicons-halflings-regular.woff",
            "key": "fonts/bootstrap/glyphicons-halflings-regular.woff",
            "kms_key_id": null,
            "metadata": null,
            "object_lock_legal_hold_status": "",
            "object_lock_mode": "",
            "object_lock_retain_until_date": "",
            "server_side_encryption": "AES256",
            "source": "../../modules/storage/../../static-website/fonts/bootstrap/glyphicons-halflings-regular.woff",
            "source_hash": null,
            "storage_class": "STANDARD",
            "tags": null,
            "tags_all": {},
            "version_id": "",
            "website_redirect": ""
          },
          "sensitive_attributes": [],
          "private": "bnVsbA==",
          "dependencies": [
            "module.static_website.aws_s3_bucket.this"
          ]
        },
        {
          "index_key": "fonts/bootstrap/glyphicons-halflings-regular.woff2",
          "schema_version": 0,
          "attributes": {
            "acl": "private",
            "bucket": "aws-first-cloud-journey-69",
            "bucket_key_enabled": false,
            "cache_control": "",
            "content": null,
            "content_base64": null,
            "content_disposition": "",
            "content_encoding": "",
            "content_language": "",
            "content_type": "font/woff2",
            "etag": "448c34a56d699c29117adc64c43affeb",
            "force_destroy": false,
            "id": "fonts/bootstrap/glyphicons-halflings-regular.woff2",
            "key": "fonts/bootstrap/glyphicons-halflings-regular.woff2",
            "kms_key_id": null,
            "metadata": null,
            "object_lock_legal_hold_status": "",
            "object_lock_mode": "",
            "object_lock_retain_until_date": "",
            "server_side_encryption": "AES256",
            "source": "../../modules/storage/../../static-website/fonts/bootstrap/glyphicons-halflings-regular.woff2",
            "source_hash": null,
            "storage_class": "STANDARD",
            "tags": null,
            "tags_all": {},
            "version_id": "",
            "website_redirect": ""
          },
          "sensitive_attributes": [],
          "private": "bnVsbA==",
          "dependencies": [
            "module.static_website.aws_s3_bucket.this"
          ]
        },
        {
          "index_key": "fonts/flaticon/.DS_Store",
          "schema_version": 0,
          "attributes": {
            "acl": "private",
            "bucket": "aws-first-cloud-journey-69",
            "bucket_key_enabled": false,
            "cache_control": "",
            "content": null,
            "content_base64": null,
            "content_disposition": "",
            "content_encoding": "",
            "content_language": "",
            "content_type": "application/octet-stream",
            "etag": "c5ac566318a93833c7231ba07c7cd106",
            "force_destroy": false,
            "id": "fonts/flaticon/.DS_Store",
            "key": "fonts/flaticon/.DS_Store",
            "kms_key_id": null,
            "metadata": null,
            "object_lock_legal_hold_status": "",
            "object_lock_mode": "",
            "object_lock_retain_until_date": "",
            "server_side_encryption": "AES256",
            "source": "../../modules/storage/../../static-website/fonts/flaticon/.DS_Store",
            "source_hash": null,
            "storage_class": "STANDARD",
            "tags": null,
            "tags_all": {},
            "version_id": "",
            "website_redirect": ""
          },
          "sensitive_attributes": [],
          "private": "bnVsbA==",
          "dependencies": [
            "module.static_website.aws_s3_bucket.this"
          ]
        },
        {
          "index_key": "fonts/flaticon/backup.txt",
          "schema_version": 0,
          "attributes": {
            "acl": "private",
            "bucket": "aws-first-cloud-journey-69",
            "bucket_key_enabled": false,
            "cache_control": "",
            "content": null,
            "content_base64": null,
            "content_disposition": "",
            "content_encoding": "",
            "content_language": "",
            "content_type": "text/plain; charset=utf-8",
            "etag": "cb0b236750c902eafa6be30ca536a421",
            "force_destroy": false,
            "id": "fonts/flaticon/backup.txt",
            "key": "fonts/flaticon/backup.txt",
            "kms_key_id": null,
            "metadata": null,
            "object_lock_legal_hold_status": "",
            "object_lock_mode": "",
            "object_lock_retain_until_date": "",
            "server_side_encryption": "AES256",
            "source": "../../modules/storage/../../static-website/fonts/flaticon/backup.txt",
            "source_hash": null,
            "storage_class": "STANDARD",
            "tags": null,
            "tags_all": {},
            "version_id": "",
            "website_redirect": ""
          },
          "sensitive_attributes": [],
          "private": "bnVsbA==",
          "dependencies": [
            "module.static_website.aws_s3_bucket.this"
          ]
        },
        {
          "index_key": "fonts/flaticon/font/Flaticon.eot",
          "schema_version": 0,
          "attributes": {
            "acl": "private",
            "bucket": "aws-first-cloud-journey-69",
            "bucket_key_enabled": false,
            "cache_control": "",
            "content": null,
            "content_base64": null,
            "content_disposition": "",
            "content_encoding": "",
            "content_language": "",
            "content_type": "application/vnd.ms-fontobject",
            "etag": "f8cecb7a5bc84e0843ff691ad2120cde",
            "force_destroy": false,
            "id": "fonts/flaticon/font/Flaticon.eot",
            "key": "fonts/flaticon/font/Flaticon.eot",
            "kms_key_id": null,
            "metadata": null,
            "object_lock_legal_hold_status": "",
            "object_lock_mode": "",
            "object_lock_retain_until_date": "",
            "server_side_encryption": "AES256",
            "source": "../../modules/storage/../../static-website/fonts/flaticon/font/Flaticon.eot",
            "source_hash": null,
            "storage_class": "STANDARD",
            "tags": null,
            "tags_all": {},
            "version_id": "",
            "website_redirect": ""
          },
          "sensitive_attributes": [],
          "private": "bnVsbA==",
          "dependencies": [
            "module.static_website.aws_s3_bucket.this"
          ]
        },
        {
          "index_key": "fonts/flaticon/font/Flaticon.svg",
          "schema_version": 0,
          "attributes": {
            "acl": "private",
            "bucket": "aws-first-cloud-journey-69",
            "bucket_key_enabled": false,
            "cache_control": "",
            "content": null,
            "content_base64": null,
            "content_disposition": "",
            "content_encoding": "",
            "content_language": "",
            "content_type": "image/svg+xml",
            "etag": "b53c20885d47b17c7dc994ae36563b0b",
            "force_destroy": false,
            "id": "fonts/flaticon/font/Flaticon.svg",
            "key": "fonts/flaticon/font/Flaticon.svg",
            "kms_key_id": null,
            "metadata": null,
            "object_lock_legal_hold_status": "",
            "object_lock_mode": "",
            "object_lock_retain_until_date": "",
            "server_side_encryption": "AES256",
            "source": "../../modules/storage/../../static-website/fonts/flaticon/font/Flaticon.svg",
            "source_hash": null,
            "storage_class": "STANDARD",
            "tags": null,
            "tags_all": {},
            "version_id": "",
            "website_redirect": ""
          },
          "sensitive_attributes": [],
          "private": "bnVsbA==",
          "dependencies": [
            "module.static_website.aws_s3_bucket.this"
          ]
        },
        {
          "index_key": "fonts/flaticon/font/Flaticon.ttf",
          "schema_version": 0,
          "attributes": {
            "acl": "private",
            "bucket": "aws-first-cloud-journey-69",
            "bucket_key_enabled": false,
            "cache_control": "",
            "content": null,
            "content_base64": null,
            "content_disposition": "",
            "content_encoding": "",
            "content_language": "",
            "content_type": "font/ttf",
            "etag": "2957c1c54b6e1bdc12bef464d16596a4",
            "force_destroy": false,
            "id": "fonts/flaticon/font/Flaticon.ttf",
            "key": "fonts/flaticon/font/Flaticon.ttf",
            "kms_key_id": null,
            "metadata": null,
            "object_lock_legal_hold_status": "",
            "object_lock_mode": "",
            "object_lock_retain_until_date": "",
            "server_side_encryption": "AES256",
            "source": "../../modules/storage/../../static-website/fonts/flaticon/font/Flaticon.ttf",
            "source_hash": null,
            "storage_class": "STANDARD",
            "tags": null,
            "tags_all": {},
            "version_id": "",
            "website_redirect": ""
          },
          "sensitive_attributes": [],
          "private": "bnVsbA==",
          "dependencies": [
            "module.static_website.aws_s3_bucket.this"
          ]
        },
        {
          "index_key": "fonts/flaticon/font/Flaticon.woff",
          "schema_version": 0,
          "attributes": {
            "acl": "private",
            "bucket": "aws-first-cloud-journey-69",
            "bucket_key_enabled": false,
            "cache_control": "",
            "content": null,
            "content_base64": null,
            "content_disposition": "",
            "content_encoding": "",
            "content_language": "",
            "content_type": "font/woff",
            "etag": "9d122cf0678d06530f66f4297362ad03",
            "force_destroy": false,
            "id": "fonts/flaticon/font/Flaticon.woff",
            "key": "fonts/flaticon/font/Flaticon.woff",
            "kms_key_id": null,
            "metadata": null,
            "object_lock_legal_hold_status": "",
            "object_lock_mode": "",
            "object_lock_retain_until_date": "",
            "server_side_encryption": "AES256",
            "source": "../../modules/storage/../../static-website/fonts/flaticon/font/Flaticon.woff",
            "source_hash": null,
            "storage_class": "STANDARD",
            "tags": null,
            "tags_all": {},
            "version_id": "",
            "website_redirect": ""
          },
          "sensitive_attributes": [],
          "private": "bnVsbA==",
          "dependencies": [
            "module.static_website.aws_s3_bucket.this"
          ]
        },
        {
          "index_key": "fonts/flaticon/font/_flaticon.scss",
          "schema_version": 0,
          "attributes": {
            "acl": "private",
            "bucket": "aws-first-cloud-journey-69",
            "bucket_key_enabled": false,
            "cache_control": "",
            "content": null,
            "content_base64": null,
            "content_disposition": "",
            "content_encoding": "",
            "content_language": "",
            "content_type": "application/octet-stream",
            "etag": "37e8faeda2df6946f92641a1b118628c",
            "force_destroy": false,
            "id": "fonts/flaticon/font/_flaticon.scss",
            "key": "fonts/flaticon/font/_flaticon.scss",
            "kms_key_id": null,
            "metadata": null,
            "object_lock_legal_hold_status": "",
            "object_lock_mode": "",
            "object_lock_retain_until_date": "",
            "server_side_encryption": "AES256",
            "source": "../../modules/storage/../../static-website/fonts/flaticon/font/_flaticon.scss",
            "source_hash": null,
            "storage_class": "STANDARD",
            "tags": null,
            "tags_all": {},
            "version_id": "",
            "website_redirect": ""
          },
          "sensitive_attributes": [],
          "private": "bnVsbA==",
          "dependencies": [
            "module.static_website.aws_s3_bucket.this"
          ]
        },
        {
          "index_key": "fonts/flaticon/font/flaticon.css",
          "schema_version": 0,
          "attributes": {
            "acl": "private",
            "bucket": "aws-first-cloud-journey-69",
            "bucket_key_enabled": false,
            "cache_control": "",
            "content": null,
            "content_base64": null,
            "content_disposition": "",
            "content_encoding": "",
            "content_language": "",
            "content_type": "text/css; charset=utf-8",
            "etag": "2c7df2157bbc797c895c7fd79cf52931",
            "force_destroy": false,
            "id": "fonts/flaticon/font/flaticon.css",
            "key": "fonts/flaticon/font/flaticon.css",
            "kms_key_id": null,
            "metadata": null,
            "object_lock_legal_hold_status": "",
            "object_lock_mode": "",
            "object_lock_retain_until_date": "",
            "server_side_encryption": "AES256",
            "source": "../../modules/storage/../../static-website/fonts/flaticon/font/flaticon.css",
            "source_hash": null,
            "storage_class": "STANDARD",
            "tags": null,
            "tags_all": {},
            "version_id": "",
            "website_redirect": ""
          },
          "sensitive_attributes": [],
          "private": "bnVsbA==",
          "dependencies": [
            "module.static_website.aws_s3_bucket.this"
          ]
        },
        {
          "index_key": "fonts/flaticon/font/flaticon.html",
          "schema_version": 0,
          "attributes": {
            "acl": "private",
            "bucket": "aws-first-cloud-journey-69",
            "bucket_key_enabled": false,
            "cache_control": "",
            "content": null,
            "content_base64": null,
            "content_disposition": "",
            "content_encoding": "",
            "content_language": "",
            "content_type": "text/html; charset=utf-8",
            "etag": "781516d077b7a8935a7f9dc7f14b06da",
            "force_destroy": false,
            "id": "fonts/flaticon/font/flaticon.html",
            "key": "fonts/flaticon/font/flaticon.html",
            "kms_key_id": null,
            "metadata": null,
            "object_lock_legal_hold_status": "",
            "object_lock_mode": "",
            "object_lock_retain_until_date": "",
            "server_side_encryption": "AES256",
            "source": "../../modules/storage/../../static-website/fonts/flaticon/font/flaticon.html",
            "source_hash": null,
            "storage_class": "STANDARD",
            "tags": null,
            "tags_all": {},
            "version_id": "",
            "website_redirect": ""
          },
          "sensitive_attributes": [],
          "private": "bnVsbA==",
          "dependencies": [
            "module.static_website.aws_s3_bucket.this"
          ]
        },
        {
          "index_key": "fonts/flaticon/license/license.pdf",
          "schema_version": 0,
          "attributes": {
            "acl": "private",
            "bucket": "aws-first-cloud-journey-69",
            "bucket_key_enabled": false,
            "cache_control": "",
            "content": null,
            "content_base64": null,
            "content_disposition": "",
            "content_encoding": "",
            "content_language": "",
            "content_type": "application/pdf",
            "etag": "b01d795887750193bf4ca1a0585440fb",
            "force_destroy": false,
            "id": "fonts/flaticon/license/license.pdf",
            "key": "fonts/flaticon/license/license.pdf",
            "kms_key_id": null,
            "metadata": null,
            "object_lock_legal_hold_status": "",
            "object_lock_mode": "",
            "object_lock_retain_until_date": "",
            "server_side_encryption": "AES256",
            "source": "../../modules/storage/../../static-website/fonts/flaticon/license/license.pdf",
            "source_hash": null,
            "storage_class": "STANDARD",
            "tags": null,
            "tags_all": {},
            "version_id": "",
            "website_redirect": ""
          },
          "sensitive_attributes": [],
          "private": "bnVsbA==",
          "dependencies": [
            "module.static_website.aws_s3_bucket.this"
          ]
        },
        {
          "index_key": "fonts/icomoon/.DS_Store",
          "schema_version": 0,
          "attributes": {
            "acl": "private",
            "bucket": "aws-first-cloud-journey-69",
            "bucket_key_enabled": false,
            "cache_control": "",
            "content": null,
            "content_base64": null,
            "content_disposition": "",
            "content_encoding": "",
            "content_language": "",
            "content_type": "application/octet-stream",
            "etag": "11d970410ce45a8ba0c2e7ba7acf3dde",
            "force_destroy": false,
            "id": "fonts/icomoon/.DS_Store",
            "key": "fonts/icomoon/.DS_Store",
            "kms_key_id": null,
            "metadata": null,
            "object_lock_legal_hold_status": "",
            "object_lock_mode": "",
            "object_lock_retain_until_date": "",
            "server_side_encryption": "AES256",
            "source": "../../modules/storage/../../static-website/fonts/icomoon/.DS_Store",
            "source_hash": null,
            "storage_class": "STANDARD",
            "tags": null,
            "tags_all": {},
            "version_id": "",
            "website_redirect": ""
          },
          "sensitive_attributes": [],
          "private": "bnVsbA==",
          "dependencies": [
            "module.static_website.aws_s3_bucket.this"
          ]
        },
        {
          "index_key": "fonts/icomoon/icomoon.eot",
          "schema_version": 0,
          "attributes": {
            "acl": "private",
            "bucket": "aws-first-cloud-journey-69",
            "bucket_key_enabled": false,
            "cache_control": "",
            "content": null,
            "content_base64": null,
            "content_disposition": "",
            "content_encoding": "",
            "content_language": "",
            "content_type": "application/vnd.ms-fontobject",
            "etag": "c85c07c4068e437f909d40607c4b5c94",
            "force_destroy": false,
            "id": "fonts/icomoon/icomoon.eot",
            "key": "fonts/icomoon/icomoon.eot",
            "kms_key_id": null,
            "metadata": null,
            "object_lock_legal_hold_status": "",
            "object_lock_mode": "",
            "object_lock_retain_until_date": "",
            "server_side_encryption": "AES256",
            "source": "../../modules/storage/../../static-website/fonts/icomoon/icomoon.eot",
            "source_hash": null,
            "storage_class": "STANDARD",
            "tags": null,
            "tags_all": {},
            "version_id": "",
            "website_redirect": ""
          },
          "sensitive_attributes": [],
          "private": "bnVsbA==",
          "dependencies": [
            "module.static_website.aws_s3_bucket.this"
          ]
        },
        {
          "index_key": "fonts/icomoon/icomoon.svg",
          "schema_version": 0,
          "attributes": {
            "acl": "private",
            "bucket": "aws-first-cloud-journey-69",
            "bucket_key_enabled": false,
            "cache_control": "",
            "content": null,
            "content_base64": null,
            "content_disposition": "",
            "content_encoding": "",
            "content_language": "",
            "content_type": "image/svg+xml",
            "etag": "a3813ac6127be26d82a553cbf4d93504",
            "force_destroy": false,
            "id": "fonts/icomoon/icomoon.svg",
            "key": "fonts/icomoon/icomoon.svg",
            "kms_key_id": null,
            "metadata": null,
            "object_lock_legal_hold_status": "",
            "object_lock_mode": "",
            "object_lock_retain_until_date": "",
            "server_side_encryption": "AES256",
            "source": "../../modules/storage/../../static-website/fonts/icomoon/icomoon.svg",
            "source_hash": null,
            "storage_class": "STANDARD",
            "tags": null,
            "tags_all": {},
            "version_id": "",
            "website_redirect": ""
          },
          "sensitive_attributes": [],
          "private": "bnVsbA==",
          "dependencies": [
            "module.static_website.aws_s3_bucket.this"
          ]
        },
        {
          "index_key": "fonts/icomoon/icomoon.ttf",
          "schema_version": 0,
          "attributes": {
            "acl": "private",
            "bucket": "aws-first-cloud-journey-69",
            "bucket_key_enabled": false,
            "cache_control": "",
            "content": null,
            "content_base64": null,
            "content_disposition": "",
            "content_encoding": "",
            "content_language": "",
            "content_type": "font/ttf",
            "etag": "d3c9849c29dd80717ba7cd0e8d0dd57c",
            "force_destroy": false,
            "id": "fonts/icomoon/icomoon.ttf",
            "key": "fonts/icomoon/icomoon.ttf",
            "kms_key_id": null,
            "metadata": null,
            "object_lock_legal_hold_status": "",
            "object_lock_mode": "",
            "object_lock_retain_until_date": "",
            "server_side_encryption": "AES256",
            "source": "../../modules/storage/../../static-website/fonts/icomoon/icomoon.ttf",
            "source_hash": null,
            "storage_class": "STANDARD",
            "tags": null,
            "tags_all": {},
            "version_id": "",
            "website_redirect": ""
          },
          "sensitive_attributes": [],
          "private": "bnVsbA==",
          "dependencies": [
            "module.static_website.aws_s3_bucket.this"
          ]
        },
        {
          "index_key": "fonts/icomoon/icomoon.woff",
          "schema_version": 0,
          "attributes": {
            "acl": "private",
            "bucket": "aws-first-cloud-journey-69",
            "bucket_key_enabled": false,
            "cache_control": "",
            "content": null,
            "content_base64": null,
            "content_disposition": "",
            "content_encoding": "",
            "content_language": "",
            "content_type": "font/woff",
            "etag": "5655d46ee8eb441bb562ae3a712003f4",
            "force_destroy": false,
            "id": "fonts/icomoon/icomoon.woff",
            "key": "fonts/icomoon/icomoon.woff",
            "kms_key_id": null,
            "metadata": null,
            "object_lock_legal_hold_status": "",
            "object_lock_mode": "",
            "object_lock_retain_until_date": "",
            "server_side_encryption": "AES256",
            "source": "../../modules/storage/../../static-website/fonts/icomoon/icomoon.woff",
            "source_hash": null,
            "storage_class": "STANDARD",
            "tags": null,
            "tags_all": {},
            "version_id": "",
            "website_redirect": ""
          },
          "sensitive_attributes": [],
          "private": "bnVsbA==",
          "dependencies": [
            "module.static_website.aws_s3_bucket.this"
          ]
        },
        {
          "index_key": "hotel-room.html",
          "schema_version": 0,
          "attributes": {
            "acl": "private",
            "bucket": "aws-first-cloud-journey-69",
            "bucket_key_enabled": false,
            "cache_control": "",
            "content": null,
            "content_base64": null,
            "content_disposition": "",
            "content_encoding": "",
            "content_language": "",
            "content_type": "text/html; charset=utf-8",
            "etag": "b924d6e6d6ea12f20f795fd6af4ba085",
            "force_destroy": false,
            "id": "hotel-room.html",
            "key": "hotel-room.html",
            "kms_key_id": null,
            "metadata": null,
            "object_lock_legal_hold_status": "",
            "object_lock_mode": "",
            "object_lock_retain_until_date": "",
            "server_side_encryption": "AES256",
            "source": "../../modules/storage/../../static-website/hotel-room.html",
            "source_hash": null,
            "storage_class": "STANDARD",
            "tags": null,
            "tags_all": {},
            "version_id": "",
            "website_redirect": ""
          },
          "sensitive_attributes": [],
          "private": "bnVsbA==",
          "dependencies": [
            "module.static_website.aws_s3_bucket.this"
          ]
        },
        {
          "index_key": "hotels.html",
          "schema_version": 0,
          "attributes": {
            "acl": "private",
            "bucket": "aws-first-cloud-journey-69",
            "bucket_key_enabled": false,
            "cache_control": "",
            "content": null,
            "content_base64": null,
            "content_disposition": "",
            "content_encoding": "",
            "content_language": "",
            "content_type": "text/html; charset=utf-8",
            "etag": "d8209d78c3924ca28428eca0b492ed9e",
            "force_destroy": false,
            "id": "hotels.html",
            "key": "hotels.html",
            "kms_key_id": null,
            "metadata": null,
            "object_lock_legal_hold_status": "",
            "object_lock_mode": "",
            "object_lock_retain_until_date": "",
            "server_side_encryption": "AES256",
            "source": "../../modules/storage/../../static-website/hotels.html",
            "source_hash": null,
            "storage_class": "STANDARD",
            "tags": null,
            "tags_all": {},
            "version_id": "",
            "website_redirect": ""
          },
          "sensitive_attributes": [],
          "private": "bnVsbA==",
          "dependencies": [
            "module.static_website.aws_s3_bucket.this"
          ]
        },
        {
          "index_key": "images/.DS_Store",
          "schema_version": 0,
          "attributes": {
            "acl": "private",
            "bucket": "aws-first-cloud-journey-69",
            "bucket_key_enabled": false,
            "cache_control": "",
            "content": null,
            "content_base64": null,
            "content_disposition": "",
            "content_encoding": "",
            "content_language": "",
            "content_type": "application/octet-stream",
            "etag": "f654200dff258155ae5ef79509a5fb25",
            "force_destroy": false,
            "id": "images/.DS_Store",
            "key": "images/.DS_Store",
            "kms_key_id": null,
            "metadata": null,
            "object_lock_legal_hold_status": "",
            "object_lock_mode": "",
            "object_lock_retain_until_date": "",
            "server_side_encryption": "AES256",
            "source": "../../modules/storage/../../static-website/images/.DS_Store",
            "source_hash": null,
            "storage_class": "STANDARD",
            "tags": null,
            "tags_all": {},
            "version_id": "",
            "website_redirect": ""
          },
          "sensitive_attributes": [],
          "private": "bnVsbA==",
          "dependencies": [
            "module.static_website.aws_s3_bucket.this"
          ]
        },
        {
          "index_key": "images/blog-1.jpg",
          "schema_version": 0,
          "attributes": {
            "acl": "private",
            "bucket": "aws-first-cloud-journey-69",
            "bucket_key_enabled": false,
            "cache_control": "",
            "content": null,
            "content_base64": null,
            "content_disposition": "",
            "content_encoding": "",
            "content_language": "",
            "content_type": "image/jpeg",
            "etag": "1d998b5d55052b5a96def1ad8b392f73",
            "force_destroy": false,
            "id": "images/blog-1.jpg",
            "key": "images/blog-1.jpg",
            "kms_key_id": null,
            "metadata": null,
            "object_lock_legal_hold_status": "",
            "object_lock_mode": "",
            "object_lock_retain_until_date": "",
            "server_side_encryption": "AES256",
            "source": "../../modules/storage/../../static-website/images/blog-1.jpg",
            "source_hash": null,
            "storage_class": "STANDARD",
            "tags": null,
            "tags_all": {},
            "version_id": "",
            "website_redirect": ""
          },
          "sensitive_attributes": [],
          "private": "bnVsbA==",
          "dependencies": [
            "module.static_website.aws_s3_bucket.this"
          ]
        },
        {
          "index_key": "images/blog-2.jpg",
          "schema_version": 0,
          "attributes": {
            "acl": "private",
            "bucket": "aws-first-cloud-journey-69",
            "bucket_key_enabled": false,
            "cache_control": "",
            "content": null,
            "content_base64": null,
            "content_disposition": "",
            "content_encoding": "",
            "content_language": "",
            "content_type": "image/jpeg",
            "etag": "1b7ca37e5752fe58e78fb34a4f54cd50",
            "force_destroy": false,
            "id": "images/blog-2.jpg",
            "key": "images/blog-2.jpg",
            "kms_key_id": null,
            "metadata": null,
            "object_lock_legal_hold_status": "",
            "object_lock_mode": "",
            "object_lock_retain_until_date": "",
            "server_side_encryption": "AES256",
            "source": "../../modules/storage/../../static-website/images/blog-2.jpg",
            "source_hash": null,
            "storage_class": "STANDARD",
            "tags": null,
            "tags_all": {},
            "version_id": "",
            "website_redirect": ""
          },
          "sensitive_attributes": [],
          "private": "bnVsbA==",
          "dependencies": [
            "module.static_website.aws_s3_bucket.this"
          ]
        },
        {
          "index_key": "images/blog-3.jpg",
          "schema_version": 0,
          "attributes": {
            "acl": "private",
            "bucket": "aws-first-cloud-journey-69",
            "bucket_key_enabled": false,
            "cache_control": "",
            "content": null,
            "content_base64": null,
            "content_disposition": "",
            "content_encoding": "",
            "content_language": "",
            "content_type": "image/jpeg",
            "etag": "d343724156e0f66f4b4d383052e69995",
            "force_destroy": false,
            "id": "images/blog-3.jpg",
            "key": "images/blog-3.jpg",
            "kms_key_id": null,
            "metadata": null,
            "object_lock_legal_hold_status": "",
            "object_lock_mode": "",
            "object_lock_retain_until_date": "",
            "server_side_encryption": "AES256",
            "source": "../../modules/storage/../../static-website/images/blog-3.jpg",
            "source_hash": null,
            "storage_class": "STANDARD",
            "tags": null,
            "tags_all": {},
            "version_id": "",
            "website_redirect": ""
          },
          "sensitive_attributes": [],
          "private": "bnVsbA==",
          "dependencies": [
            "module.static_website.aws_s3_bucket.this"
          ]
        },
        {
          "index_key": "images/blog-4.jpg",
          "schema_version": 0,
          "attributes": {
            "acl": "private",
            "bucket": "aws-first-cloud-journey-69",
            "bucket_key_enabled": false,
            "cache_control": "",
            "content": null,
            "content_base64": null,
            "content_disposition": "",
            "content_encoding": "",
            "content_language": "",
            "content_type": "image/jpeg",
            "etag": "beb5801ffa4b6a643a31ab3fc6617870",
            "force_destroy": false,
            "id": "images/blog-4.jpg",
            "key": "images/blog-4.jpg",
            "kms_key_id": null,
            "metadata": null,
            "object_lock_legal_hold_status": "",
            "object_lock_mode": "",
            "object_lock_retain_until_date": "",
            "server_side_encryption": "AES256",
            "source": "../../modules/storage/../../static-website/images/blog-4.jpg",
            "source_hash": null,
            "storage_class": "STANDARD",
            "tags": null,
            "tags_all": {},
            "version_id": "",
            "website_redirect": ""
          },
          "sensitive_attributes": [],
          "private": "bnVsbA==",
          "dependencies": [
            "module.static_website.aws_s3_bucket.this"
          ]
        },
        {
          "index_key": "images/blog-5.jpg",
          "schema_version": 0,
          "attributes": {
            "acl": "private",
            "bucket": "aws-first-cloud-journey-69",
            "bucket_key_enabled": false,
            "cache_control": "",
            "content": null,
            "content_base64": null,
            "content_disposition": "",
            "content_encoding": "",
            "content_language": "",
            "content_type": "image/jpeg",
            "etag": "c9335db788b7fcfc42f328fa3d44a322",
            "force_destroy": false,
            "id": "images/blog-5.jpg",
            "key": "images/blog-5.jpg",
            "kms_key_id": null,
            "metadata": null,
            "object_lock_legal_hold_status": "",
            "object_lock_mode": "",
            "object_lock_retain_until_date": "",
            "server_side_encryption": "AES256",
            "source": "../../modules/storage/../../static-website/images/blog-5.jpg",
            "source_hash": null,
            "storage_class": "STANDARD",
            "tags": null,
            "tags_all": {},
            "version_id": "",
            "website_redirect": ""
          },
          "sensitive_attributes": [],
          "private": "bnVsbA==",
          "dependencies": [
            "module.static_website.aws_s3_bucket.this"
          ]
        },
        {
          "index_key": "images/cover-img-1.jpg",
          "schema_version": 0,
          "attributes": {
            "acl": "private",
            "bucket": "aws-first-cloud-journey-69",
            "bucket_key_enabled": false,
            "cache_control": "",
            "content": null,
            "content_base64": null,
            "content_disposition": "",
            "content_encoding": "",
            "content_language": "",
            "content_type": "image/jpeg",
            "etag": "78a20bd8a4a7267af64bfa928604a616",
            "force_destroy": false,
            "id": "images/cover-img-1.jpg",
            "key": "images/cover-img-1.jpg",
            "kms_key_id": null,
            "metadata": null,
            "object_lock_legal_hold_status": "",
            "object_lock_mode": "",
            "object_lock_retain_until_date": "",
            "server_side_encryption": "AES256",
            "source": "../../modules/storage/../../static-website/images/cover-img-1.jpg",
            "source_hash": null,
            "storage_class": "STANDARD",
            "tags": null,
            "tags_all": {},
            "version_id": "",
            "website_redirect": ""
          },
          "sensitive_attributes": [],
          "private": "bnVsbA==",
          "dependencies": [
            "module.static_website.aws_s3_bucket.this"
          ]
        },
        {
          "index_key": "images/cover-img-2.jpg",
          "schema_version": 0,
          "attributes": {
            "acl": "private",
            "bucket": "aws-first-cloud-journey-69",
            "bucket_key_enabled": false,
            "cache_control": "",
            "content": null,
            "content_base64": null,
            "content_disposition": "",
            "content_encoding": "",
            "content_language": "",
            "content_type": "image/jpeg",
            "etag": "78737d102609037d2cc5bd12cc5ee41a",
            "force_destroy": false,
            "id": "images/cover-img-2.jpg",
            "key": "images/cover-img-2.jpg",
            "kms_key_id": null,
            "metadata": null,
            "object_lock_legal_hold_status": "",
            "object_lock_mode": "",
            "object_lock_retain_until_date": "",
            "server_side_encryption": "AES256",
            "source": "../../modules/storage/../../static-website/images/cover-img-2.jpg",
            "source_hash": null,
            "storage_class": "STANDARD",
            "tags": null,
            "tags_all": {},
            "version_id": "",
            "website_redirect": ""
          },
          "sensitive_attributes": [],
          "private": "bnVsbA==",
          "dependencies": [
            "module.static_website.aws_s3_bucket.this"
          ]
        },
        {
          "index_key": "images/cover-img-3.jpg",
          "schema_version": 0,
          "attributes": {
            "acl": "private",
            "bucket": "aws-first-cloud-journey-69",
            "bucket_key_enabled": false,
            "cache_control": "",
            "content": null,
            "content_base64": null,
            "content_disposition": "",
            "content_encoding": "",
            "content_language": "",
            "content_type": "image/jpeg",
            "etag": "3d1069af0f843d3addca7fd9abf7e877",
            "force_destroy": false,
            "id": "images/cover-img-3.jpg",
            "key": "images/cover-img-3.jpg",
            "kms_key_id": null,
            "metadata": null,
            "object_lock_legal_hold_status": "",
            "object_lock_mode": "",
            "object_lock_retain_until_date": "",
            "server_side_encryption": "AES256",
            "source": "../../modules/storage/../../static-website/images/cover-img-3.jpg",
            "source_hash": null,
            "storage_class": "STANDARD",
            "tags": null,
            "tags_all": {},
            "version_id": "",
            "website_redirect": ""
          },
          "sensitive_attributes": [],
          "private": "bnVsbA==",
          "dependencies": [
            "module.static_website.aws_s3_bucket.this"
          ]
        },
        {
          "index_key": "images/cover-img-4.jpg",
          "schema_version": 0,
          "attributes": {
            "acl": "private",
            "bucket": "aws-first-cloud-journey-69",
            "bucket_key_enabled": false,
            "cache_control": "",
            "content": null,
            "content_base64": null,
            "content_disposition": "",
            "content_encoding": "",
            "content_language": "",
            "content_type": "image/jpeg",
            "etag": "809828c89931e4dd058a939aac583492",
            "force_destroy": false,
            "id": "images/cover-img-4.jpg",
            "key": "images/cover-img-4.jpg",
            "kms_key_id": null,
            "metadata": null,
            "object_lock_legal_hold_status": "",
            "object_lock_mode": "",
            "object_lock_retain_until_date": "",
            "server_side_encryption": "AES256",
            "source": "../../modules/storage/../../static-website/images/cover-img-4.jpg",
            "source_hash": null,
            "storage_class": "STANDARD",
            "tags": null,
            "tags_all": {},
            "version_id": "",
            "website_redirect": ""
          },
          "sensitive_attributes": [],
          "private": "bnVsbA==",
          "dependencies": [
            "module.static_website.aws_s3_bucket.this"
          ]
        },
        {
          "index_key": "images/cover-img-5.jpg",
          "schema_version": 0,
          "attributes": {
            "acl": "private",
            "bucket": "aws-first-cloud-journey-69",
            "bucket_key_enabled": false,
            "cache_control": "",
            "content": null,
            "content_base64": null,
            "content_disposition": "",
            "content_encoding": "",
            "content_language": "",
            "content_type": "image/jpeg",
            "etag": "c7979be785cdc0a7c1531e1856718bcd",
            "force_destroy": false,
            "id": "images/cover-img-5.jpg",
            "key": "images/cover-img-5.jpg",
            "kms_key_id": null,
            "metadata": null,
            "object_lock_legal_hold_status": "",
            "object_lock_mode": "",
            "object_lock_retain_until_date": "",
            "server_side_encryption": "AES256",
            "source": "../../modules/storage/../../static-website/images/cover-img-5.jpg",
            "source_hash": null,
            "storage_class": "STANDARD",
            "tags": null,
            "tags_all": {},
            "version_id": "",
            "website_redirect": ""
          },
          "sensitive_attributes": [],
          "private": "bnVsbA==",
          "dependencies": [
            "module.static_website.aws_s3_bucket.this"
          ]
        },
        {
          "index_key": "images/hotel-1.jpg",
          "schema_version": 0,
          "attributes": {
            "acl": "private",
            "bucket": "aws-first-cloud-journey-69",
            "bucket_key_enabled": false,
            "cache_control": "",
            "content": null,
            "content_base64": null,
            "content_disposition": "",
            "content_encoding": "",
            "content_language": "",
            "content_type": "image/jpeg",
            "etag": "8070ec76b8424c2687a941fba322e09d",
            "force_destroy": false,
            "id": "images/hotel-1.jpg",
            "key": "images/hotel-1.jpg",
            "kms_key_id": null,
            "metadata": null,
            "object_lock_legal_hold_status": "",
            "object_lock_mode": "",
            "object_lock_retain_until_date": "",
            "server_side_encryption": "AES256",
            "source": "../../modules/storage/../../static-website/images/hotel-1.jpg",
            "source_hash": null,
            "storage_class": "STANDARD",
            "tags": null,
            "tags_all": {},
            "version_id": "",
            "website_redirect": ""
          },
          "sensitive_attributes": [],
          "private": "bnVsbA==",
          "dependencies": [
            "module.static_website.aws_s3_bucket.this"
          ]
        },
        {
          "index_key": "images/hotel-2.jpg",
          "schema_version": 0,
          "attributes": {
            "acl": "private",
            "bucket": "aws-first-cloud-journey-69",
            "bucket_key_enabled": false,
            "cache_control": "",
            "content": null,
            "content_base64": null,
            "content_disposition": "",
            "content_encoding": "",
            "content_language": "",
            "content_type": "image/jpeg",
            "etag": "7686cf6cd08716945ff8fea2fdd311d6",
            "force_destroy": false,
            "id": "images/hotel-2.jpg",
            "key": "images/hotel-2.jpg",
            "kms_key_id": null,
            "metadata": null,
            "object_lock_legal_hold_status": "",
            "object_lock_mode": "",
            "object_lock_retain_until_date": "",
            "server_side_encryption": "AES256",
            "source": "../../modules/storage/../../static-website/images/hotel-2.jpg",
            "source_hash": null,
            "storage_class": "STANDARD",
            "tags": null,
            "tags_all": {},
            "version_id": "",
            "website_redirect": ""
          },
          "sensitive_attributes": [],
          "private": "bnVsbA==",
          "dependencies": [
            "module.static_website.aws_s3_bucket.this"
          ]
        },
        {
          "index_key": "images/hotel-3.jpg",
          "schema_version": 0,
          "attributes": {
            "acl": "private",
            "bucket": "aws-first-cloud-journey-69",
            "bucket_key_enabled": false,
            "cache_control": "",
            "content": null,
            "content_base64": null,
            "content_disposition": "",
            "content_encoding": "",
            "content_language": "",
            "content_type": "image/jpeg",
            "etag": "4f697c8328072ecedc2377540902294f",
            "force_destroy": false,
            "id": "images/hotel-3.jpg",
            "key": "images/hotel-3.jpg",
            "kms_key_id": null,
            "metadata": null,
            "object_lock_legal_hold_status": "",
            "object_lock_mode": "",
            "object_lock_retain_until_date": "",
            "server_side_encryption": "AES256",
            "source": "../../modules/storage/../../static-website/images/hotel-3.jpg",
            "source_hash": null,
            "storage_class": "STANDARD",
            "tags": null,
            "tags_all": {},
            "version_id": "",
            "website_redirect": ""
          },
          "sensitive_attributes": [],
          "private": "bnVsbA==",
          "dependencies": [
            "module.static_website.aws_s3_bucket.this"
          ]
        },
        {
          "index_key": "images/hotel-4.jpg",
          "schema_version": 0,
          "attributes": {
            "acl": "private",
            "bucket": "aws-first-cloud-journey-69",
            "bucket_key_enabled": false,
            "cache_control": "",
            "content": null,
            "content_base64": null,
            "content_disposition": "",
            "content_encoding": "",
            "content_language": "",
            "content_type": "image/jpeg",
            "etag": "cbe63f9627d4406ab77ab6517cf6e43d",
            "force_destroy": false,
            "id": "images/hotel-4.jpg",
            "key": "images/hotel-4.jpg",
            "kms_key_id": null,
            "metadata": null,
            "object_lock_legal_hold_status": "",
            "object_lock_mode": "",
            "object_lock_retain_until_date": "",
            "server_side_encryption": "AES256",
            "source": "../../modules/storage/../../static-website/images/hotel-4.jpg",
            "source_hash": null,
            "storage_class": "STANDARD",
            "tags": null,
            "tags_all": {},
            "version_id": "",
            "website_redirect": ""
          },
          "sensitive_attributes": [],
          "private": "bnVsbA==",
          "dependencies": [
            "module.static_website.aws_s3_bucket.this"
          ]
        },
        {
          "index_key": "images/hotel-5.jpg",
          "schema_version": 0,
          "attributes": {
            "acl": "private",
            "bucket": "aws-first-cloud-journey-69",
            "bucket_key_enabled": false,
            "cache_control": "",
            "content": null,
            "content_base64": null,
            "content_disposition": "",
            "content_encoding": "",
            "content_language": "",
            "content_type": "image/jpeg",
            "etag": "d99e6a3bc7e06cc0d6d43165995779a1",
            "force_destroy": false,
            "id": "images/hotel-5.jpg",
            "key": "images/hotel-5.jpg",
            "kms_key_id": null,
            "metadata": null,
            "object_lock_legal_hold_status": "",
            "object_lock_mode": "",
            "object_lock_retain_until_date": "",
            "server_side_encryption": "AES256",
            "source": "../../modules/storage/../../static-website/images/hotel-5.jpg",
            "source_hash": null,
            "storage_class": "STANDARD",
            "tags": null,
            "tags_all": {},
            "version_id": "",
            "website_redirect": ""
          },
          "sensitive_attributes": [],
          "private": "bnVsbA==",
          "dependencies": [
            "module.static_website.aws_s3_bucket.this"
          ]
        },
        {
          "index_key": "images/hotel-6.jpg",
          "schema_version": 0,
          "attributes": {
            "acl": "private",
            "bucket": "aws-first-cloud-journey-69",
            "bucket_key_enabled": false,
            "cache_control": "",
            "content": null,
            "content_base64": null,
            "content_disposition": "",
            "content_encoding": "",
            "content_language": "",
            "content_type": "image/jpeg",
            "etag": "aed7f0bf12d2050eadf9d8e74884a78f",
            "force_destroy": false,
            "id": "images/hotel-6.jpg",
            "key": "images/hotel-6.jpg",
            "kms_key_id": null,
            "metadata": null,
            "object_lock_legal_hold_status": "",
            "object_lock_mode": "",
            "object_lock_retain_until_date": "",
            "server_side_encryption": "AES256",
            "source": "../../modules/storage/../../static-website/images/hotel-6.jpg",
            "source_hash": null,
            "storage_class": "STANDARD",
            "tags": null,
            "tags_all": {},
            "version_id": "",
            "website_redirect": ""
          },
          "sensitive_attributes": [],
          "private": "bnVsbA==",
          "dependencies": [
            "module.static_website.aws_s3_bucket.this"
          ]
        },
        {
          "index_key": "images/hotel-7.jpg",
          "schema_version": 0,
          "attributes": {
            "acl": "private",
            "bucket": "aws-first-cloud-journey-69",
            "bucket_key_enabled": false,
            "cache_control": "",
            "content": null,
            "content_base64": null,
            "content_disposition": "",
            "content_encoding": "",
            "content_language": "",
            "content_type": "image/jpeg",
            "etag": "e9e0c8c389064b70e90c07a6734f0da2",
            "force_destroy": false,
            "id": "images/hotel-7.jpg",
            "key": "images/hotel-7.jpg",
            "kms_key_id": null,
            "metadata": null,
            "object_lock_legal_hold_status": "",
            "object_lock_mode": "",
            "object_lock_retain_until_date": "",
            "server_side_encryption": "AES256",
            "source": "../../modules/storage/../../static-website/images/hotel-7.jpg",
            "source_hash": null,
            "storage_class": "STANDARD",
            "tags": null,
            "tags_all": {},
            "version_id": "",
            "website_redirect": ""
          },
          "sensitive_attributes": [],
          "private": "bnVsbA==",
          "dependencies": [
            "module.static_website.aws_s3_bucket.this"
          ]
        },
        {
          "index_key": "images/hotel-8.jpg",
          "schema_version": 0,
          "attributes": {
            "acl": "private",
            "bucket": "aws-first-cloud-journey-69",
            "bucket_key_enabled": false,
            "cache_control": "",
            "content": null,
            "content_base64": null,
            "content_disposition": "",
            "content_encoding": "",
            "content_language": "",
            "content_type": "image/jpeg",
            "etag": "507a3c8af745d8c7d6a8b0dc896b3c2f",
            "force_destroy": false,
            "id": "images/hotel-8.jpg",
            "key": "images/hotel-8.jpg",
            "kms_key_id": null,
            "metadata": null,
            "object_lock_legal_hold_status": "",
            "object_lock_mode": "",
            "object_lock_retain_until_date": "",
            "server_side_encryption": "AES256",
            "source": "../../modules/storage/../../static-website/images/hotel-8.jpg",
            "source_hash": null,
            "storage_class": "STANDARD",
            "tags": null,
            "tags_all": {},
            "version_id": "",
            "website_redirect": ""
          },
          "sensitive_attributes": [],
          "private": "bnVsbA==",
          "dependencies": [
            "module.static_website.aws_s3_bucket.this"
          ]
        },
        {
          "index_key": "images/hotel-9.jpg",
          "schema_version": 0,
          "attributes": {
            "acl": "private",
            "bucket": "aws-first-cloud-journey-69",
            "bucket_key_enabled": false,
            "cache_control": "",
            "content": null,
            "content_base64": null,
            "content_disposition": "",
            "content_encoding": "",
            "content_language": "",
            "content_type": "image/jpeg",
            "etag": "5e19eb990e88472e93e0e460c1ed3188",
            "force_destroy": false,
            "id": "images/hotel-9.jpg",
            "key": "images/hotel-9.jpg",
            "kms_key_id": null,
            "metadata": null,
            "object_lock_legal_hold_status": "",
            "object_lock_mode": "",
            "object_lock_retain_until_date": "",
            "server_side_encryption": "AES256",
            "source": "../../modules/storage/../../static-website/images/hotel-9.jpg",
            "source_hash": null,
            "storage_class": "STANDARD",
            "tags": null,
            "tags_all": {},
            "version_id": "",
            "website_redirect": ""
          },
          "sensitive_attributes": [],
          "private": "bnVsbA==",
          "dependencies": [
            "module.static_website.aws_s3_bucket.this"
          ]
        },
        {
          "index_key": "images/img_bg_1.jpg",
          "schema_version": 0,
          "attributes": {
            "acl": "private",
            "bucket": "aws-first-cloud-journey-69",
            "bucket_key_enabled": false,
            "cache_control": "",
            "content": null,
            "content_base64": null,
            "content_disposition": "",
            "content_encoding": "",
            "content_language": "",
            "content_type": "image/jpeg",
            "etag": "6c61562a44c5701024550286b69e8033",
            "force_destroy": false,
            "id": "images/img_bg_1.jpg",
            "key": "images/img_bg_1.jpg",
            "kms_key_id": null,
            "metadata": null,
            "object_lock_legal_hold_status": "",
            "object_lock_mode": "",
            "object_lock_retain_until_date": "",
            "server_side_encryption": "AES256",
            "source": "../../modules/storage/../../static-website/images/img_bg_1.jpg",
            "source_hash": null,
            "storage_class": "STANDARD",
            "tags": null,
            "tags_all": {},
            "version_id": "",
            "website_redirect": ""
          },
          "sensitive_attributes": [],
          "private": "bnVsbA==",
          "dependencies": [
            "module.static_website.aws_s3_bucket.this"
          ]
        },
        {
          "index_key": "images/img_bg_2.jpg",
          "schema_version": 0,
          "attributes": {
            "acl": "private",
            "bucket": "aws-first-cloud-journey-69",
            "bucket_key_enabled": false,
            "cache_control": "",
            "content": null,
            "content_base64": null,
            "content_disposition": "",
            "content_encoding": "",
            "content_language": "",
            "content_type": "image/jpeg",
            "etag": "8edd5dbb46bd24c6dc516d6914ac0be5",
            "force_destroy": false,
            "id": "images/img_bg_2.jpg",
            "key": "images/img_bg_2.jpg",
            "kms_key_id": null,
            "metadata": null,
            "object_lock_legal_hold_status": "",
            "object_lock_mode": "",
            "object_lock_retain_until_date": "",
            "server_side_encryption": "AES256",
            "source": "../../modules/storage/../../static-website/images/img_bg_2.jpg",
            "source_hash": null,
            "storage_class": "STANDARD",
            "tags": null,
            "tags_all": {},
            "version_id": "",
            "website_redirect": ""
          },
          "sensitive_attributes": [],
          "private": "bnVsbA==",
          "dependencies": [
            "module.static_website.aws_s3_bucket.this"
          ]
        },
        {
          "index_key": "images/img_bg_3.jpg",
          "schema_version": 0,
          "attributes": {
            "acl": "private",
            "bucket": "aws-first-cloud-journey-69",
            "bucket_key_enabled": false,
            "cache_control": "",
            "content": null,
            "content_base64": null,
            "content_disposition": "",
            "content_encoding": "",
            "content_language": "",
            "content_type": "image/jpeg",
            "etag": "f4c155fa469d544d5835a99e32a39a7b",
            "force_destroy": false,
            "id": "images/img_bg_3.jpg",
            "key": "images/img_bg_3.jpg",
            "kms_key_id": null,
            "metadata": null,
            "object_lock_legal_hold_status": "",
            "object_lock_mode": "",
            "object_lock_retain_until_date": "",
            "server_side_encryption": "AES256",
            "source": "../../modules/storage/../../static-website/images/img_bg_3.jpg",
            "source_hash": null,
            "storage_class": "STANDARD",
            "tags": null,
            "tags_all": {},
            "version_id": "",
            "website_redirect": ""
          },
          "sensitive_attributes": [],
          "private": "bnVsbA==",
          "dependencies": [
            "module.static_website.aws_s3_bucket.this"
          ]
        },
        {
          "index_key": "images/img_bg_4.jpg",
          "schema_version": 0,
          "attributes": {
            "acl": "private",
            "bucket": "aws-first-cloud-journey-69",
            "bucket_key_enabled": false,
            "cache_control": "",
            "content": null,
            "content_base64": null,
            "content_disposition": "",
            "content_encoding": "",
            "content_language": "",
            "content_type": "image/jpeg",
            "etag": "4fe28af1474c428a5abf7b97aad12ed3",
            "force_destroy": false,
            "id": "images/img_bg_4.jpg",
            "key": "images/img_bg_4.jpg",
            "kms_key_id": null,
            "metadata": null,
            "object_lock_legal_hold_status": "",
            "object_lock_mode": "",
            "object_lock_retain_until_date": "",
            "server_side_encryption": "AES256",
            "source": "../../modules/storage/../../static-website/images/img_bg_4.jpg",
            "source_hash": null,
            "storage_class": "STANDARD",
            "tags": null,
            "tags_all": {},
            "version_id": "",
            "website_redirect": ""
          },
          "sensitive_attributes": [],
          "private": "bnVsbA==",
          "dependencies": [
            "module.static_website.aws_s3_bucket.this"
          ]
        },
        {
          "index_key": "images/img_bg_5.jpg",
          "schema_version": 0,
          "attributes": {
            "acl": "private",
            "bucket": "aws-first-cloud-journey-69",
            "bucket_key_enabled": false,
            "cache_control": "",
            "content": null,
            "content_base64": null,
            "content_disposition": "",
            "content_encoding": "",
            "content_language": "",
            "content_type": "image/jpeg",
            "etag": "e36432e263cec0f98fcd1cbb6b741a4a",
            "force_destroy": false,
            "id": "images/img_bg_5.jpg",
            "key": "images/img_bg_5.jpg",
            "kms_key_id": null,
            "metadata": null,
            "object_lock_legal_hold_status": "",
            "object_lock_mode": "",
            "object_lock_retain_until_date": "",
            "server_side_encryption": "AES256",
            "source": "../../modules/storage/../../static-website/images/img_bg_5.jpg",
            "source_hash": null,
            "storage_class": "STANDARD",
            "tags": null,
            "tags_all": {},
            "version_id": "",
            "website_redirect": ""
          },
          "sensitive_attributes": [],
          "private": "bnVsbA==",
          "dependencies": [
            "module.static_website.aws_s3_bucket.this"
          ]
        },
        {
          "index_key": "images/loader.gif",
          "schema_version": 0,
          "attributes": {
            "acl": "private",
            "bucket": "aws-first-cloud-journey-69",
            "bucket_key_enabled": false,
            "cache_control": "",
            "content": null,
            "content_base64": null,
            "content_disposition": "",
            "content_encoding": "",
            "content_language": "",
            "content_type": "image/gif",
            "etag": "95d64a3d5f5958f597b0a1003e927d3f",
            "force_destroy": false,
            "id": "images/loader.gif",
            "key": "images/loader.gif",
            "kms_key_id": null,
            "metadata": null,
            "object_lock_legal_hold_status": "",
            "object_lock_mode": "",
            "object_lock_retain_until_date": "",
            "server_side_encryption": "AES256",
            "source": "../../modules/storage/../../static-website/images/loader.gif",
            "source_hash": null,
            "storage_class": "STANDARD",
            "tags": null,
            "tags_all": {},
            "version_id": "",
            "website_redirect": ""
          },
          "sensitive_attributes": [],
          "private": "bnVsbA==",
          "dependencies": [
            "module.static_website.aws_s3_bucket.this"
          ]
        },
        {
          "index_key": "images/loc.png",
          "schema_version": 0,
          "attributes": {
            "acl": "private",
            "bucket": "aws-first-cloud-journey-69",
            "bucket_key_enabled": false,
            "cache_control": "",
            "content": null,
            "content_base64": null,
            "content_disposition": "",
            "content_encoding": "",
            "content_language": "",
            "content_type": "image/png",
            "etag": "9d8916493383ddbaebdef5721bda9072",
            "force_destroy": false,
            "id": "images/loc.png",
            "key": "images/loc.png",
            "kms_key_id": null,
            "metadata": null,
            "object_lock_legal_hold_status": "",
            "object_lock_mode": "",
            "object_lock_retain_until_date": "",
            "server_side_encryption": "AES256",
            "source": "../../modules/storage/../../static-website/images/loc.png",
            "source_hash": null,
            "storage_class": "STANDARD",
            "tags": null,
            "tags_all": {},
            "version_id": "",
            "website_redirect": ""
          },
          "sensitive_attributes": [],
          "private": "bnVsbA==",
          "dependencies": [
            "module.static_website.aws_s3_bucket.this"
          ]
        },
        {
          "index_key": "images/person1.jpg",
          "schema_version": 0,
          "attributes": {
            "acl": "private",
            "bucket": "aws-first-cloud-journey-69",
            "bucket_key_enabled": false,
            "cache_control": "",
            "content": null,
            "content_base64": null,
            "content_disposition": "",
            "content_encoding": "",
            "content_language": "",
            "content_type": "image/jpeg",
            "etag": "bc2154f52201b62db8e94368e8335674",
            "force_destroy": false,
            "id": "images/person1.jpg",
            "key": "images/person1.jpg",
            "kms_key_id": null,
            "metadata": null,
            "object_lock_legal_hold_status": "",
            "object_lock_mode": "",
            "object_lock_retain_until_date": "",
            "server_side_encryption": "AES256",
            "source": "../../modules/storage/../../static-website/images/person1.jpg",
            "source_hash": null,
            "storage_class": "STANDARD",
            "tags": null,
            "tags_all": {},
            "version_id": "",
            "website_redirect": ""
          },
          "sensitive_attributes": [],
          "private": "bnVsbA==",
          "dependencies": [
            "module.static_website.aws_s3_bucket.this"
          ]
        },
        {
          "index_key": "images/person2.jpg",
          "schema_version": 0,
          "attributes": {
            "acl": "private",
            "bucket": "aws-first-cloud-journey-69",
            "bucket_key_enabled": false,
            "cache_control": "",
            "content": null,
            "content_base64": null,
            "content_disposition": "",
            "content_encoding": "",
            "content_language": "",
            "content_type": "image/jpeg",
            "etag": "2a56d0250d8d68b723720a0bd2b09402",
            "force_destroy": false,
            "id": "images/person2.jpg",
            "key": "images/person2.jpg",
            "kms_key_id": null,
            "metadata": null,
            "object_lock_legal_hold_status": "",
            "object_lock_mode": "",
            "object_lock_retain_until_date": "",
            "server_side_encryption": "AES256",
            "source": "../../modules/storage/../../static-website/images/person2.jpg",
            "source_hash": null,
            "storage_class": "STANDARD",
            "tags": null,
            "tags_all": {},
            "version_id": "",
            "website_redirect": ""
          },
          "sensitive_attributes": [],
          "private": "bnVsbA==",
          "dependencies": [
            "module.static_website.aws_s3_bucket.this"
          ]
        },
        {
          "index_key": "images/person3.jpg",
          "schema_version": 0,
          "attributes": {
            "acl": "private",
            "bucket": "aws-first-cloud-journey-69",
            "bucket_key_enabled": false,
            "cache_control": "",
            "content": null,
            "content_base64": null,
            "content_disposition": "",
            "content_encoding": "",
            "content_language": "",
            "content_type": "image/jpeg",
            "etag": "5e9c59c62f7246d2fbf83a199bb11a3f",
            "force_destroy": false,
            "id": "images/person3.jpg",
            "key": "images/person3.jpg",
            "kms_key_id": null,
            "metadata": null,
            "object_lock_legal_hold_status": "",
            "object_lock_mode": "",
            "object_lock_retain_until_date": "",
            "server_side_encryption": "AES256",
            "source": "../../modules/storage/../../static-website/images/person3.jpg",
            "source_hash": null,
            "storage_class": "STANDARD",
            "tags": null,
            "tags_all": {},
            "version_id": "",
            "website_redirect": ""
          },
          "sensitive_attributes": [],
          "private": "bnVsbA==",
          "dependencies": [
            "module.static_website.aws_s3_bucket.this"
          ]
        },
        {
          "index_key": "images/room-1.jpg",
          "schema_version": 0,
          "attributes": {
            "acl": "private",
            "bucket": "aws-first-cloud-journey-69",
            "bucket_key_enabled": false,
            "cache_control": "",
            "content": null,
            "content_base64": null,
            "content_disposition": "",
            "content_encoding": "",
            "content_language": "",
            "content_type": "image/jpeg",
            "etag": "c3aa0126222d80cc3bc9dde8e4277c66",
            "force_destroy": false,
            "id": "images/room-1.jpg",
            "key": "images/room-1.jpg",
            "kms_key_id": null,
            "metadata": null,
            "object_lock_legal_hold_status": "",
            "object_lock_mode": "",
            "object_lock_retain_until_date": "",
            "server_side_encryption": "AES256",
            "source": "../../modules/storage/../../static-website/images/room-1.jpg",
            "source_hash": null,
            "storage_class": "STANDARD",
            "tags": null,
            "tags_all": {},
            "version_id": "",
            "website_redirect": ""
          },
          "sensitive_attributes": [],
          "private": "bnVsbA==",
          "dependencies": [
            "module.static_website.aws_s3_bucket.this"
          ]
        },
        {
          "index_key": "images/room-2.jpg",
          "schema_version": 0,
          "attributes": {
            "acl": "private",
            "bucket": "aws-first-cloud-journey-69",
            "bucket_key_enabled": false,
            "cache_control": "",
            "content": null,
            "content_base64": null,
            "content_disposition": "",
            "content_encoding": "",
            "content_language": "",
            "content_type": "image/jpeg",
            "etag": "1bf96bb50d9688c9b1db7c1c1f540444",
            "force_destroy": false,
            "id": "images/room-2.jpg",
            "key": "images/room-2.jpg",
            "kms_key_id": null,
            "metadata": null,
            "object_lock_legal_hold_status": "",
            "object_lock_mode": "",
            "object_lock_retain_until_date": "",
            "server_side_encryption": "AES256",
            "source": "../../modules/storage/../../static-website/images/room-2.jpg",
            "source_hash": null,
            "storage_class": "STANDARD",
            "tags": null,
            "tags_all": {},
            "version_id": "",
            "website_redirect": ""
          },
          "sensitive_attributes": [],
          "private": "bnVsbA==",
          "dependencies": [
            "module.static_website.aws_s3_bucket.this"
          ]
        },
        {
          "index_key": "images/room-3.jpg",
          "schema_version": 0,
          "attributes": {
            "acl": "private",
            "bucket": "aws-first-cloud-journey-69",
            "bucket_key_enabled": false,
            "cache_control": "",
            "content": null,
            "content_base64": null,
            "content_disposition": "",
            "content_encoding": "",
            "content_language": "",
            "content_type": "image/jpeg",
            "etag": "bdc94bf2a4a9af1821ee2152e5bfa67f",
            "force_destroy": false,
            "id": "images/room-3.jpg",
            "key": "images/room-3.jpg",
            "kms_key_id": null,
            "metadata": null,
            "object_lock_legal_hold_status": "",
            "object_lock_mode": "",
            "object_lock_retain_until_date": "",
            "server_side_encryption": "AES256",
            "source": "../../modules/storage/../../static-website/images/room-3.jpg",
            "source_hash": null,
            "storage_class": "STANDARD",
            "tags": null,
            "tags_all": {},
            "version_id": "",
            "website_redirect": ""
          },
          "sensitive_attributes": [],
          "private": "bnVsbA==",
          "dependencies": [
            "module.static_website.aws_s3_bucket.this"
          ]
        },
        {
          "index_key": "images/room-4.jpg",
          "schema_version": 0,
          "attributes": {
            "acl": "private",
            "bucket": "aws-first-cloud-journey-69",
            "bucket_key_enabled": false,
            "cache_control": "",
            "content": null,
            "content_base64": null,
            "content_disposition": "",
            "content_encoding": "",
            "content_language": "",
            "content_type": "image/jpeg",
            "etag": "7d101bcec921581cd4d1242e85a000a5",
            "force_destroy": false,
            "id": "images/room-4.jpg",
            "key": "images/room-4.jpg",
            "kms_key_id": null,
            "metadata": null,
            "object_lock_legal_hold_status": "",
            "object_lock_mode": "",
            "object_lock_retain_until_date": "",
            "server_side_encryption": "AES256",
            "source": "../../modules/storage/../../static-website/images/room-4.jpg",
            "source_hash": null,
            "storage_class": "STANDARD",
            "tags": null,
            "tags_all": {},
            "version_id": "",
            "website_redirect": ""
          },
          "sensitive_attributes": [],
          "private": "bnVsbA==",
          "dependencies": [
            "module.static_website.aws_s3_bucket.this"
          ]
        },
        {
          "index_key": "images/room-5.jpg",
          "schema_version": 0,
          "attributes": {
            "acl": "private",
            "bucket": "aws-first-cloud-journey-69",
            "bucket_key_enabled": false,
            "cache_control": "",
            "content": null,
            "content_base64": null,
            "content_disposition": "",
            "content_encoding": "",
            "content_language": "",
            "content_type": "image/jpeg",
            "etag": "990cb28ff5f3b37dc9b86562363ad921",
            "force_destroy": false,
            "id": "images/room-5.jpg",
            "key": "images/room-5.jpg",
            "kms_key_id": null,
            "metadata": null,
            "object_lock_legal_hold_status": "",
            "object_lock_mode": "",
            "object_lock_retain_until_date": "",
            "server_side_encryption": "AES256",
            "source": "../../modules/storage/../../static-website/images/room-5.jpg",
            "source_hash": null,
            "storage_class": "STANDARD",
            "tags": null,
            "tags_all": {},
            "version_id": "",
            "website_redirect": ""
          },
          "sensitive_attributes": [],
          "private": "bnVsbA==",
          "dependencies": [
            "module.static_website.aws_s3_bucket.this"
          ]
        },
        {
          "index_key": "images/room-6.jpg",
          "schema_version": 0,
          "attributes": {
            "acl": "private",
            "bucket": "aws-first-cloud-journey-69",
            "bucket_key_enabled": false,
            "cache_control": "",
            "content": null,
            "content_base64": null,
            "content_disposition": "",
            "content_encoding": "",
            "content_language": "",
            "content_type": "image/jpeg",
            "etag": "639a175c15519741457d2957640df192",
            "force_destroy": false,
            "id": "images/room-6.jpg",
            "key": "images/room-6.jpg",
            "kms_key_id": null,
            "metadata": null,
            "object_lock_legal_hold_status": "",
            "object_lock_mode": "",
            "object_lock_retain_until_date": "",
            "server_side_encryption": "AES256",
            "source": "../../modules/storage/../../static-website/images/room-6.jpg",
            "source_hash": null,
            "storage_class": "STANDARD",
            "tags": null,
            "tags_all": {},
            "version_id": "",
            "website_redirect": ""
          },
          "sensitive_attributes": [],
          "private": "bnVsbA==",
          "dependencies": [
            "module.static_website.aws_s3_bucket.this"
          ]
        },
        {
          "index_key": "images/tour-1.jpg",
          "schema_version": 0,
          "attributes": {
            "acl": "private",
            "bucket": "aws-first-cloud-journey-69",
            "bucket_key_enabled": false,
            "cache_control": "",
            "content": null,
            "content_base64": null,
            "content_disposition": "",
            "content_encoding": "",
            "content_language": "",
            "content_type": "image/jpeg",
            "etag": "b93ef272e94d2fd5174dcf2b0acc5558",
            "force_destroy": false,
            "id": "images/tour-1.jpg",
            "key": "images/tour-1.jpg",
            "kms_key_id": null,
            "metadata": null,
            "object_lock_legal_hold_status": "",
            "object_lock_mode": "",
            "object_lock_retain_until_date": "",
            "server_side_encryption": "AES256",
            "source": "../../modules/storage/../../static-website/images/tour-1.jpg",
            "source_hash": null,
            "storage_class": "STANDARD",
            "tags": null,
            "tags_all": {},
            "version_id": "",
            "website_redirect": ""
          },
          "sensitive_attributes": [],
          "private": "bnVsbA==",
          "dependencies": [
            "module.static_website.aws_s3_bucket.this"
          ]
        },
        {
          "index_key": "images/tour-2.jpg",
          "schema_version": 0,
          "attributes": {
            "acl": "private",
            "bucket": "aws-first-cloud-journey-69",
            "bucket_key_enabled": false,
            "cache_control": "",
            "content": null,
            "content_base64": null,
            "content_disposition": "",
            "content_encoding": "",
            "content_language": "",
            "content_type": "image/jpeg",
            "etag": "12760a471fd6ac8f6b89c2c5298baeac",
            "force_destroy": false,
            "id": "images/tour-2.jpg",
            "key": "images/tour-2.jpg",
            "kms_key_id": null,
            "metadata": null,
            "object_lock_legal_hold_status": "",
            "object_lock_mode": "",
            "object_lock_retain_until_date": "",
            "server_side_encryption": "AES256",
            "source": "../../modules/storage/../../static-website/images/tour-2.jpg",
            "source_hash": null,
            "storage_class": "STANDARD",
            "tags": null,
            "tags_all": {},
            "version_id": "",
            "website_redirect": ""
          },
          "sensitive_attributes": [],
          "private": "bnVsbA==",
          "dependencies": [
            "module.static_website.aws_s3_bucket.this"
          ]
        },
        {
          "index_key": "images/tour-3.jpg",
          "schema_version": 0,
          "attributes": {
            "acl": "private",
            "bucket": "aws-first-cloud-journey-69",
            "bucket_key_enabled": false,
            "cache_control": "",
            "content": null,
            "content_base64": null,
            "content_disposition": "",
            "content_encoding": "",
            "content_language": "",
            "content_type": "image/jpeg",
            "etag": "770e81a3d431f7d38def491b819b0cd9",
            "force_destroy": false,
            "id": "images/tour-3.jpg",
            "key": "images/tour-3.jpg",
            "kms_key_id": null,
            "metadata": null,
            "object_lock_legal_hold_status": "",
            "object_lock_mode": "",
            "object_lock_retain_until_date": "",
            "server_side_encryption": "AES256",
            "source": "../../modules/storage/../../static-website/images/tour-3.jpg",
            "source_hash": null,
            "storage_class": "STANDARD",
            "tags": null,
            "tags_all": {},
            "version_id": "",
            "website_redirect": ""
          },
          "sensitive_attributes": [],
          "private": "bnVsbA==",
          "dependencies": [
            "module.static_website.aws_s3_bucket.this"
          ]
        },
        {
          "index_key": "images/tour-4.jpg",
          "schema_version": 0,
          "attributes": {
            "acl": "private",
            "bucket": "aws-first-cloud-journey-69",
            "bucket_key_enabled": false,
            "cache_control": "",
            "content": null,
            "content_base64": null,
            "content_disposition": "",
            "content_encoding": "",
            "content_language": "",
            "content_type": "image/jpeg",
            "etag": "ebaccdd1fade0d58db615f84f49220a1",
            "force_destroy": false,
            "id": "images/tour-4.jpg",
            "key": "images/tour-4.jpg",
            "kms_key_id": null,
            "metadata": null,
            "object_lock_legal_hold_status": "",
            "object_lock_mode": "",
            "object_lock_retain_until_date": "",
            "server_side_encryption": "AES256",
            "source": "../../modules/storage/../../static-website/images/tour-4.jpg",
            "source_hash": null,
            "storage_class": "STANDARD",
            "tags": null,
            "tags_all": {},
            "version_id": "",
            "website_redirect": ""
          },
          "sensitive_attributes": [],
          "private": "bnVsbA==",
          "dependencies": [
            "module.static_website.aws_s3_bucket.this"
          ]
        },
        {
          "index_key": "images/tour-5.jpg",
          "schema_version": 0,
          "attributes": {
            "acl": "private",
            "bucket": "aws-first-cloud-journey-69",
            "bucket_key_enabled": false,
            "cache_control": "",
            "content": null,
            "content_base64": null,
            "content_disposition": "",
            "content_encoding": "",
            "content_language": "",
            "content_type": "image/jpeg",
            "etag": "df4fbaeded16220df2e1312fedc43440",
            "force_destroy": false,
            "id": "images/tour-5.jpg",
            "key": "images/tour-5.jpg",
            "kms_key_id": null,
            "metadata": null,
            "object_lock_legal_hold_status": "",
            "object_lock_mode": "",
            "object_lock_retain_until_date": "",
            "server_side_encryption": "AES256",
            "source": "../../modules/storage/../../static-website/images/tour-5.jpg",
            "source_hash": null,
            "storage_class": "STANDARD",
            "tags": null,
            "tags_all": {},
            "version_id": "",
            "website_redirect": ""
          },
          "sensitive_attributes": [],
          "private": "bnVsbA==",
          "dependencies": [
            "module.static_website.aws_s3_bucket.this"
          ]
        },
        {
          "index_key": "images/tour-6.jpg",
          "schema_version": 0,
          "attributes": {
            "acl": "private",
            "bucket": "aws-first-cloud-journey-69",
            "bucket_key_enabled": false,
            "cache_control": "",
            "content": null,
            "content_base64": null,
            "content_disposition": "",
            "content_encoding": "",
            "content_language": "",
            "content_type": "image/jpeg",
            "etag": "623cc7f0dfd140e311532188ae3c9a97",
            "force_destroy": false,
            "id": "images/tour-6.jpg",
            "key": "images/tour-6.jpg",
            "kms_key_id": null,
            "metadata": null,
            "object_lock_legal_hold_status": "",
            "object_lock_mode": "",
            "object_lock_retain_until_date": "",
            "server_side_encryption": "AES256",
            "source": "../../modules/storage/../../static-website/images/tour-6.jpg",
            "source_hash": null,
            "storage_class": "STANDARD",
            "tags": null,
            "tags_all": {},
            "version_id": "",
            "website_redirect": ""
          },
          "sensitive_attributes": [],
          "private": "bnVsbA==",
          "dependencies": [
            "module.static_website.aws_s3_bucket.this"
          ]
        },
        {
          "index_key": "images/tour-7.jpg",
          "schema_version": 0,
          "attributes": {
            "acl": "private",
            "bucket": "aws-first-cloud-journey-69",
            "bucket_key_enabled": false,
            "cache_control": "",
            "content": null,
            "content_base64": null,
            "content_disposition": "",
            "content_encoding": "",
            "content_language": "",
            "content_type": "image/jpeg",
            "etag": "8ef2dcdaec8f0cf90bf76cd6e126ecc8",
            "force_destroy": false,
            "id": "images/tour-7.jpg",
            "key": "images/tour-7.jpg",
            "kms_key_id": null,
            "metadata": null,
            "object_lock_legal_hold_status": "",
            "object_lock_mode": "",
            "object_lock_retain_until_date": "",
            "server_side_encryption": "AES256",
            "source": "../../modules/storage/../../static-website/images/tour-7.jpg",
            "source_hash": null,
            "storage_class": "STANDARD",
            "tags": null,
            "tags_all": {},
            "version_id": "",
            "website_redirect": ""
          },
          "sensitive_attributes": [],
          "private": "bnVsbA==",
          "dependencies": [
            "module.static_website.aws_s3_bucket.this"
          ]
        },
        {
          "index_key": "images/tour-8.jpg",
          "schema_version": 0,
          "attributes": {
            "acl": "private",
            "bucket": "aws-first-cloud-journey-69",
            "bucket_key_enabled": false,
            "cache_control": "",
            "content": null,
            "content_base64": null,
            "content_disposition": "",
            "content_encoding": "",
            "content_language": "",
            "content_type": "image/jpeg",
            "etag": "3cb1ce2a46472cc7a2325084d6c40c96",
            "force_destroy": false,
            "id": "images/tour-8.jpg",
            "key": "images/tour-8.jpg",
            "kms_key_id": null,
            "metadata": null,
            "object_lock_legal_hold_status": "",
            "object_lock_mode": "",
            "object_lock_retain_until_date": "",
            "server_side_encryption": "AES256",
            "source": "../../modules/storage/../../static-website/images/tour-8.jpg",
            "source_hash": null,
            "storage_class": "STANDARD",
            "tags": null,
            "tags_all": {},
            "version_id": "",
            "website_redirect": ""
          },
          "sensitive_attributes": [],
          "private": "bnVsbA==",
          "dependencies": [
            "module.static_website.aws_s3_bucket.this"
          ]
        },
        {
          "index_key": "index.html",
          "schema_version": 0,
          "attributes": {
            "acl": "private",
            "bucket": "aws-first-cloud-journey-69",
            "bucket_key_enabled": false,
            "cache_control": "",
            "content": null,
            "content_base64": null,
            "content_disposition": "",
            "content_encoding": "",
            "content_language": "",
            "content_type": "text/html; charset=utf-8",
            "etag": "214ce32eb7f339a0f61925bb4cdfb812",
            "force_destroy": false,
            "id": "index.html",
            "key": "index.html",
            "kms_key_id": null,
            "metadata": null,
            "object_lock_legal_hold_status": "",
            "object_lock_mode": "",
            "object_lock_retain_until_date": "",
            "server_side_encryption": "AES256",
            "source": "../../modules/storage/../../static-website/index.html",
            "source_hash": null,
            "storage_class": "STANDARD",
            "tags": null,
            "tags_all": {},
            "version_id": "",
            "website_redirect": ""
          },
          "sensitive_attributes": [],
          "private": "bnVsbA==",
          "dependencies": [
            "module.static_website.aws_s3_bucket.this"
          ]
        },
        {
          "index_key": "js/.DS_Store",
          "schema_version": 0,
          "attributes": {
            "acl": "private",
            "bucket": "aws-first-cloud-journey-69",
            "bucket_key_enabled": false,
            "cache_control": "",
            "content": null,
            "content_base64": null,
            "content_disposition": "",
            "content_encoding": "",
            "content_language": "",
            "content_type": "application/octet-stream",
            "etag": "5dabe7a9b3e39d721d536f97fec64bcd",
            "force_destroy": false,
            "id": "js/.DS_Store",
            "key": "js/.DS_Store",
            "kms_key_id": null,
            "metadata": null,
            "object_lock_legal_hold_status": "",
            "object_lock_mode": "",
            "object_lock_retain_until_date": "",
            "server_side_encryption": "AES256",
            "source": "../../modules/storage/../../static-website/js/.DS_Store",
            "source_hash": null,
            "storage_class": "STANDARD",
            "tags": null,
            "tags_all": {},
            "version_id": "",
            "website_redirect": ""
          },
          "sensitive_attributes": [],
          "private": "bnVsbA==",
          "dependencies": [
            "module.static_website.aws_s3_bucket.this"
          ]
        },
        {
          "index_key": "js/bootstrap-datepicker.js",
          "schema_version": 0,
          "attributes": {
            "acl": "private",
            "bucket": "aws-first-cloud-journey-69",
            "bucket_key_enabled": false,
            "cache_control": "",
            "content": null,
            "content_base64": null,
            "content_disposition": "",
            "content_encoding": "",
            "content_language": "",
            "content_type": "application/javascript",
            "etag": "2b28bee684315ebcadec4a6b63cc146d",
            "force_destroy": false,
            "id": "js/bootstrap-datepicker.js",
            "key": "js/bootstrap-datepicker.js",
            "kms_key_id": null,
            "metadata": null,
            "object_lock_legal_hold_status": "",
            "object_lock_mode": "",
            "object_lock_retain_until_date": "",
            "server_side_encryption": "AES256",
            "source": "../../modules/storage/../../static-website/js/bootstrap-datepicker.js",
            "source_hash": null,
            "storage_class": "STANDARD",
            "tags": null,
            "tags_all": {},
            "version_id": "",
            "website_redirect": ""
          },
          "sensitive_attributes": [],
          "private": "bnVsbA==",
          "dependencies": [
            "module.static_website.aws_s3_bucket.this"
          ]
        },
        {
          "index_key": "js/bootstrap.min.js",
          "schema_version": 0,
          "attributes": {
            "acl": "private",
            "bucket": "aws-first-cloud-journey-69",
            "bucket_key_enabled": false,
            "cache_control": "",
            "content": null,
            "content_base64": null,
            "content_disposition": "",
            "content_encoding": "",
            "content_language": "",
            "content_type": "application/javascript",
            "etag": "4becdc9104623e891fbb9d38bba01be4",
            "force_destroy": false,
            "id": "js/bootstrap.min.js",
            "key": "js/bootstrap.min.js",
            "kms_key_id": null,
            "metadata": null,
            "object_lock_legal_hold_status": "",
            "object_lock_mode": "",
            "object_lock_retain_until_date": "",
            "server_side_encryption": "AES256",
            "source": "../../modules/storage/../../static-website/js/bootstrap.min.js",
            "source_hash": null,
            "storage_class": "STANDARD",
            "tags": null,
            "tags_all": {},
            "version_id": "",
            "website_redirect": ""
          },
          "sensitive_attributes": [],
          "private": "bnVsbA==",
          "dependencies": [
            "module.static_website.aws_s3_bucket.this"
          ]
        },
        {
          "index_key": "js/google_map.js",
          "schema_version": 0,
          "attributes": {
            "acl": "private",
            "bucket": "aws-first-cloud-journey-69",
            "bucket_key_enabled": false,
            "cache_control": "",
            "content": null,
            "content_base64": null,
            "content_disposition": "",
            "content_encoding": "",
            "content_language": "",
            "content_type": "application/javascript",
            "etag": "750f9658d772bb9b7d436466b2e88b11",
            "force_destroy": false,
            "id": "js/google_map.js",
            "key": "js/google_map.js",
            "kms_key_id": null,
            "metadata": null,
            "object_lock_legal_hold_status": "",
            "object_lock_mode": "",
            "object_lock_retain_until_date": "",
            "server_side_encryption": "AES256",
            "source": "../../modules/storage/../../static-website/js/google_map.js",
            "source_hash": null,
            "storage_class": "STANDARD",
            "tags": null,
            "tags_all": {},
            "version_id": "",
            "website_redirect": ""
          },
          "sensitive_attributes": [],
          "private": "bnVsbA==",
          "dependencies": [
            "module.static_website.aws_s3_bucket.this"
          ]
        },
        {
          "index_key": "js/jquery.countTo.js",
          "schema_version": 0,
          "attributes": {
            "acl": "private",
            "bucket": "aws-first-cloud-journey-69",
            "bucket_key_enabled": false,
            "cache_control": "",
            "content": null,
            "content_base64": null,
            "content_disposition": "",
            "content_encoding": "",
            "content_language": "",
            "content_type": "application/javascript",
            "etag": "0f48c1b00e0bc4c33ed8aacfba285409",
            "force_destroy": false,
            "id": "js/jquery.countTo.js",
            "key": "js/jquery.countTo.js",
            "kms_key_id": null,
            "metadata": null,
            "object_lock_legal_hold_status": "",
            "object_lock_mode": "",
            "object_lock_retain_until_date": "",
            "server_side_encryption": "AES256",
            "source": "../../modules/storage/../../static-website/js/jquery.countTo.js",
            "source_hash": null,
            "storage_class": "STANDARD",
            "tags": null,
            "tags_all": {},
            "version_id": "",
            "website_redirect": ""
          },
          "sensitive_attributes": [],
          "private": "bnVsbA==",
          "dependencies": [
            "module.static_website.aws_s3_bucket.this"
          ]
        },
        {
          "index_key": "js/jquery.easing.1.3.js",
          "schema_version": 0,
          "attributes": {
            "acl": "private",
            "bucket": "aws-first-cloud-journey-69",
            "bucket_key_enabled": false,
            "cache_control": "",
            "content": null,
            "content_base64": null,
            "content_disposition": "",
            "content_encoding": "",
            "content_language": "",
            "content_type": "application/javascript",
            "etag": "2cb90c06cfc2084e0e11ca2b8a10f6c9",
            "force_destroy": false,
            "id": "js/jquery.easing.1.3.js",
            "key": "js/jquery.easing.1.3.js",
            "kms_key_id": null,
            "metadata": null,
            "object_lock_legal_hold_status": "",
            "object_lock_mode": "",
            "object_lock_retain_until_date": "",
            "server_side_encryption": "AES256",
            "source": "../../modules/storage/../../static-website/js/jquery.easing.1.3.js",
            "source_hash": null,
            "storage_class": "STANDARD",
            "tags": null,
            "tags_all": {},
            "version_id": "",
            "website_redirect": ""
          },
          "sensitive_attributes": [],
          "private": "bnVsbA==",
          "dependencies": [
            "module.static_website.aws_s3_bucket.this"
          ]
        },
        {
          "index_key": "js/jquery.flexslider-min.js",
          "schema_version": 0,
          "attributes": {
            "acl": "private",
            "bucket": "aws-first-cloud-journey-69",
            "bucket_key_enabled": false,
            "cache_control": "",
            "content": null,
            "content_base64": null,
            "content_disposition": "",
            "content_encoding": "",
            "content_language": "",
            "content_type": "application/javascript",
            "etag": "d22c7a166ed20731c48d2f36ff1334ad",
            "force_destroy": false,
            "id": "js/jquery.flexslider-min.js",
            "key": "js/jquery.flexslider-min.js",
            "kms_key_id": null,
            "metadata": null,
            "object_lock_legal_hold_status": "",
            "object_lock_mode": "",
            "object_lock_retain_until_date": "",
            "server_side_encryption": "AES256",
            "source": "../../modules/storage/../../static-website/js/jquery.flexslider-min.js",
            "source_hash": null,
            "storage_class": "STANDARD",
            "tags": null,
            "tags_all": {},
            "version_id": "",
            "website_redirect": ""
          },
          "sensitive_attributes": [],
          "private": "bnVsbA==",
          "dependencies": [
            "module.static_website.aws_s3_bucket.this"
          ]
        },
        {
          "index_key": "js/jquery.magnific-popup.min.js",
          "schema_version": 0,
          "attributes": {
            "acl": "private",
            "bucket": "aws-first-cloud-journey-69",
            "bucket_key_enabled": false,
            "cache_control": "",
            "content": null,
            "content_base64": null,
            "content_disposition": "",
            "content_encoding": "",
            "content_language": "",
            "content_type": "application/javascript",
            "etag": "d9267d6dda814fd767e1df7bfbe7eb57",
            "force_destroy": false,
            "id": "js/jquery.magnific-popup.min.js",
            "key": "js/jquery.magnific-popup.min.js",
            "kms_key_id": null,
            "metadata": null,
            "object_lock_legal_hold_status": "",
            "object_lock_mode": "",
            "object_lock_retain_until_date": "",
            "server_side_encryption": "AES256",
            "source": "../../modules/storage/../../static-website/js/jquery.magnific-popup.min.js",
            "source_hash": null,
            "storage_class": "STANDARD",
            "tags": null,
            "tags_all": {},
            "version_id": "",
            "website_redirect": ""
          },
          "sensitive_attributes": [],
          "private": "bnVsbA==",
          "dependencies": [
            "module.static_website.aws_s3_bucket.this"
          ]
        },
        {
          "index_key": "js/jquery.min.js",
          "schema_version": 0,
          "attributes": {
            "acl": "private",
            "bucket": "aws-first-cloud-journey-69",
            "bucket_key_enabled": false,
            "cache_control": "",
            "content": null,
            "content_base64": null,
            "content_disposition": "",
            "content_encoding": "",
            "content_language": "",
            "content_type": "application/javascript",
            "etag": "4a356126b9573eb7bd1e9a7494737410",
            "force_destroy": false,
            "id": "js/jquery.min.js",
            "key": "js/jquery.min.js",
            "kms_key_id": null,
            "metadata": null,
            "object_lock_legal_hold_status": "",
            "object_lock_mode": "",
            "object_lock_retain_until_date": "",
            "server_side_encryption": "AES256",
            "source": "../../modules/storage/../../static-website/js/jquery.min.js",
            "source_hash": null,
            "storage_class": "STANDARD",
            "tags": null,
            "tags_all": {},
            "version_id": "",
            "website_redirect": ""
          },
          "sensitive_attributes": [],
          "private": "bnVsbA==",
          "dependencies": [
            "module.static_website.aws_s3_bucket.this"
          ]
        },
        {
          "index_key": "js/jquery.stellar.min.js",
          "schema_version": 0,
          "attributes": {
            "acl": "private",
            "bucket": "aws-first-cloud-journey-69",
            "bucket_key_enabled": false,
            "cache_control": "",
            "content": null,
            "content_base64": null,
            "content_disposition": "",
            "content_encoding": "",
            "content_language": "",
            "content_type": "application/javascript",
            "etag": "257c1e014bfdf359297cf2a80440a0ba",
            "force_destroy": false,
            "id": "js/jquery.stellar.min.js",
            "key": "js/jquery.stellar.min.js",
            "kms_key_id": null,
            "metadata": null,
            "object_lock_legal_hold_status": "",
            "object_lock_mode": "",
            "object_lock_retain_until_date": "",
            "server_side_encryption": "AES256",
            "source": "../../modules/storage/../../static-website/js/jquery.stellar.min.js",
            "source_hash": null,
            "storage_class": "STANDARD",
            "tags": null,
            "tags_all": {},
            "version_id": "",
            "website_redirect": ""
          },
          "sensitive_attributes": [],
          "private": "bnVsbA==",
          "dependencies": [
            "module.static_website.aws_s3_bucket.this"
          ]
        },
        {
          "index_key": "js/jquery.waypoints.min.js",
          "schema_version": 0,
          "attributes": {
            "acl": "private",
            "bucket": "aws-first-cloud-journey-69",
            "bucket_key_enabled": false,
            "cache_control": "",
            "content": null,
            "content_base64": null,
            "content_disposition": "",
            "content_encoding": "",
            "content_language": "",
            "content_type": "application/javascript",
            "etag": "28ef3dc306be44a30ec0d0ffe2bee109",
            "force_destroy": false,
            "id": "js/jquery.waypoints.min.js",
            "key": "js/jquery.waypoints.min.js",
            "kms_key_id": null,
            "metadata": null,
            "object_lock_legal_hold_status": "",
            "object_lock_mode": "",
            "object_lock_retain_until_date": "",
            "server_side_encryption": "AES256",
            "source": "../../modules/storage/../../static-website/js/jquery.waypoints.min.js",
            "source_hash": null,
            "storage_class": "STANDARD",
            "tags": null,
            "tags_all": {},
            "version_id": "",
            "website_redirect": ""
          },
          "sensitive_attributes": [],
          "private": "bnVsbA==",
          "dependencies": [
            "module.static_website.aws_s3_bucket.this"
          ]
        },
        {
          "index_key": "js/magnific-popup-options.js",
          "schema_version": 0,
          "attributes": {
            "acl": "private",
            "bucket": "aws-first-cloud-journey-69",
            "bucket_key_enabled": false,
            "cache_control": "",
            "content": null,
            "content_base64": null,
            "content_disposition": "",
            "content_encoding": "",
            "content_language": "",
            "content_type": "application/javascript",
            "etag": "4d0ac13384eabd37410f72ba8c33867a",
            "force_destroy": false,
            "id": "js/magnific-popup-options.js",
            "key": "js/magnific-popup-options.js",
            "kms_key_id": null,
            "metadata": null,
            "object_lock_legal_hold_status": "",
            "object_lock_mode": "",
            "object_lock_retain_until_date": "",
            "server_side_encryption": "AES256",
            "source": "../../modules/storage/../../static-website/js/magnific-popup-options.js",
            "source_hash": null,
            "storage_class": "STANDARD",
            "tags": null,
            "tags_all": {},
            "version_id": "",
            "website_redirect": ""
          },
          "sensitive_attributes": [],
          "private": "bnVsbA==",
          "dependencies": [
            "module.static_website.aws_s3_bucket.this"
          ]
        },
        {
          "index_key": "js/main.js",
          "schema_version": 0,
          "attributes": {
            "acl": "private",
            "bucket": "aws-first-cloud-journey-69",
            "bucket_key_enabled": false,
            "cache_control": "",
            "content": null,
            "content_base64": null,
            "content_disposition": "",
            "content_encoding": "",
            "content_language": "",
            "content_type": "application/javascript",
            "etag": "c2b5a6e246ddabb05542f8804798f8d6",
            "force_destroy": false,
            "id": "js/main.js",
            "key": "js/main.js",
            "kms_key_id": null,
            "metadata": null,
            "object_lock_legal_hold_status": "",
            "object_lock_mode": "",
            "object_lock_retain_until_date": "",
            "server_side_encryption": "AES256",
            "source": "../../modules/storage/../../static-website/js/main.js",
            "source_hash": null,
            "storage_class": "STANDARD",
            "tags": null,
            "tags_all": {},
            "version_id": "",
            "website_redirect": ""
          },
          "sensitive_attributes": [],
          "private": "bnVsbA==",
          "dependencies": [
            "module.static_website.aws_s3_bucket.this"
          ]
        },
        {
          "index_key": "js/modernizr-2.6.2.min.js",
          "schema_version": 0,
          "attributes": {
            "acl": "private",
            "bucket": "aws-first-cloud-journey-69",
            "bucket_key_enabled": false,
            "cache_control": "",
            "content": null,
            "content_base64": null,
            "content_disposition": "",
            "content_encoding": "",
            "content_language": "",
            "content_type": "application/javascript",
            "etag": "c3076c3133684f1acfb50014a2aa0876",
            "force_destroy": false,
            "id": "js/modernizr-2.6.2.min.js",
            "key": "js/modernizr-2.6.2.min.js",
            "kms_key_id": null,
            "metadata": null,
            "object_lock_legal_hold_status": "",
            "object_lock_mode": "",
            "object_lock_retain_until_date": "",
            "server_side_encryption": "AES256",
            "source": "../../modules/storage/../../static-website/js/modernizr-2.6.2.min.js",
            "source_hash": null,
            "storage_class": "STANDARD",
            "tags": null,
            "tags_all": {},
            "version_id": "",
            "website_redirect": ""
          },
          "sensitive_attributes": [],
          "private": "bnVsbA==",
          "dependencies": [
            "module.static_website.aws_s3_bucket.this"
          ]
        },
        {
          "index_key": "js/owl.carousel.min.js",
          "schema_version": 0,
          "attributes": {
            "acl": "private",
            "bucket": "aws-first-cloud-journey-69",
            "bucket_key_enabled": false,
            "cache_control": "",
            "content": null,
            "content_base64": null,
            "content_disposition": "",
            "content_encoding": "",
            "content_language": "",
            "content_type": "application/javascript",
            "etag": "ffaa3c82ad2c6e216e68aca44746e1be",
            "force_destroy": false,
            "id": "js/owl.carousel.min.js",
            "key": "js/owl.carousel.min.js",
            "kms_key_id": null,
            "metadata": null,
            "object_lock_legal_hold_status": "",
            "object_lock_mode": "",
            "object_lock_retain_until_date": "",
            "server_side_encryption": "AES256",
            "source": "../../modules/storage/../../static-website/js/owl.carousel.min.js",
            "source_hash": null,
            "storage_class": "STANDARD",
            "tags": null,
            "tags_all": {},
            "version_id": "",
            "website_redirect": ""
          },
          "sensitive_attributes": [],
          "private": "bnVsbA==",
          "dependencies": [
            "module.static_website.aws_s3_bucket.this"
          ]
        },
        {
          "index_key": "js/respond.min.js",
          "schema_version": 0,
          "attributes": {
            "acl": "private",
            "bucket": "aws-first-cloud-journey-69",
            "bucket_key_enabled": false,
            "cache_control": "",
            "content": null,
            "content_base64": null,
            "content_disposition": "",
            "content_encoding": "",
            "content_language": "",
            "content_type": "application/javascript",
            "etag": "fda355038387a38685fb8213c2c2374b",
            "force_destroy": false,
            "id": "js/respond.min.js",
            "key": "js/respond.min.js",
            "kms_key_id": null,
            "metadata": null,
            "object_lock_legal_hold_status": "",
            "object_lock_mode": "",
            "object_lock_retain_until_date": "",
            "server_side_encryption": "AES256",
            "source": "../../modules/storage/../../static-website/js/respond.min.js",
            "source_hash": null,
            "storage_class": "STANDARD",
            "tags": null,
            "tags_all": {},
            "version_id": "",
            "website_redirect": ""
          },
          "sensitive_attributes": [],
          "private": "bnVsbA==",
          "dependencies": [
            "module.static_website.aws_s3_bucket.this"
          ]
        },
        {
          "index_key": "sass/.DS_Store",
          "schema_version": 0,
          "attributes": {
            "acl": "private",
            "bucket": "aws-first-cloud-journey-69",
            "bucket_key_enabled": false,
            "cache_control": "",
            "content": null,
            "content_base64": null,
            "content_disposition": "",
            "content_encoding": "",
            "content_language": "",
            "content_type": "application/octet-stream",
            "etag": "9949a4c540a66de176a6f50b4c033c5d",
            "force_destroy": false,
            "id": "sass/.DS_Store",
            "key": "sass/.DS_Store",
            "kms_key_id": null,
            "metadata": null,
            "object_lock_legal_hold_status": "",
            "object_lock_mode": "",
            "object_lock_retain_until_date": "",
            "server_side_encryption": "AES256",
            "source": "../../modules/storage/../../static-website/sass/.DS_Store",
            "source_hash": null,
            "storage_class": "STANDARD",
            "tags": null,
            "tags_all": {},
            "version_id": "",
            "website_redirect": ""
          },
          "sensitive_attributes": [],
          "private": "bnVsbA==",
          "dependencies": [
            "module.static_website.aws_s3_bucket.this"
          ]
        },
        {
          "index_key": "sass/_bootstrap-compass.scss",
          "schema_version": 0,
          "attributes": {
            "acl": "private",
            "bucket": "aws-first-cloud-journey-69",
            "bucket_key_enabled": false,
            "cache_control": "",
            "content": null,
            "content_base64": null,
            "content_disposition": "",
            "content_encoding": "",
            "content_language": "",
            "content_type": "application/octet-stream",
            "etag": "3fec975e3405c6cd99c01b83edb1905f",
            "force_destroy": false,
            "id": "sass/_bootstrap-compass.scss",
            "key": "sass/_bootstrap-compass.scss",
            "kms_key_id": null,
            "metadata": null,
            "object_lock_legal_hold_status": "",
            "object_lock_mode": "",
            "object_lock_retain_until_date": "",
            "server_side_encryption": "AES256",
            "source": "../../modules/storage/../../static-website/sass/_bootstrap-compass.scss",
            "source_hash": null,
            "storage_class": "STANDARD",
            "tags": null,
            "tags_all": {},
            "version_id": "",
            "website_redirect": ""
          },
          "sensitive_attributes": [],
          "private": "bnVsbA==",
          "dependencies": [
            "module.static_website.aws_s3_bucket.this"
          ]
        },
        {
          "index_key": "sass/_bootstrap-mincer.scss",
          "schema_version": 0,
          "attributes": {
            "acl": "private",
            "bucket": "aws-first-cloud-journey-69",
            "bucket_key_enabled": false,
            "cache_control": "",
            "content": null,
            "content_base64": null,
            "content_disposition": "",
            "content_encoding": "",
            "content_language": "",
            "content_type": "application/octet-stream",
            "etag": "557a9bb02214d35a8499dd61dbb389ac",
            "force_destroy": false,
            "id": "sass/_bootstrap-mincer.scss",
            "key": "sass/_bootstrap-mincer.scss",
            "kms_key_id": null,
            "metadata": null,
            "object_lock_legal_hold_status": "",
            "object_lock_mode": "",
            "object_lock_retain_until_date": "",
            "server_side_encryption": "AES256",
            "source": "../../modules/storage/../../static-website/sass/_bootstrap-mincer.scss",
            "source_hash": null,
            "storage_class": "STANDARD",
            "tags": null,
            "tags_all": {},
            "version_id": "",
            "website_redirect": ""
          },
          "sensitive_attributes": [],
          "private": "bnVsbA==",
          "dependencies": [
            "module.static_website.aws_s3_bucket.this"
          ]
        },
        {
          "index_key": "sass/_bootstrap-sprockets.scss",
          "schema_version": 0,
          "attributes": {
            "acl": "private",
            "bucket": "aws-first-cloud-journey-69",
            "bucket_key_enabled": false,
            "cache_control": "",
            "content": null,
            "content_base64": null,
            "content_disposition": "",
            "content_encoding": "",
            "content_language": "",
            "content_type": "application/octet-stream",
            "etag": "1d4a4a20542be73f7e8d259e031e49e3",
            "force_destroy": false,
            "id": "sass/_bootstrap-sprockets.scss",
            "key": "sass/_bootstrap-sprockets.scss",
            "kms_key_id": null,
            "metadata": null,
            "object_lock_legal_hold_status": "",
            "object_lock_mode": "",
            "object_lock_retain_until_date": "",
            "server_side_encryption": "AES256",
            "source": "../../modules/storage/../../static-website/sass/_bootstrap-sprockets.scss",
            "source_hash": null,
            "storage_class": "STANDARD",
            "tags": null,
            "tags_all": {},
            "version_id": "",
            "website_redirect": ""
          },
          "sensitive_attributes": [],
          "private": "bnVsbA==",
          "dependencies": [
            "module.static_website.aws_s3_bucket.this"
          ]
        },
        {
          "index_key": "sass/bootstrap.scss",
          "schema_version": 0,
          "attributes": {
            "acl": "private",
            "bucket": "aws-first-cloud-journey-69",
            "bucket_key_enabled": false,
            "cache_control": "",
            "content": null,
            "content_base64": null,
            "content_disposition": "",
            "content_encoding": "",
            "content_language": "",
            "content_type": "application/octet-stream",
            "etag": "0ab0d3c1050a19d349cdbf78d65a276e",
            "force_destroy": false,
            "id": "sass/bootstrap.scss",
            "key": "sass/bootstrap.scss",
            "kms_key_id": null,
            "metadata": null,
            "object_lock_legal_hold_status": "",
            "object_lock_mode": "",
            "object_lock_retain_until_date": "",
            "server_side_encryption": "AES256",
            "source": "../../modules/storage/../../static-website/sass/bootstrap.scss",
            "source_hash": null,
            "storage_class": "STANDARD",
            "tags": null,
            "tags_all": {},
            "version_id": "",
            "website_redirect": ""
          },
          "sensitive_attributes": [],
          "private": "bnVsbA==",
          "dependencies": [
            "module.static_website.aws_s3_bucket.this"
          ]
        },
        {
          "index_key": "sass/bootstrap/.DS_Store",
          "schema_version": 0,
          "attributes": {
            "acl": "private",
            "bucket": "aws-first-cloud-journey-69",
            "bucket_key_enabled": false,
            "cache_control": "",
            "content": null,
            "content_base64": null,
            "content_disposition": "",
            "content_encoding": "",
            "content_language": "",
            "content_type": "application/octet-stream",
            "etag": "d16d7a97613cfb3c7362ba6af5b9c091",
            "force_destroy": false,
            "id": "sass/bootstrap/.DS_Store",
            "key": "sass/bootstrap/.DS_Store",
            "kms_key_id": null,
            "metadata": null,
            "object_lock_legal_hold_status": "",
            "object_lock_mode": "",
            "object_lock_retain_until_date": "",
            "server_side_encryption": "AES256",
            "source": "../../modules/storage/../../static-website/sass/bootstrap/.DS_Store",
            "source_hash": null,
            "storage_class": "STANDARD",
            "tags": null,
            "tags_all": {},
            "version_id": "",
            "website_redirect": ""
          },
          "sensitive_attributes": [],
          "private": "bnVsbA==",
          "dependencies": [
            "module.static_website.aws_s3_bucket.this"
          ]
        },
        {
          "index_key": "sass/bootstrap/_alerts.scss",
          "schema_version": 0,
          "attributes": {
            "acl": "private",
            "bucket": "aws-first-cloud-journey-69",
            "bucket_key_enabled": false,
            "cache_control": "",
            "content": null,
            "content_base64": null,
            "content_disposition": "",
            "content_encoding": "",
            "content_language": "",
            "content_type": "application/octet-stream",
            "etag": "c0e5396555dd4c70b9eeb314e4c4613d",
            "force_destroy": false,
            "id": "sass/bootstrap/_alerts.scss",
            "key": "sass/bootstrap/_alerts.scss",
            "kms_key_id": null,
            "metadata": null,
            "object_lock_legal_hold_status": "",
            "object_lock_mode": "",
            "object_lock_retain_until_date": "",
            "server_side_encryption": "AES256",
            "source": "../../modules/storage/../../static-website/sass/bootstrap/_alerts.scss",
            "source_hash": null,
            "storage_class": "STANDARD",
            "tags": null,
            "tags_all": {},
            "version_id": "",
            "website_redirect": ""
          },
          "sensitive_attributes": [],
          "private": "bnVsbA==",
          "dependencies": [
            "module.static_website.aws_s3_bucket.this"
          ]
        },
        {
          "index_key": "sass/bootstrap/_badges.scss",
          "schema_version": 0,
          "attributes": {
            "acl": "private",
            "bucket": "aws-first-cloud-journey-69",
            "bucket_key_enabled": false,
            "cache_control": "",
            "content": null,
            "content_base64": null,
            "content_disposition": "",
            "content_encoding": "",
            "content_language": "",
            "content_type": "application/octet-stream",
            "etag": "9384c5f60cf095ad09dc43173622d046",
            "force_destroy": false,
            "id": "sass/bootstrap/_badges.scss",
            "key": "sass/bootstrap/_badges.scss",
            "kms_key_id": null,
            "metadata": null,
            "object_lock_legal_hold_status": "",
            "object_lock_mode": "",
            "object_lock_retain_until_date": "",
            "server_side_encryption": "AES256",
            "source": "../../modules/storage/../../static-website/sass/bootstrap/_badges.scss",
            "source_hash": null,
            "storage_class": "STANDARD",
            "tags": null,
            "tags_all": {},
            "version_id": "",
            "website_redirect": ""
          },
          "sensitive_attributes": [],
          "private": "bnVsbA==",
          "dependencies": [
            "module.static_website.aws_s3_bucket.this"
          ]
        },
        {
          "index_key": "sass/bootstrap/_breadcrumbs.scss",
          "schema_version": 0,
          "attributes": {
            "acl": "private",
            "bucket": "aws-first-cloud-journey-69",
            "bucket_key_enabled": false,
            "cache_control": "",
            "content": null,
            "content_base64": null,
            "content_disposition": "",
            "content_encoding": "",
            "content_language": "",
            "content_type": "application/octet-stream",
            "etag": "24c93808be39b840a66e95bf3fe89ed2",
            "force_destroy": false,
            "id": "sass/bootstrap/_breadcrumbs.scss",
            "key": "sass/bootstrap/_breadcrumbs.scss",
            "kms_key_id": null,
            "metadata": null,
            "object_lock_legal_hold_status": "",
            "object_lock_mode": "",
            "object_lock_retain_until_date": "",
            "server_side_encryption": "AES256",
            "source": "../../modules/storage/../../static-website/sass/bootstrap/_breadcrumbs.scss",
            "source_hash": null,
            "storage_class": "STANDARD",
            "tags": null,
            "tags_all": {},
            "version_id": "",
            "website_redirect": ""
          },
          "sensitive_attributes": [],
          "private": "bnVsbA==",
          "dependencies": [
            "module.static_website.aws_s3_bucket.this"
          ]
        },
        {
          "index_key": "sass/bootstrap/_button-groups.scss",
          "schema_version": 0,
          "attributes": {
            "acl": "private",
            "bucket": "aws-first-cloud-journey-69",
            "bucket_key_enabled": false,
            "cache_control": "",
            "content": null,
            "content_base64": null,
            "content_disposition": "",
            "content_encoding": "",
            "content_language": "",
            "content_type": "application/octet-stream",
            "etag": "c9b67b57469dd74683a72e2f3734e529",
            "force_destroy": false,
            "id": "sass/bootstrap/_button-groups.scss",
            "key": "sass/bootstrap/_button-groups.scss",
            "kms_key_id": null,
            "metadata": null,
            "object_lock_legal_hold_status": "",
            "object_lock_mode": "",
            "object_lock_retain_until_date": "",
            "server_side_encryption": "AES256",
            "source": "../../modules/storage/../../static-website/sass/bootstrap/_button-groups.scss",
            "source_hash": null,
            "storage_class": "STANDARD",
            "tags": null,
            "tags_all": {},
            "version_id": "",
            "website_redirect": ""
          },
          "sensitive_attributes": [],
          "private": "bnVsbA==",
          "dependencies": [
            "module.static_website.aws_s3_bucket.this"
          ]
        },
        {
          "index_key": "sass/bootstrap/_buttons.scss",
          "schema_version": 0,
          "attributes": {
            "acl": "private",
            "bucket": "aws-first-cloud-journey-69",
            "bucket_key_enabled": false,
            "cache_control": "",
            "content": null,
            "content_base64": null,
            "content_disposition": "",
            "content_encoding": "",
            "content_language": "",
            "content_type": "application/octet-stream",
            "etag": "bb2fcb0a7f0cc6cbed09db8928c614a9",
            "force_destroy": false,
            "id": "sass/bootstrap/_buttons.scss",
            "key": "sass/bootstrap/_buttons.scss",
            "kms_key_id": null,
            "metadata": null,
            "object_lock_legal_hold_status": "",
            "object_lock_mode": "",
            "object_lock_retain_until_date": "",
            "server_side_encryption": "AES256",
            "source": "../../modules/storage/../../static-website/sass/bootstrap/_buttons.scss",
            "source_hash": null,
            "storage_class": "STANDARD",
            "tags": null,
            "tags_all": {},
            "version_id": "",
            "website_redirect": ""
          },
          "sensitive_attributes": [],
          "private": "bnVsbA==",
          "dependencies": [
            "module.static_website.aws_s3_bucket.this"
          ]
        },
        {
          "index_key": "sass/bootstrap/_carousel.scss",
          "schema_version": 0,
          "attributes": {
            "acl": "private",
            "bucket": "aws-first-cloud-journey-69",
            "bucket_key_enabled": false,
            "cache_control": "",
            "content": null,
            "content_base64": null,
            "content_disposition": "",
            "content_encoding": "",
            "content_language": "",
            "content_type": "application/octet-stream",
            "etag": "548234e87f62fd8658d4ecdeca4fabb4",
            "force_destroy": false,
            "id": "sass/bootstrap/_carousel.scss",
            "key": "sass/bootstrap/_carousel.scss",
            "kms_key_id": null,
            "metadata": null,
            "object_lock_legal_hold_status": "",
            "object_lock_mode": "",
            "object_lock_retain_until_date": "",
            "server_side_encryption": "AES256",
            "source": "../../modules/storage/../../static-website/sass/bootstrap/_carousel.scss",
            "source_hash": null,
            "storage_class": "STANDARD",
            "tags": null,
            "tags_all": {},
            "version_id": "",
            "website_redirect": ""
          },
          "sensitive_attributes": [],
          "private": "bnVsbA==",
          "dependencies": [
            "module.static_website.aws_s3_bucket.this"
          ]
        },
        {
          "index_key": "sass/bootstrap/_close.scss",
          "schema_version": 0,
          "attributes": {
            "acl": "private",
            "bucket": "aws-first-cloud-journey-69",
            "bucket_key_enabled": false,
            "cache_control": "",
            "content": null,
            "content_base64": null,
            "content_disposition": "",
            "content_encoding": "",
            "content_language": "",
            "content_type": "application/octet-stream",
            "etag": "247ef4c02f54f5bf898da8e4f6c88bd0",
            "force_destroy": false,
            "id": "sass/bootstrap/_close.scss",
            "key": "sass/bootstrap/_close.scss",
            "kms_key_id": null,
            "metadata": null,
            "object_lock_legal_hold_status": "",
            "object_lock_mode": "",
            "object_lock_retain_until_date": "",
            "server_side_encryption": "AES256",
            "source": "../../modules/storage/../../static-website/sass/bootstrap/_close.scss",
            "source_hash": null,
            "storage_class": "STANDARD",
            "tags": null,
            "tags_all": {},
            "version_id": "",
            "website_redirect": ""
          },
          "sensitive_attributes": [],
          "private": "bnVsbA==",
          "dependencies": [
            "module.static_website.aws_s3_bucket.this"
          ]
        },
        {
          "index_key": "sass/bootstrap/_code.scss",
          "schema_version": 0,
          "attributes": {
            "acl": "private",
            "bucket": "aws-first-cloud-journey-69",
            "bucket_key_enabled": false,
            "cache_control": "",
            "content": null,
            "content_base64": null,
            "content_disposition": "",
            "content_encoding": "",
            "content_language": "",
            "content_type": "application/octet-stream",
            "etag": "280e44d4762299678f52c56c6df4ffc2",
            "force_destroy": false,
            "id": "sass/bootstrap/_code.scss",
            "key": "sass/bootstrap/_code.scss",
            "kms_key_id": null,
            "metadata": null,
            "object_lock_legal_hold_status": "",
            "object_lock_mode": "",
            "object_lock_retain_until_date": "",
            "server_side_encryption": "AES256",
            "source": "../../modules/storage/../../static-website/sass/bootstrap/_code.scss",
            "source_hash": null,
            "storage_class": "STANDARD",
            "tags": null,
            "tags_all": {},
            "version_id": "",
            "website_redirect": ""
          },
          "sensitive_attributes": [],
          "private": "bnVsbA==",
          "dependencies": [
            "module.static_website.aws_s3_bucket.this"
          ]
        },
        {
          "index_key": "sass/bootstrap/_component-animations.scss",
          "schema_version": 0,
          "attributes": {
            "acl": "private",
            "bucket": "aws-first-cloud-journey-69",
            "bucket_key_enabled": false,
            "cache_control": "",
            "content": null,
            "content_base64": null,
            "content_disposition": "",
            "content_encoding": "",
            "content_language": "",
            "content_type": "application/octet-stream",
            "etag": "8c17107ac86a36d4b05a20c47d08dee9",
            "force_destroy": false,
            "id": "sass/bootstrap/_component-animations.scss",
            "key": "sass/bootstrap/_component-animations.scss",
            "kms_key_id": null,
            "metadata": null,
            "object_lock_legal_hold_status": "",
            "object_lock_mode": "",
            "object_lock_retain_until_date": "",
            "server_side_encryption": "AES256",
            "source": "../../modules/storage/../../static-website/sass/bootstrap/_component-animations.scss",
            "source_hash": null,
            "storage_class": "STANDARD",
            "tags": null,
            "tags_all": {},
            "version_id": "",
            "website_redirect": ""
          },
          "sensitive_attributes": [],
          "private": "bnVsbA==",
          "dependencies": [
            "module.static_website.aws_s3_bucket.this"
          ]
        },
        {
          "index_key": "sass/bootstrap/_dropdowns.scss",
          "schema_version": 0,
          "attributes": {
            "acl": "private",
            "bucket": "aws-first-cloud-journey-69",
            "bucket_key_enabled": false,
            "cache_control": "",
            "content": null,
            "content_base64": null,
            "content_disposition": "",
            "content_encoding": "",
            "content_language": "",
            "content_type": "application/octet-stream",
            "etag": "203f075b01f47b0675428e8d42f194fe",
            "force_destroy": false,
            "id": "sass/bootstrap/_dropdowns.scss",
            "key": "sass/bootstrap/_dropdowns.scss",
            "kms_key_id": null,
            "metadata": null,
            "object_lock_legal_hold_status": "",
            "object_lock_mode": "",
            "object_lock_retain_until_date": "",
            "server_side_encryption": "AES256",
            "source": "../../modules/storage/../../static-website/sass/bootstrap/_dropdowns.scss",
            "source_hash": null,
            "storage_class": "STANDARD",
            "tags": null,
            "tags_all": {},
            "version_id": "",
            "website_redirect": ""
          },
          "sensitive_attributes": [],
          "private": "bnVsbA==",
          "dependencies": [
            "module.static_website.aws_s3_bucket.this"
          ]
        },
        {
          "index_key": "sass/bootstrap/_forms.scss",
          "schema_version": 0,
          "attributes": {
            "acl": "private",
            "bucket": "aws-first-cloud-journey-69",
            "bucket_key_enabled": false,
            "cache_control": "",
            "content": null,
            "content_base64": null,
            "content_disposition": "",
            "content_encoding": "",
            "content_language": "",
            "content_type": "application/octet-stream",
            "etag": "644e6fba1d70fda0f3b38e4a0d6c0cd4",
            "force_destroy": false,
            "id": "sass/bootstrap/_forms.scss",
            "key": "sass/bootstrap/_forms.scss",
            "kms_key_id": null,
            "metadata": null,
            "object_lock_legal_hold_status": "",
            "object_lock_mode": "",
            "object_lock_retain_until_date": "",
            "server_side_encryption": "AES256",
            "source": "../../modules/storage/../../static-website/sass/bootstrap/_forms.scss",
            "source_hash": null,
            "storage_class": "STANDARD",
            "tags": null,
            "tags_all": {},
            "version_id": "",
            "website_redirect": ""
          },
          "sensitive_attributes": [],
          "private": "bnVsbA==",
          "dependencies": [
            "module.static_website.aws_s3_bucket.this"
          ]
        },
        {
          "index_key": "sass/bootstrap/_glyphicons.scss",
          "schema_version": 0,
          "attributes": {
            "acl": "private",
            "bucket": "aws-first-cloud-journey-69",
            "bucket_key_enabled": false,
            "cache_control": "",
            "content": null,
            "content_base64": null,
            "content_disposition": "",
            "content_encoding": "",
            "content_language": "",
            "content_type": "application/octet-stream",
            "etag": "592530a38e0c16407c22609c63a505ff",
            "force_destroy": false,
            "id": "sass/bootstrap/_glyphicons.scss",
            "key": "sass/bootstrap/_glyphicons.scss",
            "kms_key_id": null,
            "metadata": null,
            "object_lock_legal_hold_status": "",
            "object_lock_mode": "",
            "object_lock_retain_until_date": "",
            "server_side_encryption": "AES256",
            "source": "../../modules/storage/../../static-website/sass/bootstrap/_glyphicons.scss",
            "source_hash": null,
            "storage_class": "STANDARD",
            "tags": null,
            "tags_all": {},
            "version_id": "",
            "website_redirect": ""
          },
          "sensitive_attributes": [],
          "private": "bnVsbA==",
          "dependencies": [
            "module.static_website.aws_s3_bucket.this"
          ]
        },
        {
          "index_key": "sass/bootstrap/_grid.scss",
          "schema_version": 0,
          "attributes": {
            "acl": "private",
            "bucket": "aws-first-cloud-journey-69",
            "bucket_key_enabled": false,
            "cache_control": "",
            "content": null,
            "content_base64": null,
            "content_disposition": "",
            "content_encoding": "",
            "content_language": "",
            "content_type": "application/octet-stream",
            "etag": "ba7b4a2579c7f061a982830877a1c60d",
            "force_destroy": false,
            "id": "sass/bootstrap/_grid.scss",
            "key": "sass/bootstrap/_grid.scss",
            "kms_key_id": null,
            "metadata": null,
            "object_lock_legal_hold_status": "",
            "object_lock_mode": "",
            "object_lock_retain_until_date": "",
            "server_side_encryption": "AES256",
            "source": "../../modules/storage/../../static-website/sass/bootstrap/_grid.scss",
            "source_hash": null,
            "storage_class": "STANDARD",
            "tags": null,
            "tags_all": {},
            "version_id": "",
            "website_redirect": ""
          },
          "sensitive_attributes": [],
          "private": "bnVsbA==",
          "dependencies": [
            "module.static_website.aws_s3_bucket.this"
          ]
        },
        {
          "index_key": "sass/bootstrap/_input-groups.scss",
          "schema_version": 0,
          "attributes": {
            "acl": "private",
            "bucket": "aws-first-cloud-journey-69",
            "bucket_key_enabled": false,
            "cache_control": "",
            "content": null,
            "content_base64": null,
            "content_disposition": "",
            "content_encoding": "",
            "content_language": "",
            "content_type": "application/octet-stream",
            "etag": "e595dc91de881fc8e145627e85ba41e8",
            "force_destroy": false,
            "id": "sass/bootstrap/_input-groups.scss",
            "key": "sass/bootstrap/_input-groups.scss",
            "kms_key_id": null,
            "metadata": null,
            "object_lock_legal_hold_status": "",
            "object_lock_mode": "",
            "object_lock_retain_until_date": "",
            "server_side_encryption": "AES256",
            "source": "../../modules/storage/../../static-website/sass/bootstrap/_input-groups.scss",
            "source_hash": null,
            "storage_class": "STANDARD",
            "tags": null,
            "tags_all": {},
            "version_id": "",
            "website_redirect": ""
          },
          "sensitive_attributes": [],
          "private": "bnVsbA==",
          "dependencies": [
            "module.static_website.aws_s3_bucket.this"
          ]
        },
        {
          "index_key": "sass/bootstrap/_jumbotron.scss",
          "schema_version": 0,
          "attributes": {
            "acl": "private",
            "bucket": "aws-first-cloud-journey-69",
            "bucket_key_enabled": false,
            "cache_control": "",
            "content": null,
            "content_base64": null,
            "content_disposition": "",
            "content_encoding": "",
            "content_language": "",
            "content_type": "application/octet-stream",
            "etag": "2de0acd5f3f5ae5529e1f64d6fd8c94a",
            "force_destroy": false,
            "id": "sass/bootstrap/_jumbotron.scss",
            "key": "sass/bootstrap/_jumbotron.scss",
            "kms_key_id": null,
            "metadata": null,
            "object_lock_legal_hold_status": "",
            "object_lock_mode": "",
            "object_lock_retain_until_date": "",
            "server_side_encryption": "AES256",
            "source": "../../modules/storage/../../static-website/sass/bootstrap/_jumbotron.scss",
            "source_hash": null,
            "storage_class": "STANDARD",
            "tags": null,
            "tags_all": {},
            "version_id": "",
            "website_redirect": ""
          },
          "sensitive_attributes": [],
          "private": "bnVsbA==",
          "dependencies": [
            "module.static_website.aws_s3_bucket.this"
          ]
        },
        {
          "index_key": "sass/bootstrap/_labels.scss",
          "schema_version": 0,
          "attributes": {
            "acl": "private",
            "bucket": "aws-first-cloud-journey-69",
            "bucket_key_enabled": false,
            "cache_control": "",
            "content": null,
            "content_base64": null,
            "content_disposition": "",
            "content_encoding": "",
            "content_language": "",
            "content_type": "application/octet-stream",
            "etag": "d103671ba8c96f743916990bdf40d3b4",
            "force_destroy": false,
            "id": "sass/bootstrap/_labels.scss",
            "key": "sass/bootstrap/_labels.scss",
            "kms_key_id": null,
            "metadata": null,
            "object_lock_legal_hold_status": "",
            "object_lock_mode": "",
            "object_lock_retain_until_date": "",
            "server_side_encryption": "AES256",
            "source": "../../modules/storage/../../static-website/sass/bootstrap/_labels.scss",
            "source_hash": null,
            "storage_class": "STANDARD",
            "tags": null,
            "tags_all": {},
            "version_id": "",
            "website_redirect": ""
          },
          "sensitive_attributes": [],
          "private": "bnVsbA==",
          "dependencies": [
            "module.static_website.aws_s3_bucket.this"
          ]
        },
        {
          "index_key": "sass/bootstrap/_list-group.scss",
          "schema_version": 0,
          "attributes": {
            "acl": "private",
            "bucket": "aws-first-cloud-journey-69",
            "bucket_key_enabled": false,
            "cache_control": "",
            "content": null,
            "content_base64": null,
            "content_disposition": "",
            "content_encoding": "",
            "content_language": "",
            "content_type": "application/octet-stream",
            "etag": "e514ae19883f5a3ad417d812a549dc3a",
            "force_destroy": false,
            "id": "sass/bootstrap/_list-group.scss",
            "key": "sass/bootstrap/_list-group.scss",
            "kms_key_id": null,
            "metadata": null,
            "object_lock_legal_hold_status": "",
            "object_lock_mode": "",
            "object_lock_retain_until_date": "",
            "server_side_encryption": "AES256",
            "source": "../../modules/storage/../../static-website/sass/bootstrap/_list-group.scss",
            "source_hash": null,
            "storage_class": "STANDARD",
            "tags": null,
            "tags_all": {},
            "version_id": "",
            "website_redirect": ""
          },
          "sensitive_attributes": [],
          "private": "bnVsbA==",
          "dependencies": [
            "module.static_website.aws_s3_bucket.this"
          ]
        },
        {
          "index_key": "sass/bootstrap/_media.scss",
          "schema_version": 0,
          "attributes": {
            "acl": "private",
            "bucket": "aws-first-cloud-journey-69",
            "bucket_key_enabled": false,
            "cache_control": "",
            "content": null,
            "content_base64": null,
            "content_disposition": "",
            "content_encoding": "",
            "content_language": "",
            "content_type": "application/octet-stream",
            "etag": "91aa028d54785b36583c19020bba9f00",
            "force_destroy": false,
            "id": "sass/bootstrap/_media.scss",
            "key": "sass/bootstrap/_media.scss",
            "kms_key_id": null,
            "metadata": null,
            "object_lock_legal_hold_status": "",
            "object_lock_mode": "",
            "object_lock_retain_until_date": "",
            "server_side_encryption": "AES256",
            "source": "../../modules/storage/../../static-website/sass/bootstrap/_media.scss",
            "source_hash": null,
            "storage_class": "STANDARD",
            "tags": null,
            "tags_all": {},
            "version_id": "",
            "website_redirect": ""
          },
          "sensitive_attributes": [],
          "private": "bnVsbA==",
          "dependencies": [
            "module.static_website.aws_s3_bucket.this"
          ]
        },
        {
          "index_key": "sass/bootstrap/_mixins.scss",
          "schema_version": 0,
          "attributes": {
            "acl": "private",
            "bucket": "aws-first-cloud-journey-69",
            "bucket_key_enabled": false,
            "cache_control": "",
            "content": null,
            "content_base64": null,
            "content_disposition": "",
            "content_encoding": "",
            "content_language": "",
            "content_type": "application/octet-stream",
            "etag": "df2dad555f64d993e27d45568b4cef39",
            "force_destroy": false,
            "id": "sass/bootstrap/_mixins.scss",
            "key": "sass/bootstrap/_mixins.scss",
            "kms_key_id": null,
            "metadata": null,
            "object_lock_legal_hold_status": "",
            "object_lock_mode": "",
            "object_lock_retain_until_date": "",
            "server_side_encryption": "AES256",
            "source": "../../modules/storage/../../static-website/sass/bootstrap/_mixins.scss",
            "source_hash": null,
            "storage_class": "STANDARD",
            "tags": null,
            "tags_all": {},
            "version_id": "",
            "website_redirect": ""
          },
          "sensitive_attributes": [],
          "private": "bnVsbA==",
          "dependencies": [
            "module.static_website.aws_s3_bucket.this"
          ]
        },
        {
          "index_key": "sass/bootstrap/_modals.scss",
          "schema_version": 0,
          "attributes": {
            "acl": "private",
            "bucket": "aws-first-cloud-journey-69",
            "bucket_key_enabled": false,
            "cache_control": "",
            "content": null,
            "content_base64": null,
            "content_disposition": "",
            "content_encoding": "",
            "content_language": "",
            "content_type": "application/octet-stream",
            "etag": "7a24ee151c07b51ba75fcf1c33b1118e",
            "force_destroy": false,
            "id": "sass/bootstrap/_modals.scss",
            "key": "sass/bootstrap/_modals.scss",
            "kms_key_id": null,
            "metadata": null,
            "object_lock_legal_hold_status": "",
            "object_lock_mode": "",
            "object_lock_retain_until_date": "",
            "server_side_encryption": "AES256",
            "source": "../../modules/storage/../../static-website/sass/bootstrap/_modals.scss",
            "source_hash": null,
            "storage_class": "STANDARD",
            "tags": null,
            "tags_all": {},
            "version_id": "",
            "website_redirect": ""
          },
          "sensitive_attributes": [],
          "private": "bnVsbA==",
          "dependencies": [
            "module.static_website.aws_s3_bucket.this"
          ]
        },
        {
          "index_key": "sass/bootstrap/_navbar.scss",
          "schema_version": 0,
          "attributes": {
            "acl": "private",
            "bucket": "aws-first-cloud-journey-69",
            "bucket_key_enabled": false,
            "cache_control": "",
            "content": null,
            "content_base64": null,
            "content_disposition": "",
            "content_encoding": "",
            "content_language": "",
            "content_type": "application/octet-stream",
            "etag": "58acd058e729f304d7f69eed3448186c",
            "force_destroy": false,
            "id": "sass/bootstrap/_navbar.scss",
            "key": "sass/bootstrap/_navbar.scss",
            "kms_key_id": null,
            "metadata": null,
            "object_lock_legal_hold_status": "",
            "object_lock_mode": "",
            "object_lock_retain_until_date": "",
            "server_side_encryption": "AES256",
            "source": "../../modules/storage/../../static-website/sass/bootstrap/_navbar.scss",
            "source_hash": null,
            "storage_class": "STANDARD",
            "tags": null,
            "tags_all": {},
            "version_id": "",
            "website_redirect": ""
          },
          "sensitive_attributes": [],
          "private": "bnVsbA==",
          "dependencies": [
            "module.static_website.aws_s3_bucket.this"
          ]
        },
        {
          "index_key": "sass/bootstrap/_navs.scss",
          "schema_version": 0,
          "attributes": {
            "acl": "private",
            "bucket": "aws-first-cloud-journey-69",
            "bucket_key_enabled": false,
            "cache_control": "",
            "content": null,
            "content_base64": null,
            "content_disposition": "",
            "content_encoding": "",
            "content_language": "",
            "content_type": "application/octet-stream",
            "etag": "89b073405d01e045f89dba5cb3e49946",
            "force_destroy": false,
            "id": "sass/bootstrap/_navs.scss",
            "key": "sass/bootstrap/_navs.scss",
            "kms_key_id": null,
            "metadata": null,
            "object_lock_legal_hold_status": "",
            "object_lock_mode": "",
            "object_lock_retain_until_date": "",
            "server_side_encryption": "AES256",
            "source": "../../modules/storage/../../static-website/sass/bootstrap/_navs.scss",
            "source_hash": null,
            "storage_class": "STANDARD",
            "tags": null,
            "tags_all": {},
            "version_id": "",
            "website_redirect": ""
          },
          "sensitive_attributes": [],
          "private": "bnVsbA==",
          "dependencies": [
            "module.static_website.aws_s3_bucket.this"
          ]
        },
        {
          "index_key": "sass/bootstrap/_normalize.scss",
          "schema_version": 0,
          "attributes": {
            "acl": "private",
            "bucket": "aws-first-cloud-journey-69",
            "bucket_key_enabled": false,
            "cache_control": "",
            "content": null,
            "content_base64": null,
            "content_disposition": "",
            "content_encoding": "",
            "content_language": "",
            "content_type": "application/octet-stream",
            "etag": "a81f00910a701c842ede4f497c191c80",
            "force_destroy": false,
            "id": "sass/bootstrap/_normalize.scss",
            "key": "sass/bootstrap/_normalize.scss",
            "kms_key_id": null,
            "metadata": null,
            "object_lock_legal_hold_status": "",
            "object_lock_mode": "",
            "object_lock_retain_until_date": "",
            "server_side_encryption": "AES256",
            "source": "../../modules/storage/../../static-website/sass/bootstrap/_normalize.scss",
            "source_hash": null,
            "storage_class": "STANDARD",
            "tags": null,
            "tags_all": {},
            "version_id": "",
            "website_redirect": ""
          },
          "sensitive_attributes": [],
          "private": "bnVsbA==",
          "dependencies": [
            "module.static_website.aws_s3_bucket.this"
          ]
        },
        {
          "index_key": "sass/bootstrap/_pager.scss",
          "schema_version": 0,
          "attributes": {
            "acl": "private",
            "bucket": "aws-first-cloud-journey-69",
            "bucket_key_enabled": false,
            "cache_control": "",
            "content": null,
            "content_base64": null,
            "content_disposition": "",
            "content_encoding": "",
            "content_language": "",
            "content_type": "application/octet-stream",
            "etag": "fb95dee91745bec12cdd44c4542530f5",
            "force_destroy": false,
            "id": "sass/bootstrap/_pager.scss",
            "key": "sass/bootstrap/_pager.scss",
            "kms_key_id": null,
            "metadata": null,
            "object_lock_legal_hold_status": "",
            "object_lock_mode": "",
            "object_lock_retain_until_date": "",
            "server_side_encryption": "AES256",
            "source": "../../modules/storage/../../static-website/sass/bootstrap/_pager.scss",
            "source_hash": null,
            "storage_class": "STANDARD",
            "tags": null,
            "tags_all": {},
            "version_id": "",
            "website_redirect": ""
          },
          "sensitive_attributes": [],
          "private": "bnVsbA==",
          "dependencies": [
            "module.static_website.aws_s3_bucket.this"
          ]
        },
        {
          "index_key": "sass/bootstrap/_pagination.scss",
          "schema_version": 0,
          "attributes": {
            "acl": "private",
            "bucket": "aws-first-cloud-journey-69",
            "bucket_key_enabled": false,
            "cache_control": "",
            "content": null,
            "content_base64": null,
            "content_disposition": "",
            "content_encoding": "",
            "content_language": "",
            "content_type": "application/octet-stream",
            "etag": "179ed0f98ff9c131aaaadd73f51381a8",
            "force_destroy": false,
            "id": "sass/bootstrap/_pagination.scss",
            "key": "sass/bootstrap/_pagination.scss",
            "kms_key_id": null,
            "metadata": null,
            "object_lock_legal_hold_status": "",
            "object_lock_mode": "",
            "object_lock_retain_until_date": "",
            "server_side_encryption": "AES256",
            "source": "../../modules/storage/../../static-website/sass/bootstrap/_pagination.scss",
            "source_hash": null,
            "storage_class": "STANDARD",
            "tags": null,
            "tags_all": {},
            "version_id": "",
            "website_redirect": ""
          },
          "sensitive_attributes": [],
          "private": "bnVsbA==",
          "dependencies": [
            "module.static_website.aws_s3_bucket.this"
          ]
        },
        {
          "index_key": "sass/bootstrap/_panels.scss",
          "schema_version": 0,
          "attributes": {
            "acl": "private",
            "bucket": "aws-first-cloud-journey-69",
            "bucket_key_enabled": false,
            "cache_control": "",
            "content": null,
            "content_base64": null,
            "content_disposition": "",
            "content_encoding": "",
            "content_language": "",
            "content_type": "application/octet-stream",
            "etag": "e4650d16f8900eeede19116f076e9df0",
            "force_destroy": false,
            "id": "sass/bootstrap/_panels.scss",
            "key": "sass/bootstrap/_panels.scss",
            "kms_key_id": null,
            "metadata": null,
            "object_lock_legal_hold_status": "",
            "object_lock_mode": "",
            "object_lock_retain_until_date": "",
            "server_side_encryption": "AES256",
            "source": "../../modules/storage/../../static-website/sass/bootstrap/_panels.scss",
            "source_hash": null,
            "storage_class": "STANDARD",
            "tags": null,
            "tags_all": {},
            "version_id": "",
            "website_redirect": ""
          },
          "sensitive_attributes": [],
          "private": "bnVsbA==",
          "dependencies": [
            "module.static_website.aws_s3_bucket.this"
          ]
        },
        {
          "index_key": "sass/bootstrap/_popovers.scss",
          "schema_version": 0,
          "attributes": {
            "acl": "private",
            "bucket": "aws-first-cloud-journey-69",
            "bucket_key_enabled": false,
            "cache_control": "",
            "content": null,
            "content_base64": null,
            "content_disposition": "",
            "content_encoding": "",
            "content_language": "",
            "content_type": "application/octet-stream",
            "etag": "6a03a7bd7f506bb33b2dc107c194428e",
            "force_destroy": false,
            "id": "sass/bootstrap/_popovers.scss",
            "key": "sass/bootstrap/_popovers.scss",
            "kms_key_id": null,
            "metadata": null,
            "object_lock_legal_hold_status": "",
            "object_lock_mode": "",
            "object_lock_retain_until_date": "",
            "server_side_encryption": "AES256",
            "source": "../../modules/storage/../../static-website/sass/bootstrap/_popovers.scss",
            "source_hash": null,
            "storage_class": "STANDARD",
            "tags": null,
            "tags_all": {},
            "version_id": "",
            "website_redirect": ""
          },
          "sensitive_attributes": [],
          "private": "bnVsbA==",
          "dependencies": [
            "module.static_website.aws_s3_bucket.this"
          ]
        },
        {
          "index_key": "sass/bootstrap/_print.scss",
          "schema_version": 0,
          "attributes": {
            "acl": "private",
            "bucket": "aws-first-cloud-journey-69",
            "bucket_key_enabled": false,
            "cache_control": "",
            "content": null,
            "content_base64": null,
            "content_disposition": "",
            "content_encoding": "",
            "content_language": "",
            "content_type": "application/octet-stream",
            "etag": "b6fef93d5689af1a0467c8fc8e9959d9",
            "force_destroy": false,
            "id": "sass/bootstrap/_print.scss",
            "key": "sass/bootstrap/_print.scss",
            "kms_key_id": null,
            "metadata": null,
            "object_lock_legal_hold_status": "",
            "object_lock_mode": "",
            "object_lock_retain_until_date": "",
            "server_side_encryption": "AES256",
            "source": "../../modules/storage/../../static-website/sass/bootstrap/_print.scss",
            "source_hash": null,
            "storage_class": "STANDARD",
            "tags": null,
            "tags_all": {},
            "version_id": "",
            "website_redirect": ""
          },
          "sensitive_attributes": [],
          "private": "bnVsbA==",
          "dependencies": [
            "module.static_website.aws_s3_bucket.this"
          ]
        },
        {
          "index_key": "sass/bootstrap/_progress-bars.scss",
          "schema_version": 0,
          "attributes": {
            "acl": "private",
            "bucket": "aws-first-cloud-journey-69",
            "bucket_key_enabled": false,
            "cache_control": "",
            "content": null,
            "content_base64": null,
            "content_disposition": "",
            "content_encoding": "",
            "content_language": "",
            "content_type": "application/octet-stream",
            "etag": "53de2fdfeb4c0fd4d6b4f323a507bc23",
            "force_destroy": false,
            "id": "sass/bootstrap/_progress-bars.scss",
            "key": "sass/bootstrap/_progress-bars.scss",
            "kms_key_id": null,
            "metadata": null,
            "object_lock_legal_hold_status": "",
            "object_lock_mode": "",
            "object_lock_retain_until_date": "",
            "server_side_encryption": "AES256",
            "source": "../../modules/storage/../../static-website/sass/bootstrap/_progress-bars.scss",
            "source_hash": null,
            "storage_class": "STANDARD",
            "tags": null,
            "tags_all": {},
            "version_id": "",
            "website_redirect": ""
          },
          "sensitive_attributes": [],
          "private": "bnVsbA==",
          "dependencies": [
            "module.static_website.aws_s3_bucket.this"
          ]
        },
        {
          "index_key": "sass/bootstrap/_responsive-embed.scss",
          "schema_version": 0,
          "attributes": {
            "acl": "private",
            "bucket": "aws-first-cloud-journey-69",
            "bucket_key_enabled": false,
            "cache_control": "",
            "content": null,
            "content_base64": null,
            "content_disposition": "",
            "content_encoding": "",
            "content_language": "",
            "content_type": "application/octet-stream",
            "etag": "2c7057d9a90998866bf84c1112caf631",
            "force_destroy": false,
            "id": "sass/bootstrap/_responsive-embed.scss",
            "key": "sass/bootstrap/_responsive-embed.scss",
            "kms_key_id": null,
            "metadata": null,
            "object_lock_legal_hold_status": "",
            "object_lock_mode": "",
            "object_lock_retain_until_date": "",
            "server_side_encryption": "AES256",
            "source": "../../modules/storage/../../static-website/sass/bootstrap/_responsive-embed.scss",
            "source_hash": null,
            "storage_class": "STANDARD",
            "tags": null,
            "tags_all": {},
            "version_id": "",
            "website_redirect": ""
          },
          "sensitive_attributes": [],
          "private": "bnVsbA==",
          "dependencies": [
            "module.static_website.aws_s3_bucket.this"
          ]
        },
        {
          "index_key": "sass/bootstrap/_responsive-utilities.scss",
          "schema_version": 0,
          "attributes": {
            "acl": "private",
            "bucket": "aws-first-cloud-journey-69",
            "bucket_key_enabled": false,
            "cache_control": "",
            "content": null,
            "content_base64": null,
            "content_disposition": "",
            "content_encoding": "",
            "content_language": "",
            "content_type": "application/octet-stream",
            "etag": "67525c35b349ba0f509ba98e5500f83b",
            "force_destroy": false,
            "id": "sass/bootstrap/_responsive-utilities.scss",
            "key": "sass/bootstrap/_responsive-utilities.scss",
            "kms_key_id": null,
            "metadata": null,
            "object_lock_legal_hold_status": "",
            "object_lock_mode": "",
            "object_lock_retain_until_date": "",
            "server_side_encryption": "AES256",
            "source": "../../modules/storage/../../static-website/sass/bootstrap/_responsive-utilities.scss",
            "source_hash": null,
            "storage_class": "STANDARD",
            "tags": null,
            "tags_all": {},
            "version_id": "",
            "website_redirect": ""
          },
          "sensitive_attributes": [],
          "private": "bnVsbA==",
          "dependencies": [
            "module.static_website.aws_s3_bucket.this"
          ]
        },
        {
          "index_key": "sass/bootstrap/_scaffolding.scss",
          "schema_version": 0,
          "attributes": {
            "acl": "private",
            "bucket": "aws-first-cloud-journey-69",
            "bucket_key_enabled": false,
            "cache_control": "",
            "content": null,
            "content_base64": null,
            "content_disposition": "",
            "content_encoding": "",
            "content_language": "",
            "content_type": "application/octet-stream",
            "etag": "c5fe3cc31e1bfcf1fa79ac2b0888b731",
            "force_destroy": false,
            "id": "sass/bootstrap/_scaffolding.scss",
            "key": "sass/bootstrap/_scaffolding.scss",
            "kms_key_id": null,
            "metadata": null,
            "object_lock_legal_hold_status": "",
            "object_lock_mode": "",
            "object_lock_retain_until_date": "",
            "server_side_encryption": "AES256",
            "source": "../../modules/storage/../../static-website/sass/bootstrap/_scaffolding.scss",
            "source_hash": null,
            "storage_class": "STANDARD",
            "tags": null,
            "tags_all": {},
            "version_id": "",
            "website_redirect": ""
          },
          "sensitive_attributes": [],
          "private": "bnVsbA==",
          "dependencies": [
            "module.static_website.aws_s3_bucket.this"
          ]
        },
        {
          "index_key": "sass/bootstrap/_tables.scss",
          "schema_version": 0,
          "attributes": {
            "acl": "private",
            "bucket": "aws-first-cloud-journey-69",
            "bucket_key_enabled": false,
            "cache_control": "",
            "content": null,
            "content_base64": null,
            "content_disposition": "",
            "content_encoding": "",
            "content_language": "",
            "content_type": "application/octet-stream",
            "etag": "c91111e9d3f5d22ede57db4758f10b57",
            "force_destroy": false,
            "id": "sass/bootstrap/_tables.scss",
            "key": "sass/bootstrap/_tables.scss",
            "kms_key_id": null,
            "metadata": null,
            "object_lock_legal_hold_status": "",
            "object_lock_mode": "",
            "object_lock_retain_until_date": "",
            "server_side_encryption": "AES256",
            "source": "../../modules/storage/../../static-website/sass/bootstrap/_tables.scss",
            "source_hash": null,
            "storage_class": "STANDARD",
            "tags": null,
            "tags_all": {},
            "version_id": "",
            "website_redirect": ""
          },
          "sensitive_attributes": [],
          "private": "bnVsbA==",
          "dependencies": [
            "module.static_website.aws_s3_bucket.this"
          ]
        },
        {
          "index_key": "sass/bootstrap/_theme.scss",
          "schema_version": 0,
          "attributes": {
            "acl": "private",
            "bucket": "aws-first-cloud-journey-69",
            "bucket_key_enabled": false,
            "cache_control": "",
            "content": null,
            "content_base64": null,
            "content_disposition": "",
            "content_encoding": "",
            "content_language": "",
            "content_type": "application/octet-stream",
            "etag": "71b5847e9a9ca349480f932cf61aa1ed",
            "force_destroy": false,
            "id": "sass/bootstrap/_theme.scss",
            "key": "sass/bootstrap/_theme.scss",
            "kms_key_id": null,
            "metadata": null,
            "object_lock_legal_hold_status": "",
            "object_lock_mode": "",
            "object_lock_retain_until_date": "",
            "server_side_encryption": "AES256",
            "source": "../../modules/storage/../../static-website/sass/bootstrap/_theme.scss",
            "source_hash": null,
            "storage_class": "STANDARD",
            "tags": null,
            "tags_all": {},
            "version_id": "",
            "website_redirect": ""
          },
          "sensitive_attributes": [],
          "private": "bnVsbA==",
          "dependencies": [
            "module.static_website.aws_s3_bucket.this"
          ]
        },
        {
          "index_key": "sass/bootstrap/_thumbnails.scss",
          "schema_version": 0,
          "attributes": {
            "acl": "private",
            "bucket": "aws-first-cloud-journey-69",
            "bucket_key_enabled": false,
            "cache_control": "",
            "content": null,
            "content_base64": null,
            "content_disposition": "",
            "content_encoding": "",
            "content_language": "",
            "content_type": "application/octet-stream",
            "etag": "dd5e0a8f79dc6a539c38e05f14121c88",
            "force_destroy": false,
            "id": "sass/bootstrap/_thumbnails.scss",
            "key": "sass/bootstrap/_thumbnails.scss",
            "kms_key_id": null,
            "metadata": null,
            "object_lock_legal_hold_status": "",
            "object_lock_mode": "",
            "object_lock_retain_until_date": "",
            "server_side_encryption": "AES256",
            "source": "../../modules/storage/../../static-website/sass/bootstrap/_thumbnails.scss",
            "source_hash": null,
            "storage_class": "STANDARD",
            "tags": null,
            "tags_all": {},
            "version_id": "",
            "website_redirect": ""
          },
          "sensitive_attributes": [],
          "private": "bnVsbA==",
          "dependencies": [
            "module.static_website.aws_s3_bucket.this"
          ]
        },
        {
          "index_key": "sass/bootstrap/_tooltip.scss",
          "schema_version": 0,
          "attributes": {
            "acl": "private",
            "bucket": "aws-first-cloud-journey-69",
            "bucket_key_enabled": false,
            "cache_control": "",
            "content": null,
            "content_base64": null,
            "content_disposition": "",
            "content_encoding": "",
            "content_language": "",
            "content_type": "application/octet-stream",
            "etag": "1fa68e95761bca93773df135f5b7bc5f",
            "force_destroy": false,
            "id": "sass/bootstrap/_tooltip.scss",
            "key": "sass/bootstrap/_tooltip.scss",
            "kms_key_id": null,
            "metadata": null,
            "object_lock_legal_hold_status": "",
            "object_lock_mode": "",
            "object_lock_retain_until_date": "",
            "server_side_encryption": "AES256",
            "source": "../../modules/storage/../../static-website/sass/bootstrap/_tooltip.scss",
            "source_hash": null,
            "storage_class": "STANDARD",
            "tags": null,
            "tags_all": {},
            "version_id": "",
            "website_redirect": ""
          },
          "sensitive_attributes": [],
          "private": "bnVsbA==",
          "dependencies": [
            "module.static_website.aws_s3_bucket.this"
          ]
        },
        {
          "index_key": "sass/bootstrap/_type.scss",
          "schema_version": 0,
          "attributes": {
            "acl": "private",
            "bucket": "aws-first-cloud-journey-69",
            "bucket_key_enabled": false,
            "cache_control": "",
            "content": null,
            "content_base64": null,
            "content_disposition": "",
            "content_encoding": "",
            "content_language": "",
            "content_type": "application/octet-stream",
            "etag": "1a80f6a3899de7cfb3d554cfdce18753",
            "force_destroy": false,
            "id": "sass/bootstrap/_type.scss",
            "key": "sass/bootstrap/_type.scss",
            "kms_key_id": null,
            "metadata": null,
            "object_lock_legal_hold_status": "",
            "object_lock_mode": "",
            "object_lock_retain_until_date": "",
            "server_side_encryption": "AES256",
            "source": "../../modules/storage/../../static-website/sass/bootstrap/_type.scss",
            "source_hash": null,
            "storage_class": "STANDARD",
            "tags": null,
            "tags_all": {},
            "version_id": "",
            "website_redirect": ""
          },
          "sensitive_attributes": [],
          "private": "bnVsbA==",
          "dependencies": [
            "module.static_website.aws_s3_bucket.this"
          ]
        },
        {
          "index_key": "sass/bootstrap/_utilities.scss",
          "schema_version": 0,
          "attributes": {
            "acl": "private",
            "bucket": "aws-first-cloud-journey-69",
            "bucket_key_enabled": false,
            "cache_control": "",
            "content": null,
            "content_base64": null,
            "content_disposition": "",
            "content_encoding": "",
            "content_language": "",
            "content_type": "application/octet-stream",
            "etag": "7e020f996c50afd24453a871098cbda1",
            "force_destroy": false,
            "id": "sass/bootstrap/_utilities.scss",
            "key": "sass/bootstrap/_utilities.scss",
            "kms_key_id": null,
            "metadata": null,
            "object_lock_legal_hold_status": "",
            "object_lock_mode": "",
            "object_lock_retain_until_date": "",
            "server_side_encryption": "AES256",
            "source": "../../modules/storage/../../static-website/sass/bootstrap/_utilities.scss",
            "source_hash": null,
            "storage_class": "STANDARD",
            "tags": null,
            "tags_all": {},
            "version_id": "",
            "website_redirect": ""
          },
          "sensitive_attributes": [],
          "private": "bnVsbA==",
          "dependencies": [
            "module.static_website.aws_s3_bucket.this"
          ]
        },
        {
          "index_key": "sass/bootstrap/_variables.scss",
          "schema_version": 0,
          "attributes": {
            "acl": "private",
            "bucket": "aws-first-cloud-journey-69",
            "bucket_key_enabled": false,
            "cache_control": "",
            "content": null,
            "content_base64": null,
            "content_disposition": "",
            "content_encoding": "",
            "content_language": "",
            "content_type": "application/octet-stream",
            "etag": "f40241466eed6926e17de09f4c8bfceb",
            "force_destroy": false,
            "id": "sass/bootstrap/_variables.scss",
            "key": "sass/bootstrap/_variables.scss",
            "kms_key_id": null,
            "metadata": null,
            "object_lock_legal_hold_status": "",
            "object_lock_mode": "",
            "object_lock_retain_until_date": "",
            "server_side_encryption": "AES256",
            "source": "../../modules/storage/../../static-website/sass/bootstrap/_variables.scss",
            "source_hash": null,
            "storage_class": "STANDARD",
            "tags": null,
            "tags_all": {},
            "version_id": "",
            "website_redirect": ""
          },
          "sensitive_attributes": [],
          "private": "bnVsbA==",
          "dependencies": [
            "module.static_website.aws_s3_bucket.this"
          ]
        },
        {
          "index_key": "sass/bootstrap/_wells.scss",
          "schema_version": 0,
          "attributes": {
            "acl": "private",
            "bucket": "aws-first-cloud-journey-69",
            "bucket_key_enabled": false,
            "cache_control": "",
            "content": null,
            "content_base64": null,
            "content_disposition": "",
            "content_encoding": "",
            "content_language": "",
            "content_type": "application/octet-stream",
            "etag": "3577874a42c6fe920129f07eabca106a",
            "force_destroy": false,
            "id": "sass/bootstrap/_wells.scss",
            "key": "sass/bootstrap/_wells.scss",
            "kms_key_id": null,
            "metadata": null,
            "object_lock_legal_hold_status": "",
            "object_lock_mode": "",
            "object_lock_retain_until_date": "",
            "server_side_encryption": "AES256",
            "source": "../../modules/storage/../../static-website/sass/bootstrap/_wells.scss",
            "source_hash": null,
            "storage_class": "STANDARD",
            "tags": null,
            "tags_all": {},
            "version_id": "",
            "website_redirect": ""
          },
          "sensitive_attributes": [],
          "private": "bnVsbA==",
          "dependencies": [
            "module.static_website.aws_s3_bucket.this"
          ]
        },
        {
          "index_key": "sass/bootstrap/mixins/_alerts.scss",
          "schema_version": 0,
          "attributes": {
            "acl": "private",
            "bucket": "aws-first-cloud-journey-69",
            "bucket_key_enabled": false,
            "cache_control": "",
            "content": null,
            "content_base64": null,
            "content_disposition": "",
            "content_encoding": "",
            "content_language": "",
            "content_type": "application/octet-stream",
            "etag": "058b36cec876e55731f05b7cf0e43a3e",
            "force_destroy": false,
            "id": "sass/bootstrap/mixins/_alerts.scss",
            "key": "sass/bootstrap/mixins/_alerts.scss",
            "kms_key_id": null,
            "metadata": null,
            "object_lock_legal_hold_status": "",
            "object_lock_mode": "",
            "object_lock_retain_until_date": "",
            "server_side_encryption": "AES256",
            "source": "../../modules/storage/../../static-website/sass/bootstrap/mixins/_alerts.scss",
            "source_hash": null,
            "storage_class": "STANDARD",
            "tags": null,
            "tags_all": {},
            "version_id": "",
            "website_redirect": ""
          },
          "sensitive_attributes": [],
          "private": "bnVsbA==",
          "dependencies": [
            "module.static_website.aws_s3_bucket.this"
          ]
        },
        {
          "index_key": "sass/bootstrap/mixins/_background-variant.scss",
          "schema_version": 0,
          "attributes": {
            "acl": "private",
            "bucket": "aws-first-cloud-journey-69",
            "bucket_key_enabled": false,
            "cache_control": "",
            "content": null,
            "content_base64": null,
            "content_disposition": "",
            "content_encoding": "",
            "content_language": "",
            "content_type": "application/octet-stream",
            "etag": "a392e0874a78c4a86db7b19654f4c591",
            "force_destroy": false,
            "id": "sass/bootstrap/mixins/_background-variant.scss",
            "key": "sass/bootstrap/mixins/_background-variant.scss",
            "kms_key_id": null,
            "metadata": null,
            "object_lock_legal_hold_status": "",
            "object_lock_mode": "",
            "object_lock_retain_until_date": "",
            "server_side_encryption": "AES256",
            "source": "../../modules/storage/../../static-website/sass/bootstrap/mixins/_background-variant.scss",
            "source_hash": null,
            "storage_class": "STANDARD",
            "tags": null,
            "tags_all": {},
            "version_id": "",
            "website_redirect": ""
          },
          "sensitive_attributes": [],
          "private": "bnVsbA==",
          "dependencies": [
            "module.static_website.aws_s3_bucket.this"
          ]
        },
        {
          "index_key": "sass/bootstrap/mixins/_border-radius.scss",
          "schema_version": 0,
          "attributes": {
            "acl": "private",
            "bucket": "aws-first-cloud-journey-69",
            "bucket_key_enabled": false,
            "cache_control": "",
            "content": null,
            "content_base64": null,
            "content_disposition": "",
            "content_encoding": "",
            "content_language": "",
            "content_type": "application/octet-stream",
            "etag": "88e9a7b563aa11357d7bfc114708b139",
            "force_destroy": false,
            "id": "sass/bootstrap/mixins/_border-radius.scss",
            "key": "sass/bootstrap/mixins/_border-radius.scss",
            "kms_key_id": null,
            "metadata": null,
            "object_lock_legal_hold_status": "",
            "object_lock_mode": "",
            "object_lock_retain_until_date": "",
            "server_side_encryption": "AES256",
            "source": "../../modules/storage/../../static-website/sass/bootstrap/mixins/_border-radius.scss",
            "source_hash": null,
            "storage_class": "STANDARD",
            "tags": null,
            "tags_all": {},
            "version_id": "",
            "website_redirect": ""
          },
          "sensitive_attributes": [],
          "private": "bnVsbA==",
          "dependencies": [
            "module.static_website.aws_s3_bucket.this"
          ]
        },
        {
          "index_key": "sass/bootstrap/mixins/_buttons.scss",
          "schema_version": 0,
          "attributes": {
            "acl": "private",
            "bucket": "aws-first-cloud-journey-69",
            "bucket_key_enabled": false,
            "cache_control": "",
            "content": null,
            "content_base64": null,
            "content_disposition": "",
            "content_encoding": "",
            "content_language": "",
            "content_type": "application/octet-stream",
            "etag": "9308e147a58312a6d3e7d5ad7b47950d",
            "force_destroy": false,
            "id": "sass/bootstrap/mixins/_buttons.scss",
            "key": "sass/bootstrap/mixins/_buttons.scss",
            "kms_key_id": null,
            "metadata": null,
            "object_lock_legal_hold_status": "",
            "object_lock_mode": "",
            "object_lock_retain_until_date": "",
            "server_side_encryption": "AES256",
            "source": "../../modules/storage/../../static-website/sass/bootstrap/mixins/_buttons.scss",
            "source_hash": null,
            "storage_class": "STANDARD",
            "tags": null,
            "tags_all": {},
            "version_id": "",
            "website_redirect": ""
          },
          "sensitive_attributes": [],
          "private": "bnVsbA==",
          "dependencies": [
            "module.static_website.aws_s3_bucket.this"
          ]
        },
        {
          "index_key": "sass/bootstrap/mixins/_center-block.scss",
          "schema_version": 0,
          "attributes": {
            "acl": "private",
            "bucket": "aws-first-cloud-journey-69",
            "bucket_key_enabled": false,
            "cache_control": "",
            "content": null,
            "content_base64": null,
            "content_disposition": "",
            "content_encoding": "",
            "content_language": "",
            "content_type": "application/octet-stream",
            "etag": "f284d54e569eba55aba017e4807b0820",
            "force_destroy": false,
            "id": "sass/bootstrap/mixins/_center-block.scss",
            "key": "sass/bootstrap/mixins/_center-block.scss",
            "kms_key_id": null,
            "metadata": null,
            "object_lock_legal_hold_status": "",
            "object_lock_mode": "",
            "object_lock_retain_until_date": "",
            "server_side_encryption": "AES256",
            "source": "../../modules/storage/../../static-website/sass/bootstrap/mixins/_center-block.scss",
            "source_hash": null,
            "storage_class": "STANDARD",
            "tags": null,
            "tags_all": {},
            "version_id": "",
            "website_redirect": ""
          },
          "sensitive_attributes": [],
          "private": "bnVsbA==",
          "dependencies": [
            "module.static_website.aws_s3_bucket.this"
          ]
        },
        {
          "index_key": "sass/bootstrap/mixins/_clearfix.scss",
          "schema_version": 0,
          "attributes": {
            "acl": "private",
            "bucket": "aws-first-cloud-journey-69",
            "bucket_key_enabled": false,
            "cache_control": "",
            "content": null,
            "content_base64": null,
            "content_disposition": "",
            "content_encoding": "",
            "content_language": "",
            "content_type": "application/octet-stream",
            "etag": "6fc90025fc80e49fd10100ee8c689c1d",
            "force_destroy": false,
            "id": "sass/bootstrap/mixins/_clearfix.scss",
            "key": "sass/bootstrap/mixins/_clearfix.scss",
            "kms_key_id": null,
            "metadata": null,
            "object_lock_legal_hold_status": "",
            "object_lock_mode": "",
            "object_lock_retain_until_date": "",
            "server_side_encryption": "AES256",
            "source": "../../modules/storage/../../static-website/sass/bootstrap/mixins/_clearfix.scss",
            "source_hash": null,
            "storage_class": "STANDARD",
            "tags": null,
            "tags_all": {},
            "version_id": "",
            "website_redirect": ""
          },
          "sensitive_attributes": [],
          "private": "bnVsbA==",
          "dependencies": [
            "module.static_website.aws_s3_bucket.this"
          ]
        },
        {
          "index_key": "sass/bootstrap/mixins/_forms.scss",
          "schema_version": 0,
          "attributes": {
            "acl": "private",
            "bucket": "aws-first-cloud-journey-69",
            "bucket_key_enabled": false,
            "cache_control": "",
            "content": null,
            "content_base64": null,
            "content_disposition": "",
            "content_encoding": "",
            "content_language": "",
            "content_type": "application/octet-stream",
            "etag": "8e74e8e7145cb98df17a275f800ea089",
            "force_destroy": false,
            "id": "sass/bootstrap/mixins/_forms.scss",
            "key": "sass/bootstrap/mixins/_forms.scss",
            "kms_key_id": null,
            "metadata": null,
            "object_lock_legal_hold_status": "",
            "object_lock_mode": "",
            "object_lock_retain_until_date": "",
            "server_side_encryption": "AES256",
            "source": "../../modules/storage/../../static-website/sass/bootstrap/mixins/_forms.scss",
            "source_hash": null,
            "storage_class": "STANDARD",
            "tags": null,
            "tags_all": {},
            "version_id": "",
            "website_redirect": ""
          },
          "sensitive_attributes": [],
          "private": "bnVsbA==",
          "dependencies": [
            "module.static_website.aws_s3_bucket.this"
          ]
        },
        {
          "index_key": "sass/bootstrap/mixins/_gradients.scss",
          "schema_version": 0,
          "attributes": {
            "acl": "private",
            "bucket": "aws-first-cloud-journey-69",
            "bucket_key_enabled": false,
            "cache_control": "",
            "content": null,
            "content_base64": null,
            "content_disposition": "",
            "content_encoding": "",
            "content_language": "",
            "content_type": "application/octet-stream",
            "etag": "c256e096c556db2471dd3c6c1516074c",
            "force_destroy": false,
            "id": "sass/bootstrap/mixins/_gradients.scss",
            "key": "sass/bootstrap/mixins/_gradients.scss",
            "kms_key_id": null,
            "metadata": null,
            "object_lock_legal_hold_status": "",
            "object_lock_mode": "",
            "object_lock_retain_until_date": "",
            "server_side_encryption": "AES256",
            "source": "../../modules/storage/../../static-website/sass/bootstrap/mixins/_gradients.scss",
            "source_hash": null,
            "storage_class": "STANDARD",
            "tags": null,
            "tags_all": {},
            "version_id": "",
            "website_redirect": ""
          },
          "sensitive_attributes": [],
          "private": "bnVsbA==",
          "dependencies": [
            "module.static_website.aws_s3_bucket.this"
          ]
        },
        {
          "index_key": "sass/bootstrap/mixins/_grid-framework.scss",
          "schema_version": 0,
          "attributes": {
            "acl": "private",
            "bucket": "aws-first-cloud-journey-69",
            "bucket_key_enabled": false,
            "cache_control": "",
            "content": null,
            "content_base64": null,
            "content_disposition": "",
            "content_encoding": "",
            "content_language": "",
            "content_type": "application/octet-stream",
            "etag": "c01cf53ad0c2700e4571691810e4674c",
            "force_destroy": false,
            "id": "sass/bootstrap/mixins/_grid-framework.scss",
            "key": "sass/bootstrap/mixins/_grid-framework.scss",
            "kms_key_id": null,
            "metadata": null,
            "object_lock_legal_hold_status": "",
            "object_lock_mode": "",
            "object_lock_retain_until_date": "",
            "server_side_encryption": "AES256",
            "source": "../../modules/storage/../../static-website/sass/bootstrap/mixins/_grid-framework.scss",
            "source_hash": null,
            "storage_class": "STANDARD",
            "tags": null,
            "tags_all": {},
            "version_id": "",
            "website_redirect": ""
          },
          "sensitive_attributes": [],
          "private": "bnVsbA==",
          "dependencies": [
            "module.static_website.aws_s3_bucket.this"
          ]
        },
        {
          "index_key": "sass/bootstrap/mixins/_grid.scss",
          "schema_version": 0,
          "attributes": {
            "acl": "private",
            "bucket": "aws-first-cloud-journey-69",
            "bucket_key_enabled": false,
            "cache_control": "",
            "content": null,
            "content_base64": null,
            "content_disposition": "",
            "content_encoding": "",
            "content_language": "",
            "content_type": "application/octet-stream",
            "etag": "828243f1ad7096f947e726b748200cf1",
            "force_destroy": false,
            "id": "sass/bootstrap/mixins/_grid.scss",
            "key": "sass/bootstrap/mixins/_grid.scss",
            "kms_key_id": null,
            "metadata": null,
            "object_lock_legal_hold_status": "",
            "object_lock_mode": "",
            "object_lock_retain_until_date": "",
            "server_side_encryption": "AES256",
            "source": "../../modules/storage/../../static-website/sass/bootstrap/mixins/_grid.scss",
            "source_hash": null,
            "storage_class": "STANDARD",
            "tags": null,
            "tags_all": {},
            "version_id": "",
            "website_redirect": ""
          },
          "sensitive_attributes": [],
          "private": "bnVsbA==",
          "dependencies": [
            "module.static_website.aws_s3_bucket.this"
          ]
        },
        {
          "index_key": "sass/bootstrap/mixins/_hide-text.scss",
          "schema_version": 0,
          "attributes": {
            "acl": "private",
            "bucket": "aws-first-cloud-journey-69",
            "bucket_key_enabled": false,
            "cache_control": "",
            "content": null,
            "content_base64": null,
            "content_disposition": "",
            "content_encoding": "",
            "content_language": "",
            "content_type": "application/octet-stream",
            "etag": "418c58bf3ee53cf5f50f96c691d5f7c1",
            "force_destroy": false,
            "id": "sass/bootstrap/mixins/_hide-text.scss",
            "key": "sass/bootstrap/mixins/_hide-text.scss",
            "kms_key_id": null,
            "metadata": null,
            "object_lock_legal_hold_status": "",
            "object_lock_mode": "",
            "object_lock_retain_until_date": "",
            "server_side_encryption": "AES256",
            "source": "../../modules/storage/../../static-website/sass/bootstrap/mixins/_hide-text.scss",
            "source_hash": null,
            "storage_class": "STANDARD",
            "tags": null,
            "tags_all": {},
            "version_id": "",
            "website_redirect": ""
          },
          "sensitive_attributes": [],
          "private": "bnVsbA==",
          "dependencies": [
            "module.static_website.aws_s3_bucket.this"
          ]
        },
        {
          "index_key": "sass/bootstrap/mixins/_image.scss",
          "schema_version": 0,
          "attributes": {
            "acl": "private",
            "bucket": "aws-first-cloud-journey-69",
            "bucket_key_enabled": false,
            "cache_control": "",
            "content": null,
            "content_base64": null,
            "content_disposition": "",
            "content_encoding": "",
            "content_language": "",
            "content_type": "application/octet-stream",
            "etag": "1c7ab3b18895dad2de80f0dd11d13577",
            "force_destroy": false,
            "id": "sass/bootstrap/mixins/_image.scss",
            "key": "sass/bootstrap/mixins/_image.scss",
            "kms_key_id": null,
            "metadata": null,
            "object_lock_legal_hold_status": "",
            "object_lock_mode": "",
            "object_lock_retain_until_date": "",
            "server_side_encryption": "AES256",
            "source": "../../modules/storage/../../static-website/sass/bootstrap/mixins/_image.scss",
            "source_hash": null,
            "storage_class": "STANDARD",
            "tags": null,
            "tags_all": {},
            "version_id": "",
            "website_redirect": ""
          },
          "sensitive_attributes": [],
          "private": "bnVsbA==",
          "dependencies": [
            "module.static_website.aws_s3_bucket.this"
          ]
        },
        {
          "index_key": "sass/bootstrap/mixins/_labels.scss",
          "schema_version": 0,
          "attributes": {
            "acl": "private",
            "bucket": "aws-first-cloud-journey-69",
            "bucket_key_enabled": false,
            "cache_control": "",
            "content": null,
            "content_base64": null,
            "content_disposition": "",
            "content_encoding": "",
            "content_language": "",
            "content_type": "application/octet-stream",
            "etag": "80f2187ccdda40c712cd2dbfb8d7a405",
            "force_destroy": false,
            "id": "sass/bootstrap/mixins/_labels.scss",
            "key": "sass/bootstrap/mixins/_labels.scss",
            "kms_key_id": null,
            "metadata": null,
            "object_lock_legal_hold_status": "",
            "object_lock_mode": "",
            "object_lock_retain_until_date": "",
            "server_side_encryption": "AES256",
            "source": "../../modules/storage/../../static-website/sass/bootstrap/mixins/_labels.scss",
            "source_hash": null,
            "storage_class": "STANDARD",
            "tags": null,
            "tags_all": {},
            "version_id": "",
            "website_redirect": ""
          },
          "sensitive_attributes": [],
          "private": "bnVsbA==",
          "dependencies": [
            "module.static_website.aws_s3_bucket.this"
          ]
        },
        {
          "index_key": "sass/bootstrap/mixins/_list-group.scss",
          "schema_version": 0,
          "attributes": {
            "acl": "private",
            "bucket": "aws-first-cloud-journey-69",
            "bucket_key_enabled": false,
            "cache_control": "",
            "content": null,
            "content_base64": null,
            "content_disposition": "",
            "content_encoding": "",
            "content_language": "",
            "content_type": "application/octet-stream",
            "etag": "55c07e91ca263fe6adf74c2dd0d96a39",
            "force_destroy": false,
            "id": "sass/bootstrap/mixins/_list-group.scss",
            "key": "sass/bootstrap/mixins/_list-group.scss",
            "kms_key_id": null,
            "metadata": null,
            "object_lock_legal_hold_status": "",
            "object_lock_mode": "",
            "object_lock_retain_until_date": "",
            "server_side_encryption": "AES256",
            "source": "../../modules/storage/../../static-website/sass/bootstrap/mixins/_list-group.scss",
            "source_hash": null,
            "storage_class": "STANDARD",
            "tags": null,
            "tags_all": {},
            "version_id": "",
            "website_redirect": ""
          },
          "sensitive_attributes": [],
          "private": "bnVsbA==",
          "dependencies": [
            "module.static_website.aws_s3_bucket.this"
          ]
        },
        {
          "index_key": "sass/bootstrap/mixins/_nav-divider.scss",
          "schema_version": 0,
          "attributes": {
            "acl": "private",
            "bucket": "aws-first-cloud-journey-69",
            "bucket_key_enabled": false,
            "cache_control": "",
            "content": null,
            "content_base64": null,
            "content_disposition": "",
            "content_encoding": "",
            "content_language": "",
            "content_type": "application/octet-stream",
            "etag": "d9d1e810eff80b30acc3a03bf346820f",
            "force_destroy": false,
            "id": "sass/bootstrap/mixins/_nav-divider.scss",
            "key": "sass/bootstrap/mixins/_nav-divider.scss",
            "kms_key_id": null,
            "metadata": null,
            "object_lock_legal_hold_status": "",
            "object_lock_mode": "",
            "object_lock_retain_until_date": "",
            "server_side_encryption": "AES256",
            "source": "../../modules/storage/../../static-website/sass/bootstrap/mixins/_nav-divider.scss",
            "source_hash": null,
            "storage_class": "STANDARD",
            "tags": null,
            "tags_all": {},
            "version_id": "",
            "website_redirect": ""
          },
          "sensitive_attributes": [],
          "private": "bnVsbA==",
          "dependencies": [
            "module.static_website.aws_s3_bucket.this"
          ]
        },
        {
          "index_key": "sass/bootstrap/mixins/_nav-vertical-align.scss",
          "schema_version": 0,
          "attributes": {
            "acl": "private",
            "bucket": "aws-first-cloud-journey-69",
            "bucket_key_enabled": false,
            "cache_control": "",
            "content": null,
            "content_base64": null,
            "content_disposition": "",
            "content_encoding": "",
            "content_language": "",
            "content_type": "application/octet-stream",
            "etag": "5cbd9ed72043e13491d9584c6bed5b1c",
            "force_destroy": false,
            "id": "sass/bootstrap/mixins/_nav-vertical-align.scss",
            "key": "sass/bootstrap/mixins/_nav-vertical-align.scss",
            "kms_key_id": null,
            "metadata": null,
            "object_lock_legal_hold_status": "",
            "object_lock_mode": "",
            "object_lock_retain_until_date": "",
            "server_side_encryption": "AES256",
            "source": "../../modules/storage/../../static-website/sass/bootstrap/mixins/_nav-vertical-align.scss",
            "source_hash": null,
            "storage_class": "STANDARD",
            "tags": null,
            "tags_all": {},
            "version_id": "",
            "website_redirect": ""
          },
          "sensitive_attributes": [],
          "private": "bnVsbA==",
          "dependencies": [
            "module.static_website.aws_s3_bucket.this"
          ]
        },
        {
          "index_key": "sass/bootstrap/mixins/_opacity.scss",
          "schema_version": 0,
          "attributes": {
            "acl": "private",
            "bucket": "aws-first-cloud-journey-69",
            "bucket_key_enabled": false,
            "cache_control": "",
            "content": null,
            "content_base64": null,
            "content_disposition": "",
            "content_encoding": "",
            "content_language": "",
            "content_type": "application/octet-stream",
            "etag": "39a203bc3a8cd9f7b13ac7608074a6af",
            "force_destroy": false,
            "id": "sass/bootstrap/mixins/_opacity.scss",
            "key": "sass/bootstrap/mixins/_opacity.scss",
            "kms_key_id": null,
            "metadata": null,
            "object_lock_legal_hold_status": "",
            "object_lock_mode": "",
            "object_lock_retain_until_date": "",
            "server_side_encryption": "AES256",
            "source": "../../modules/storage/../../static-website/sass/bootstrap/mixins/_opacity.scss",
            "source_hash": null,
            "storage_class": "STANDARD",
            "tags": null,
            "tags_all": {},
            "version_id": "",
            "website_redirect": ""
          },
          "sensitive_attributes": [],
          "private": "bnVsbA==",
          "dependencies": [
            "module.static_website.aws_s3_bucket.this"
          ]
        },
        {
          "index_key": "sass/bootstrap/mixins/_pagination.scss",
          "schema_version": 0,
          "attributes": {
            "acl": "private",
            "bucket": "aws-first-cloud-journey-69",
            "bucket_key_enabled": false,
            "cache_control": "",
            "content": null,
            "content_base64": null,
            "content_disposition": "",
            "content_encoding": "",
            "content_language": "",
            "content_type": "application/octet-stream",
            "etag": "34784d1e98ba522b0f47c72fa69c4f62",
            "force_destroy": false,
            "id": "sass/bootstrap/mixins/_pagination.scss",
            "key": "sass/bootstrap/mixins/_pagination.scss",
            "kms_key_id": null,
            "metadata": null,
            "object_lock_legal_hold_status": "",
            "object_lock_mode": "",
            "object_lock_retain_until_date": "",
            "server_side_encryption": "AES256",
            "source": "../../modules/storage/../../static-website/sass/bootstrap/mixins/_pagination.scss",
            "source_hash": null,
            "storage_class": "STANDARD",
            "tags": null,
            "tags_all": {},
            "version_id": "",
            "website_redirect": ""
          },
          "sensitive_attributes": [],
          "private": "bnVsbA==",
          "dependencies": [
            "module.static_website.aws_s3_bucket.this"
          ]
        },
        {
          "index_key": "sass/bootstrap/mixins/_panels.scss",
          "schema_version": 0,
          "attributes": {
            "acl": "private",
            "bucket": "aws-first-cloud-journey-69",
            "bucket_key_enabled": false,
            "cache_control": "",
            "content": null,
            "content_base64": null,
            "content_disposition": "",
            "content_encoding": "",
            "content_language": "",
            "content_type": "application/octet-stream",
            "etag": "b1038d1728d6b1af90add852cecc7d5d",
            "force_destroy": false,
            "id": "sass/bootstrap/mixins/_panels.scss",
            "key": "sass/bootstrap/mixins/_panels.scss",
            "kms_key_id": null,
            "metadata": null,
            "object_lock_legal_hold_status": "",
            "object_lock_mode": "",
            "object_lock_retain_until_date": "",
            "server_side_encryption": "AES256",
            "source": "../../modules/storage/../../static-website/sass/bootstrap/mixins/_panels.scss",
            "source_hash": null,
            "storage_class": "STANDARD",
            "tags": null,
            "tags_all": {},
            "version_id": "",
            "website_redirect": ""
          },
          "sensitive_attributes": [],
          "private": "bnVsbA==",
          "dependencies": [
            "module.static_website.aws_s3_bucket.this"
          ]
        },
        {
          "index_key": "sass/bootstrap/mixins/_progress-bar.scss",
          "schema_version": 0,
          "attributes": {
            "acl": "private",
            "bucket": "aws-first-cloud-journey-69",
            "bucket_key_enabled": false,
            "cache_control": "",
            "content": null,
            "content_base64": null,
            "content_disposition": "",
            "content_encoding": "",
            "content_language": "",
            "content_type": "application/octet-stream",
            "etag": "dd436b8aad1c620e630f6bbbbe373c88",
            "force_destroy": false,
            "id": "sass/bootstrap/mixins/_progress-bar.scss",
            "key": "sass/bootstrap/mixins/_progress-bar.scss",
            "kms_key_id": null,
            "metadata": null,
            "object_lock_legal_hold_status": "",
            "object_lock_mode": "",
            "object_lock_retain_until_date": "",
            "server_side_encryption": "AES256",
            "source": "../../modules/storage/../../static-website/sass/bootstrap/mixins/_progress-bar.scss",
            "source_hash": null,
            "storage_class": "STANDARD",
            "tags": null,
            "tags_all": {},
            "version_id": "",
            "website_redirect": ""
          },
          "sensitive_attributes": [],
          "private": "bnVsbA==",
          "dependencies": [
            "module.static_website.aws_s3_bucket.this"
          ]
        },
        {
          "index_key": "sass/bootstrap/mixins/_reset-filter.scss",
          "schema_version": 0,
          "attributes": {
            "acl": "private",
            "bucket": "aws-first-cloud-journey-69",
            "bucket_key_enabled": false,
            "cache_control": "",
            "content": null,
            "content_base64": null,
            "content_disposition": "",
            "content_encoding": "",
            "content_language": "",
            "content_type": "application/octet-stream",
            "etag": "d2eb7cc1c9a267efed34fedabec65a9f",
            "force_destroy": false,
            "id": "sass/bootstrap/mixins/_reset-filter.scss",
            "key": "sass/bootstrap/mixins/_reset-filter.scss",
            "kms_key_id": null,
            "metadata": null,
            "object_lock_legal_hold_status": "",
            "object_lock_mode": "",
            "object_lock_retain_until_date": "",
            "server_side_encryption": "AES256",
            "source": "../../modules/storage/../../static-website/sass/bootstrap/mixins/_reset-filter.scss",
            "source_hash": null,
            "storage_class": "STANDARD",
            "tags": null,
            "tags_all": {},
            "version_id": "",
            "website_redirect": ""
          },
          "sensitive_attributes": [],
          "private": "bnVsbA==",
          "dependencies": [
            "module.static_website.aws_s3_bucket.this"
          ]
        },
        {
          "index_key": "sass/bootstrap/mixins/_reset-text.scss",
          "schema_version": 0,
          "attributes": {
            "acl": "private",
            "bucket": "aws-first-cloud-journey-69",
            "bucket_key_enabled": false,
            "cache_control": "",
            "content": null,
            "content_base64": null,
            "content_disposition": "",
            "content_encoding": "",
            "content_language": "",
            "content_type": "application/octet-stream",
            "etag": "86e9bbc6877d6ff51ec6dbfc1a8e4034",
            "force_destroy": false,
            "id": "sass/bootstrap/mixins/_reset-text.scss",
            "key": "sass/bootstrap/mixins/_reset-text.scss",
            "kms_key_id": null,
            "metadata": null,
            "object_lock_legal_hold_status": "",
            "object_lock_mode": "",
            "object_lock_retain_until_date": "",
            "server_side_encryption": "AES256",
            "source": "../../modules/storage/../../static-website/sass/bootstrap/mixins/_reset-text.scss",
            "source_hash": null,
            "storage_class": "STANDARD",
            "tags": null,
            "tags_all": {},
            "version_id": "",
            "website_redirect": ""
          },
          "sensitive_attributes": [],
          "private": "bnVsbA==",
          "dependencies": [
            "module.static_website.aws_s3_bucket.this"
          ]
        },
        {
          "index_key": "sass/bootstrap/mixins/_resize.scss",
          "schema_version": 0,
          "attributes": {
            "acl": "private",
            "bucket": "aws-first-cloud-journey-69",
            "bucket_key_enabled": false,
            "cache_control": "",
            "content": null,
            "content_base64": null,
            "content_disposition": "",
            "content_encoding": "",
            "content_language": "",
            "content_type": "application/octet-stream",
            "etag": "a377ab0a14e899c6433cd29c2e14a978",
            "force_destroy": false,
            "id": "sass/bootstrap/mixins/_resize.scss",
            "key": "sass/bootstrap/mixins/_resize.scss",
            "kms_key_id": null,
            "metadata": null,
            "object_lock_legal_hold_status": "",
            "object_lock_mode": "",
            "object_lock_retain_until_date": "",
            "server_side_encryption": "AES256",
            "source": "../../modules/storage/../../static-website/sass/bootstrap/mixins/_resize.scss",
            "source_hash": null,
            "storage_class": "STANDARD",
            "tags": null,
            "tags_all": {},
            "version_id": "",
            "website_redirect": ""
          },
          "sensitive_attributes": [],
          "private": "bnVsbA==",
          "dependencies": [
            "module.static_website.aws_s3_bucket.this"
          ]
        },
        {
          "index_key": "sass/bootstrap/mixins/_responsive-visibility.scss",
          "schema_version": 0,
          "attributes": {
            "acl": "private",
            "bucket": "aws-first-cloud-journey-69",
            "bucket_key_enabled": false,
            "cache_control": "",
            "content": null,
            "content_base64": null,
            "content_disposition": "",
            "content_encoding": "",
            "content_language": "",
            "content_type": "application/octet-stream",
            "etag": "4af4d79bbc3b9ee602cb584c23019fc5",
            "force_destroy": false,
            "id": "sass/bootstrap/mixins/_responsive-visibility.scss",
            "key": "sass/bootstrap/mixins/_responsive-visibility.scss",
            "kms_key_id": null,
            "metadata": null,
            "object_lock_legal_hold_status": "",
            "object_lock_mode": "",
            "object_lock_retain_until_date": "",
            "server_side_encryption": "AES256",
            "source": "../../modules/storage/../../static-website/sass/bootstrap/mixins/_responsive-visibility.scss",
            "source_hash": null,
            "storage_class": "STANDARD",
            "tags": null,
            "tags_all": {},
            "version_id": "",
            "website_redirect": ""
          },
          "sensitive_attributes": [],
          "private": "bnVsbA==",
          "dependencies": [
            "module.static_website.aws_s3_bucket.this"
          ]
        },
        {
          "index_key": "sass/bootstrap/mixins/_size.scss",
          "schema_version": 0,
          "attributes": {
            "acl": "private",
            "bucket": "aws-first-cloud-journey-69",
            "bucket_key_enabled": false,
            "cache_control": "",
            "content": null,
            "content_base64": null,
            "content_disposition": "",
            "content_encoding": "",
            "content_language": "",
            "content_type": "application/octet-stream",
            "etag": "6de6854a356f52a6fa7f939c87f137d0",
            "force_destroy": false,
            "id": "sass/bootstrap/mixins/_size.scss",
            "key": "sass/bootstrap/mixins/_size.scss",
            "kms_key_id": null,
            "metadata": null,
            "object_lock_legal_hold_status": "",
            "object_lock_mode": "",
            "object_lock_retain_until_date": "",
            "server_side_encryption": "AES256",
            "source": "../../modules/storage/../../static-website/sass/bootstrap/mixins/_size.scss",
            "source_hash": null,
            "storage_class": "STANDARD",
            "tags": null,
            "tags_all": {},
            "version_id": "",
            "website_redirect": ""
          },
          "sensitive_attributes": [],
          "private": "bnVsbA==",
          "dependencies": [
            "module.static_website.aws_s3_bucket.this"
          ]
        },
        {
          "index_key": "sass/bootstrap/mixins/_tab-focus.scss",
          "schema_version": 0,
          "attributes": {
            "acl": "private",
            "bucket": "aws-first-cloud-journey-69",
            "bucket_key_enabled": false,
            "cache_control": "",
            "content": null,
            "content_base64": null,
            "content_disposition": "",
            "content_encoding": "",
            "content_language": "",
            "content_type": "application/octet-stream",
            "etag": "2dab79127e3b0e124855d44007df87da",
            "force_destroy": false,
            "id": "sass/bootstrap/mixins/_tab-focus.scss",
            "key": "sass/bootstrap/mixins/_tab-focus.scss",
            "kms_key_id": null,
            "metadata": null,
            "object_lock_legal_hold_status": "",
            "object_lock_mode": "",
            "object_lock_retain_until_date": "",
            "server_side_encryption": "AES256",
            "source": "../../modules/storage/../../static-website/sass/bootstrap/mixins/_tab-focus.scss",
            "source_hash": null,
            "storage_class": "STANDARD",
            "tags": null,
            "tags_all": {},
            "version_id": "",
            "website_redirect": ""
          },
          "sensitive_attributes": [],
          "private": "bnVsbA==",
          "dependencies": [
            "module.static_website.aws_s3_bucket.this"
          ]
        },
        {
          "index_key": "sass/bootstrap/mixins/_table-row.scss",
          "schema_version": 0,
          "attributes": {
            "acl": "private",
            "bucket": "aws-first-cloud-journey-69",
            "bucket_key_enabled": false,
            "cache_control": "",
            "content": null,
            "content_base64": null,
            "content_disposition": "",
            "content_encoding": "",
            "content_language": "",
            "content_type": "application/octet-stream",
            "etag": "1ae5e672aaea920528aab0739d2ed229",
            "force_destroy": false,
            "id": "sass/bootstrap/mixins/_table-row.scss",
            "key": "sass/bootstrap/mixins/_table-row.scss",
            "kms_key_id": null,
            "metadata": null,
            "object_lock_legal_hold_status": "",
            "object_lock_mode": "",
            "object_lock_retain_until_date": "",
            "server_side_encryption": "AES256",
            "source": "../../modules/storage/../../static-website/sass/bootstrap/mixins/_table-row.scss",
            "source_hash": null,
            "storage_class": "STANDARD",
            "tags": null,
            "tags_all": {},
            "version_id": "",
            "website_redirect": ""
          },
          "sensitive_attributes": [],
          "private": "bnVsbA==",
          "dependencies": [
            "module.static_website.aws_s3_bucket.this"
          ]
        },
        {
          "index_key": "sass/bootstrap/mixins/_text-emphasis.scss",
          "schema_version": 0,
          "attributes": {
            "acl": "private",
            "bucket": "aws-first-cloud-journey-69",
            "bucket_key_enabled": false,
            "cache_control": "",
            "content": null,
            "content_base64": null,
            "content_disposition": "",
            "content_encoding": "",
            "content_language": "",
            "content_type": "application/octet-stream",
            "etag": "854502c2432fb098fb556666c69350b0",
            "force_destroy": false,
            "id": "sass/bootstrap/mixins/_text-emphasis.scss",
            "key": "sass/bootstrap/mixins/_text-emphasis.scss",
            "kms_key_id": null,
            "metadata": null,
            "object_lock_legal_hold_status": "",
            "object_lock_mode": "",
            "object_lock_retain_until_date": "",
            "server_side_encryption": "AES256",
            "source": "../../modules/storage/../../static-website/sass/bootstrap/mixins/_text-emphasis.scss",
            "source_hash": null,
            "storage_class": "STANDARD",
            "tags": null,
            "tags_all": {},
            "version_id": "",
            "website_redirect": ""
          },
          "sensitive_attributes": [],
          "private": "bnVsbA==",
          "dependencies": [
            "module.static_website.aws_s3_bucket.this"
          ]
        },
        {
          "index_key": "sass/bootstrap/mixins/_text-overflow.scss",
          "schema_version": 0,
          "attributes": {
            "acl": "private",
            "bucket": "aws-first-cloud-journey-69",
            "bucket_key_enabled": false,
            "cache_control": "",
            "content": null,
            "content_base64": null,
            "content_disposition": "",
            "content_encoding": "",
            "content_language": "",
            "content_type": "application/octet-stream",
            "etag": "0bb73f191da9ea556ddab98d304cbaed",
            "force_destroy": false,
            "id": "sass/bootstrap/mixins/_text-overflow.scss",
            "key": "sass/bootstrap/mixins/_text-overflow.scss",
            "kms_key_id": null,
            "metadata": null,
            "object_lock_legal_hold_status": "",
            "object_lock_mode": "",
            "object_lock_retain_until_date": "",
            "server_side_encryption": "AES256",
            "source": "../../modules/storage/../../static-website/sass/bootstrap/mixins/_text-overflow.scss",
            "source_hash": null,
            "storage_class": "STANDARD",
            "tags": null,
            "tags_all": {},
            "version_id": "",
            "website_redirect": ""
          },
          "sensitive_attributes": [],
          "private": "bnVsbA==",
          "dependencies": [
            "module.static_website.aws_s3_bucket.this"
          ]
        },
        {
          "index_key": "sass/bootstrap/mixins/_vendor-prefixes.scss",
          "schema_version": 0,
          "attributes": {
            "acl": "private",
            "bucket": "aws-first-cloud-journey-69",
            "bucket_key_enabled": false,
            "cache_control": "",
            "content": null,
            "content_base64": null,
            "content_disposition": "",
            "content_encoding": "",
            "content_language": "",
            "content_type": "application/octet-stream",
            "etag": "f2fb38a149f47dc26fc28904b8425d62",
            "force_destroy": false,
            "id": "sass/bootstrap/mixins/_vendor-prefixes.scss",
            "key": "sass/bootstrap/mixins/_vendor-prefixes.scss",
            "kms_key_id": null,
            "metadata": null,
            "object_lock_legal_hold_status": "",
            "object_lock_mode": "",
            "object_lock_retain_until_date": "",
            "server_side_encryption": "AES256",
            "source": "../../modules/storage/../../static-website/sass/bootstrap/mixins/_vendor-prefixes.scss",
            "source_hash": null,
            "storage_class": "STANDARD",
            "tags": null,
            "tags_all": {},
            "version_id": "",
            "website_redirect": ""
          },
          "sensitive_attributes": [],
          "private": "bnVsbA==",
          "dependencies": [
            "module.static_website.aws_s3_bucket.this"
          ]
        },
        {
          "index_key": "sass/style.scss",
          "schema_version": 0,
          "attributes": {
            "acl": "private",
            "bucket": "aws-first-cloud-journey-69",
            "bucket_key_enabled": false,
            "cache_control": "",
            "content": null,
            "content_base64": null,
            "content_disposition": "",
            "content_encoding": "",
            "content_language": "",
            "content_type": "application/octet-stream",
            "etag": "1b74be09a4fd009cfc6ea237d22f993a",
            "force_destroy": false,
            "id": "sass/style.scss",
            "key": "sass/style.scss",
            "kms_key_id": null,
            "metadata": null,
            "object_lock_legal_hold_status": "",
            "object_lock_mode": "",
            "object_lock_retain_until_date": "",
            "server_side_encryption": "AES256",
            "source": "../../modules/storage/../../static-website/sass/style.scss",
            "source_hash": null,
            "storage_class": "STANDARD",
            "tags": null,
            "tags_all": {},
            "version_id": "",
            "website_redirect": ""
          },
          "sensitive_attributes": [],
          "private": "bnVsbA==",
          "dependencies": [
            "module.static_website.aws_s3_bucket.this"
          ]
        },
        {
          "index_key": "services.html",
          "schema_version": 0,
          "attributes": {
            "acl": "private",
            "bucket": "aws-first-cloud-journey-69",
            "bucket_key_enabled": false,
            "cache_control": "",
            "content": null,
            "content_base64": null,
            "content_disposition": "",
            "content_encoding": "",
            "content_language": "",
            "content_type": "text/html; charset=utf-8",
            "etag": "d4a551153c3c105540b1e4d2a830e637",
            "force_destroy": false,
            "id": "services.html",
            "key": "services.html",
            "kms_key_id": null,
            "metadata": null,
            "object_lock_legal_hold_status": "",
            "object_lock_mode": "",
            "object_lock_retain_until_date": "",
            "server_side_encryption": "AES256",
            "source": "../../modules/storage/../../static-website/services.html",
            "source_hash": null,
            "storage_class": "STANDARD",
            "tags": null,
            "tags_all": {},
            "version_id": "",
            "website_redirect": ""
          },
          "sensitive_attributes": [],
          "private": "bnVsbA==",
          "dependencies": [
            "module.static_website.aws_s3_bucket.this"
          ]
        },
        {
          "index_key": "tour-place.html",
          "schema_version": 0,
          "attributes": {
            "acl": "private",
            "bucket": "aws-first-cloud-journey-69",
            "bucket_key_enabled": false,
            "cache_control": "",
            "content": null,
            "content_base64": null,
            "content_disposition": "",
            "content_encoding": "",
            "content_language": "",
            "content_type": "text/html; charset=utf-8",
            "etag": "d8a5a7fe7eb97a7d1f1a75951e1e437d",
            "force_destroy": false,
            "id": "tour-place.html",
            "key": "tour-place.html",
            "kms_key_id": null,
            "metadata": null,
            "object_lock_legal_hold_status": "",
            "object_lock_mode": "",
            "object_lock_retain_until_date": "",
            "server_side_encryption": "AES256",
            "source": "../../modules/storage/../../static-website/tour-place.html",
            "source_hash": null,
            "storage_class": "STANDARD",
            "tags": null,
            "tags_all": {},
            "version_id": "",
            "website_redirect": ""
          },
          "sensitive_attributes": [],
          "private": "bnVsbA==",
          "dependencies": [
            "module.static_website.aws_s3_bucket.this"
          ]
        },
        {
          "index_key": "tours.html",
          "schema_version": 0,
          "attributes": {
            "acl": "private",
            "bucket": "aws-first-cloud-journey-69",
            "bucket_key_enabled": false,
            "cache_control": "",
            "content": null,
            "content_base64": null,
            "content_disposition": "",
            "content_encoding": "",
            "content_language": "",
            "content_type": "text/html; charset=utf-8",
            "etag": "f5bdd093325c04d3469c4f4a0ba5824d",
            "force_destroy": false,
            "id": "tours.html",
            "key": "tours.html",
            "kms_key_id": null,
            "metadata": null,
            "object_lock_legal_hold_status": "",
            "object_lock_mode": "",
            "object_lock_retain_until_date": "",
            "server_side_encryption": "AES256",
            "source": "../../modules/storage/../../static-website/tours.html",
            "source_hash": null,
            "storage_class": "STANDARD",
            "tags": null,
            "tags_all": {},
            "version_id": "",
            "website_redirect": ""
          },
          "sensitive_attributes": [],
          "private": "bnVsbA==",
          "dependencies": [
            "module.static_website.aws_s3_bucket.this"
          ]
        }
      ]
    }
  ],
  "check_results": null
}
