{
  "version": 4,
  "terraform_version": "1.6.5",
  "serial": 3,
  "lineage": "3582dd16-f3f7-bc3e-1988-b2a1683f8524",
  "outputs": {},
  "resources": [
    {
      "module": "module.cloud9_environment",
      "mode": "managed",
      "type": "aws_cloud9_environment_ec2",
      "name": "this",
      "provider": "provider[\"registry.terraform.io/hashicorp/aws\"]",
      "instances": [
        {
          "schema_version": 0,
          "attributes": {
            "arn": "arn:aws:cloud9:us-east-1:680885972474:environment:92d0be6fc1434536bd169a6502b575f1",
            "automatic_stop_time_minutes": 30,
            "connection_type": "CONNECT_SSH",
            "description": "",
            "id": "92d0be6fc1434536bd169a6502b575f1",
            "image_id": "amazonlinux-1-x86_64",
            "instance_type": "t2.micro",
            "name": "cloud9instance",
            "owner_arn": "arn:aws:iam::680885972474:user/iamadmin",
            "subnet_id": null,
            "tags": null,
            "tags_all": {},
            "type": "ec2"
          },
          "sensitive_attributes": [],
          "private": "bnVsbA=="
        }
      ]
    }
  ],
  "check_results": null
}
